// !$*UTF8*$!
{
	archiveVersion = 1;
	classes = {
	};
	objectVersion = 46;
	objects = {

/* Begin PBXBuildFile section */
		D804815715E6BD9900E0DC77 /* UIKit.framework in Frameworks */ = {isa = PBXBuildFile; fileRef = D804815615E6BD9900E0DC77 /* UIKit.framework */; };
		D804815915E6BD9900E0DC77 /* Foundation.framework in Frameworks */ = {isa = PBXBuildFile; fileRef = D804815815E6BD9900E0DC77 /* Foundation.framework */; };
		D804815B15E6BD9900E0DC77 /* CoreGraphics.framework in Frameworks */ = {isa = PBXBuildFile; fileRef = D804815A15E6BD9900E0DC77 /* CoreGraphics.framework */; };
		D804816115E6BD9900E0DC77 /* InfoPlist.strings in Resources */ = {isa = PBXBuildFile; fileRef = D804815F15E6BD9900E0DC77 /* InfoPlist.strings */; };
		D804816315E6BD9900E0DC77 /* main.m in Sources */ = {isa = PBXBuildFile; fileRef = D804816215E6BD9900E0DC77 /* main.m */; };
		D804816715E6BD9900E0DC77 /* AppDelegate.m in Sources */ = {isa = PBXBuildFile; fileRef = D804816615E6BD9900E0DC77 /* AppDelegate.m */; };
		D804816A15E6BD9900E0DC77 /* ViewController.m in Sources */ = {isa = PBXBuildFile; fileRef = D804816915E6BD9900E0DC77 /* ViewController.m */; };
		D804816D15E6BD9900E0DC77 /* ViewController_iPhone.xib in Resources */ = {isa = PBXBuildFile; fileRef = D804816B15E6BD9900E0DC77 /* ViewController_iPhone.xib */; };
		D804817015E6BD9900E0DC77 /* ViewController_iPad.xib in Resources */ = {isa = PBXBuildFile; fileRef = D804816E15E6BD9900E0DC77 /* ViewController_iPad.xib */; };
		D804817815E6BD9900E0DC77 /* SenTestingKit.framework in Frameworks */ = {isa = PBXBuildFile; fileRef = D804817715E6BD9900E0DC77 /* SenTestingKit.framework */; };
		D804817915E6BD9900E0DC77 /* UIKit.framework in Frameworks */ = {isa = PBXBuildFile; fileRef = D804815615E6BD9900E0DC77 /* UIKit.framework */; };
		D804817A15E6BD9900E0DC77 /* Foundation.framework in Frameworks */ = {isa = PBXBuildFile; fileRef = D804815815E6BD9900E0DC77 /* Foundation.framework */; };
		D804818215E6BD9900E0DC77 /* InfoPlist.strings in Resources */ = {isa = PBXBuildFile; fileRef = D804818015E6BD9900E0DC77 /* InfoPlist.strings */; };
		D804818515E6BD9900E0DC77 /* testAppTests.m in Sources */ = {isa = PBXBuildFile; fileRef = D804818415E6BD9900E0DC77 /* testAppTests.m */; };
/* End PBXBuildFile section */

/* Begin PBXContainerItemProxy section */
		D804817B15E6BD9900E0DC77 /* PBXContainerItemProxy */ = {
			isa = PBXContainerItemProxy;
			containerPortal = D804814915E6BD9800E0DC77 /* Project object */;
			proxyType = 1;
			remoteGlobalIDString = D804815115E6BD9800E0DC77;
			remoteInfo = testApp;
		};
/* End PBXContainerItemProxy section */

/* Begin PBXFileReference section */
		D804815215E6BD9800E0DC77 /* testApp.app */ = {isa = PBXFileReference; explicitFileType = wrapper.application; includeInIndex = 0; path = testApp.app; sourceTree = BUILT_PRODUCTS_DIR; };
		D804815615E6BD9900E0DC77 /* UIKit.framework */ = {isa = PBXFileReference; lastKnownFileType = wrapper.framework; name = UIKit.framework; path = System/Library/Frameworks/UIKit.framework; sourceTree = SDKROOT; };
		D804815815E6BD9900E0DC77 /* Foundation.framework */ = {isa = PBXFileReference; lastKnownFileType = wrapper.framework; name = Foundation.framework; path = System/Library/Frameworks/Foundation.framework; sourceTree = SDKROOT; };
		D804815A15E6BD9900E0DC77 /* CoreGraphics.framework */ = {isa = PBXFileReference; lastKnownFileType = wrapper.framework; name = CoreGraphics.framework; path = System/Library/Frameworks/CoreGraphics.framework; sourceTree = SDKROOT; };
		D804815E15E6BD9900E0DC77 /* testApp-Info.plist */ = {isa = PBXFileReference; lastKnownFileType = text.plist.xml; path = "testApp-Info.plist"; sourceTree = "<group>"; };
		D804816015E6BD9900E0DC77 /* en */ = {isa = PBXFileReference; lastKnownFileType = text.plist.strings; name = en; path = en.lproj/InfoPlist.strings; sourceTree = "<group>"; };
		D804816215E6BD9900E0DC77 /* main.m */ = {isa = PBXFileReference; lastKnownFileType = sourcecode.c.objc; path = main.m; sourceTree = "<group>"; };
		D804816415E6BD9900E0DC77 /* testApp-Prefix.pch */ = {isa = PBXFileReference; lastKnownFileType = sourcecode.c.h; path = "testApp-Prefix.pch"; sourceTree = "<group>"; };
		D804816515E6BD9900E0DC77 /* AppDelegate.h */ = {isa = PBXFileReference; lastKnownFileType = sourcecode.c.h; path = AppDelegate.h; sourceTree = "<group>"; };
		D804816615E6BD9900E0DC77 /* AppDelegate.m */ = {isa = PBXFileReference; lastKnownFileType = sourcecode.c.objc; path = AppDelegate.m; sourceTree = "<group>"; };
		D804816815E6BD9900E0DC77 /* ViewController.h */ = {isa = PBXFileReference; lastKnownFileType = sourcecode.c.h; path = ViewController.h; sourceTree = "<group>"; };
		D804816915E6BD9900E0DC77 /* ViewController.m */ = {isa = PBXFileReference; lastKnownFileType = sourcecode.c.objc; path = ViewController.m; sourceTree = "<group>"; };
		D804816C15E6BD9900E0DC77 /* en */ = {isa = PBXFileReference; lastKnownFileType = file.xib; name = en; path = en.lproj/ViewController_iPhone.xib; sourceTree = "<group>"; };
		D804816F15E6BD9900E0DC77 /* en */ = {isa = PBXFileReference; lastKnownFileType = file.xib; name = en; path = en.lproj/ViewController_iPad.xib; sourceTree = "<group>"; };
		D804817615E6BD9900E0DC77 /* testAppTests.octest */ = {isa = PBXFileReference; explicitFileType = wrapper.cfbundle; includeInIndex = 0; path = testAppTests.octest; sourceTree = BUILT_PRODUCTS_DIR; };
		D804817715E6BD9900E0DC77 /* SenTestingKit.framework */ = {isa = PBXFileReference; lastKnownFileType = wrapper.framework; name = SenTestingKit.framework; path = Library/Frameworks/SenTestingKit.framework; sourceTree = DEVELOPER_DIR; };
		D804817F15E6BD9900E0DC77 /* testAppTests-Info.plist */ = {isa = PBXFileReference; lastKnownFileType = text.plist.xml; path = "testAppTests-Info.plist"; sourceTree = "<group>"; };
		D804818115E6BD9900E0DC77 /* en */ = {isa = PBXFileReference; lastKnownFileType = text.plist.strings; name = en; path = en.lproj/InfoPlist.strings; sourceTree = "<group>"; };
		D804818315E6BD9900E0DC77 /* testAppTests.h */ = {isa = PBXFileReference; lastKnownFileType = sourcecode.c.h; path = testAppTests.h; sourceTree = "<group>"; };
		D804818415E6BD9900E0DC77 /* testAppTests.m */ = {isa = PBXFileReference; lastKnownFileType = sourcecode.c.objc; path = testAppTests.m; sourceTree = "<group>"; };
/* End PBXFileReference section */

/* Begin PBXFrameworksBuildPhase section */
		D804814F15E6BD9800E0DC77 /* Frameworks */ = {
			isa = PBXFrameworksBuildPhase;
			buildActionMask = 2147483647;
			files = (
				D804815715E6BD9900E0DC77 /* UIKit.framework in Frameworks */,
				D804815915E6BD9900E0DC77 /* Foundation.framework in Frameworks */,
				D804815B15E6BD9900E0DC77 /* CoreGraphics.framework in Frameworks */,
			);
			runOnlyForDeploymentPostprocessing = 0;
		};
		D804817215E6BD9900E0DC77 /* Frameworks */ = {
			isa = PBXFrameworksBuildPhase;
			buildActionMask = 2147483647;
			files = (
				D804817815E6BD9900E0DC77 /* SenTestingKit.framework in Frameworks */,
				D804817915E6BD9900E0DC77 /* UIKit.framework in Frameworks */,
				D804817A15E6BD9900E0DC77 /* Foundation.framework in Frameworks */,
			);
			runOnlyForDeploymentPostprocessing = 0;
		};
/* End PBXFrameworksBuildPhase section */

/* Begin PBXGroup section */
		D804814715E6BD9800E0DC77 = {
			isa = PBXGroup;
			children = (
				D804815C15E6BD9900E0DC77 /* testApp */,
				D804817D15E6BD9900E0DC77 /* testAppTests */,
				D804815515E6BD9900E0DC77 /* Frameworks */,
				D804815315E6BD9800E0DC77 /* Products */,
			);
			sourceTree = "<group>";
		};
		D804815315E6BD9800E0DC77 /* Products */ = {
			isa = PBXGroup;
			children = (
				D804815215E6BD9800E0DC77 /* testApp.app */,
				D804817615E6BD9900E0DC77 /* testAppTests.octest */,
			);
			name = Products;
			sourceTree = "<group>";
		};
		D804815515E6BD9900E0DC77 /* Frameworks */ = {
			isa = PBXGroup;
			children = (
				D804815615E6BD9900E0DC77 /* UIKit.framework */,
				D804815815E6BD9900E0DC77 /* Foundation.framework */,
				D804815A15E6BD9900E0DC77 /* CoreGraphics.framework */,
				D804817715E6BD9900E0DC77 /* SenTestingKit.framework */,
			);
			name = Frameworks;
			sourceTree = "<group>";
		};
		D804815C15E6BD9900E0DC77 /* testApp */ = {
			isa = PBXGroup;
			children = (
				D804816515E6BD9900E0DC77 /* AppDelegate.h */,
				D804816615E6BD9900E0DC77 /* AppDelegate.m */,
				D804816815E6BD9900E0DC77 /* ViewController.h */,
				D804816915E6BD9900E0DC77 /* ViewController.m */,
				D804816B15E6BD9900E0DC77 /* ViewController_iPhone.xib */,
				D804816E15E6BD9900E0DC77 /* ViewController_iPad.xib */,
				D804815D15E6BD9900E0DC77 /* Supporting Files */,
			);
			path = testApp;
			sourceTree = "<group>";
		};
		D804815D15E6BD9900E0DC77 /* Supporting Files */ = {
			isa = PBXGroup;
			children = (
				D804815E15E6BD9900E0DC77 /* testApp-Info.plist */,
				D804815F15E6BD9900E0DC77 /* InfoPlist.strings */,
				D804816215E6BD9900E0DC77 /* main.m */,
				D804816415E6BD9900E0DC77 /* testApp-Prefix.pch */,
			);
			name = "Supporting Files";
			sourceTree = "<group>";
		};
		D804817D15E6BD9900E0DC77 /* testAppTests */ = {
			isa = PBXGroup;
			children = (
				D804818315E6BD9900E0DC77 /* testAppTests.h */,
				D804818415E6BD9900E0DC77 /* testAppTests.m */,
				D804817E15E6BD9900E0DC77 /* Supporting Files */,
			);
			path = testAppTests;
			sourceTree = "<group>";
		};
		D804817E15E6BD9900E0DC77 /* Supporting Files */ = {
			isa = PBXGroup;
			children = (
				D804817F15E6BD9900E0DC77 /* testAppTests-Info.plist */,
				D804818015E6BD9900E0DC77 /* InfoPlist.strings */,
			);
			name = "Supporting Files";
			sourceTree = "<group>";
		};
/* End PBXGroup section */

/* Begin PBXNativeTarget section */
		D804815115E6BD9800E0DC77 /* testApp */ = {
			isa = PBXNativeTarget;
			buildConfigurationList = D804818815E6BD9900E0DC77 /* Build configuration list for PBXNativeTarget "testApp" */;
			buildPhases = (
				D804814E15E6BD9800E0DC77 /* Sources */,
				D804814F15E6BD9800E0DC77 /* Frameworks */,
				D804815015E6BD9800E0DC77 /* Resources */,
			);
			buildRules = (
			);
			dependencies = (
			);
			name = testApp;
			productName = testApp;
			productReference = D804815215E6BD9800E0DC77 /* testApp.app */;
			productType = "com.apple.product-type.application";
		};
		D804817515E6BD9900E0DC77 /* testAppTests */ = {
			isa = PBXNativeTarget;
			buildConfigurationList = D804818B15E6BD9900E0DC77 /* Build configuration list for PBXNativeTarget "testAppTests" */;
			buildPhases = (
				D804817115E6BD9900E0DC77 /* Sources */,
				D804817215E6BD9900E0DC77 /* Frameworks */,
				D804817315E6BD9900E0DC77 /* Resources */,
				D804817415E6BD9900E0DC77 /* ShellScript */,
			);
			buildRules = (
			);
			dependencies = (
				D804817C15E6BD9900E0DC77 /* PBXTargetDependency */,
			);
			name = testAppTests;
			productName = testAppTests;
			productReference = D804817615E6BD9900E0DC77 /* testAppTests.octest */;
			productType = "com.apple.product-type.bundle";
		};
/* End PBXNativeTarget section */

/* Begin PBXProject section */
		D804814915E6BD9800E0DC77 /* Project object */ = {
			isa = PBXProject;
			attributes = {
				LastUpgradeCheck = 0440;
				ORGANIZATIONNAME = "Nathan Buth";
			};
			buildConfigurationList = D804814C15E6BD9800E0DC77 /* Build configuration list for PBXProject "testApp" */;
			compatibilityVersion = "Xcode 3.2";
			developmentRegion = English;
			hasScannedForEncodings = 0;
			knownRegions = (
				en,
			);
			mainGroup = D804814715E6BD9800E0DC77;
			productRefGroup = D804815315E6BD9800E0DC77 /* Products */;
			projectDirPath = "";
			projectRoot = "";
			targets = (
				D804815115E6BD9800E0DC77 /* testApp */,
				D804817515E6BD9900E0DC77 /* testAppTests */,
			);
		};
/* End PBXProject section */

/* Begin PBXResourcesBuildPhase section */
		D804815015E6BD9800E0DC77 /* Resources */ = {
			isa = PBXResourcesBuildPhase;
			buildActionMask = 2147483647;
			files = (
				D804816115E6BD9900E0DC77 /* InfoPlist.strings in Resources */,
				D804816D15E6BD9900E0DC77 /* ViewController_iPhone.xib in Resources */,
				D804817015E6BD9900E0DC77 /* ViewController_iPad.xib in Resources */,
			);
			runOnlyForDeploymentPostprocessing = 0;
		};
		D804817315E6BD9900E0DC77 /* Resources */ = {
			isa = PBXResourcesBuildPhase;
			buildActionMask = 2147483647;
			files = (
				D804818215E6BD9900E0DC77 /* InfoPlist.strings in Resources */,
			);
			runOnlyForDeploymentPostprocessing = 0;
		};
/* End PBXResourcesBuildPhase section */

/* Begin PBXShellScriptBuildPhase section */
		D804817415E6BD9900E0DC77 /* ShellScript */ = {
			isa = PBXShellScriptBuildPhase;
			buildActionMask = 2147483647;
			files = (
			);
			inputPaths = (
			);
			outputPaths = (
			);
			runOnlyForDeploymentPostprocessing = 0;
			shellPath = /bin/sh;
			shellScript = "# Run the unit tests in this test bundle.\n\"${SYSTEM_DEVELOPER_DIR}/Tools/RunUnitTests\"\n";
		};
/* End PBXShellScriptBuildPhase section */

/* Begin PBXSourcesBuildPhase section */
		D804814E15E6BD9800E0DC77 /* Sources */ = {
			isa = PBXSourcesBuildPhase;
			buildActionMask = 2147483647;
			files = (
				D804816315E6BD9900E0DC77 /* main.m in Sources */,
				D804816715E6BD9900E0DC77 /* AppDelegate.m in Sources */,
				D804816A15E6BD9900E0DC77 /* ViewController.m in Sources */,
			);
			runOnlyForDeploymentPostprocessing = 0;
		};
		D804817115E6BD9900E0DC77 /* Sources */ = {
			isa = PBXSourcesBuildPhase;
			buildActionMask = 2147483647;
			files = (
				D804818515E6BD9900E0DC77 /* testAppTests.m in Sources */,
			);
			runOnlyForDeploymentPostprocessing = 0;
		};
/* End PBXSourcesBuildPhase section */

/* Begin PBXTargetDependency section */
		D804817C15E6BD9900E0DC77 /* PBXTargetDependency */ = {
			isa = PBXTargetDependency;
			target = D804815115E6BD9800E0DC77 /* testApp */;
			targetProxy = D804817B15E6BD9900E0DC77 /* PBXContainerItemProxy */;
		};
/* End PBXTargetDependency section */

/* Begin PBXVariantGroup section */
		D804815F15E6BD9900E0DC77 /* InfoPlist.strings */ = {
			isa = PBXVariantGroup;
			children = (
				D804816015E6BD9900E0DC77 /* en */,
			);
			name = InfoPlist.strings;
			sourceTree = "<group>";
		};
		D804816B15E6BD9900E0DC77 /* ViewController_iPhone.xib */ = {
			isa = PBXVariantGroup;
			children = (
				D804816C15E6BD9900E0DC77 /* en */,
			);
			name = ViewController_iPhone.xib;
			sourceTree = "<group>";
		};
		D804816E15E6BD9900E0DC77 /* ViewController_iPad.xib */ = {
			isa = PBXVariantGroup;
			children = (
				D804816F15E6BD9900E0DC77 /* en */,
			);
			name = ViewController_iPad.xib;
			sourceTree = "<group>";
		};
		D804818015E6BD9900E0DC77 /* InfoPlist.strings */ = {
			isa = PBXVariantGroup;
			children = (
				D804818115E6BD9900E0DC77 /* en */,
			);
			name = InfoPlist.strings;
			sourceTree = "<group>";
		};
/* End PBXVariantGroup section */

/* Begin XCBuildConfiguration section */
		D804818615E6BD9900E0DC77 /* Debug */ = {
			isa = XCBuildConfiguration;
			buildSettings = {
				ALWAYS_SEARCH_USER_PATHS = NO;
				ARCHS = "$(ARCHS_STANDARD_32_BIT)";
				CLANG_CXX_LANGUAGE_STANDARD = "gnu++0x";
				CLANG_WARN__DUPLICATE_METHOD_MATCH = YES;
				"CODE_SIGN_IDENTITY[sdk=iphoneos*]" = "iPhone Developer";
				COPY_PHASE_STRIP = NO;
				GCC_C_LANGUAGE_STANDARD = gnu99;
				GCC_DYNAMIC_NO_PIC = NO;
				GCC_OPTIMIZATION_LEVEL = 0;
				GCC_PREPROCESSOR_DEFINITIONS = (
					"DEBUG=1",
					"$(inherited)",
				);
				GCC_SYMBOLS_PRIVATE_EXTERN = NO;
				GCC_VERSION = com.apple.compilers.llvm.clang.1_0;
				GCC_WARN_ABOUT_RETURN_TYPE = YES;
				GCC_WARN_UNINITIALIZED_AUTOS = YES;
				GCC_WARN_UNUSED_VARIABLE = YES;
				IPHONEOS_DEPLOYMENT_TARGET = 5.1;
				SDKROOT = iphoneos;
				TARGETED_DEVICE_FAMILY = "1,2";
			};
			name = Debug;
		};
		D804818715E6BD9900E0DC77 /* Release */ = {
			isa = XCBuildConfiguration;
			buildSettings = {
				ALWAYS_SEARCH_USER_PATHS = NO;
				ARCHS = "$(ARCHS_STANDARD_32_BIT)";
				CLANG_CXX_LANGUAGE_STANDARD = "gnu++0x";
				CLANG_WARN__DUPLICATE_METHOD_MATCH = YES;
				"CODE_SIGN_IDENTITY[sdk=iphoneos*]" = "iPhone Developer";
				COPY_PHASE_STRIP = YES;
				GCC_C_LANGUAGE_STANDARD = gnu99;
				GCC_VERSION = com.apple.compilers.llvm.clang.1_0;
				GCC_WARN_ABOUT_RETURN_TYPE = YES;
				GCC_WARN_UNINITIALIZED_AUTOS = YES;
				GCC_WARN_UNUSED_VARIABLE = YES;
				IPHONEOS_DEPLOYMENT_TARGET = 5.1;
				OTHER_CFLAGS = "-DNS_BLOCK_ASSERTIONS=1";
				SDKROOT = iphoneos;
				TARGETED_DEVICE_FAMILY = "1,2";
				VALIDATE_PRODUCT = YES;
			};
			name = Release;
		};
		D804818915E6BD9900E0DC77 /* Debug */ = {
			isa = XCBuildConfiguration;
			buildSettings = {
				GCC_PRECOMPILE_PREFIX_HEADER = YES;
				GCC_PREFIX_HEADER = "testApp/testApp-Prefix.pch";
				INFOPLIST_FILE = "testApp/testApp-Info.plist";
				PRODUCT_NAME = "$(TARGET_NAME)";
				TARGETED_DEVICE_FAMILY = 1;
				WRAPPER_EXTENSION = app;
			};
			name = Debug;
		};
		D804818A15E6BD9900E0DC77 /* Release */ = {
			isa = XCBuildConfiguration;
			buildSettings = {
				GCC_PRECOMPILE_PREFIX_HEADER = YES;
				GCC_PREFIX_HEADER = "testApp/testApp-Prefix.pch";
				INFOPLIST_FILE = "testApp/testApp-Info.plist";
				PRODUCT_NAME = "$(TARGET_NAME)";
				TARGETED_DEVICE_FAMILY = 1;
				WRAPPER_EXTENSION = app;
			};
			name = Release;
		};
		D804818C15E6BD9900E0DC77 /* Debug */ = {
			isa = XCBuildConfiguration;
			buildSettings = {
				BUNDLE_LOADER = "$(BUILT_PRODUCTS_DIR)/testApp.app/testApp";
				FRAMEWORK_SEARCH_PATHS = (
					"\"$(SDKROOT)/Developer/Library/Frameworks\"",
					"\"$(DEVELOPER_LIBRARY_DIR)/Frameworks\"",
				);
				GCC_PRECOMPILE_PREFIX_HEADER = YES;
				GCC_PREFIX_HEADER = "testApp/testApp-Prefix.pch";
				INFOPLIST_FILE = "testAppTests/testAppTests-Info.plist";
				PRODUCT_NAME = "$(TARGET_NAME)";
				TEST_HOST = "$(BUNDLE_LOADER)";
				WRAPPER_EXTENSION = octest;
			};
			name = Debug;
		};
		D804818D15E6BD9900E0DC77 /* Release */ = {
			isa = XCBuildConfiguration;
			buildSettings = {
				BUNDLE_LOADER = "$(BUILT_PRODUCTS_DIR)/testApp.app/testApp";
				FRAMEWORK_SEARCH_PATHS = (
					"\"$(SDKROOT)/Developer/Library/Frameworks\"",
					"\"$(DEVELOPER_LIBRARY_DIR)/Frameworks\"",
				);
				GCC_PRECOMPILE_PREFIX_HEADER = YES;
				GCC_PREFIX_HEADER = "testApp/testApp-Prefix.pch";
				INFOPLIST_FILE = "testAppTests/testAppTests-Info.plist";
				PRODUCT_NAME = "$(TARGET_NAME)";
				TEST_HOST = "$(BUNDLE_LOADER)";
				WRAPPER_EXTENSION = octest;
			};
			name = Release;
		};
/* End XCBuildConfiguration section */

/* Begin XCConfigurationList section */
		D804814C15E6BD9800E0DC77 /* Build configuration list for PBXProject "testApp" */ = {
			isa = XCConfigurationList;
			buildConfigurations = (
				D804818615E6BD9900E0DC77 /* Debug */,
				D804818715E6BD9900E0DC77 /* Release */,
			);
			defaultConfigurationIsVisible = 0;
			defaultConfigurationName = Release;
		};
		D804818815E6BD9900E0DC77 /* Build configuration list for PBXNativeTarget "testApp" */ = {
			isa = XCConfigurationList;
			buildConfigurations = (
				D804818915E6BD9900E0DC77 /* Debug */,
				D804818A15E6BD9900E0DC77 /* Release */,
			);
			defaultConfigurationIsVisible = 0;
		};
		D804818B15E6BD9900E0DC77 /* Build configuration list for PBXNativeTarget "testAppTests" */ = {
			isa = XCConfigurationList;
			buildConfigurations = (
				D804818C15E6BD9900E0DC77 /* Debug */,
				D804818D15E6BD9900E0DC77 /* Release */,
			);
			defaultConfigurationIsVisible = 0;
		};
/* End XCConfigurationList section */
	};
	rootObject = D804814915E6BD9800E0DC77 /* Project object */;
}
