// !$*UTF8*$!
{
	archiveVersion = 1;
	classes = {
	};
	objectVersion = 46;
	objects = {

/* Begin PBXBuildFile section */
		D81214EF16445F3F0071512C /* UIKit.framework in Frameworks */ = {isa = PBXBuildFile; fileRef = D81214EE16445F3F0071512C /* UIKit.framework */; };
		D81214F116445F3F0071512C /* Foundation.framework in Frameworks */ = {isa = PBXBuildFile; fileRef = D81214F016445F3F0071512C /* Foundation.framework */; };
		D81214F316445F3F0071512C /* CoreGraphics.framework in Frameworks */ = {isa = PBXBuildFile; fileRef = D81214F216445F3F0071512C /* CoreGraphics.framework */; };
		D81214F916445F3F0071512C /* InfoPlist.strings in Resources */ = {isa = PBXBuildFile; fileRef = D81214F716445F3F0071512C /* InfoPlist.strings */; };
		D81214FB16445F3F0071512C /* main.m in Sources */ = {isa = PBXBuildFile; fileRef = D81214FA16445F3F0071512C /* main.m */; };
		D81214FF16445F3F0071512C /* AppDelegate.m in Sources */ = {isa = PBXBuildFile; fileRef = D81214FE16445F3F0071512C /* AppDelegate.m */; };
		D812150116445F3F0071512C /* Default.png in Resources */ = {isa = PBXBuildFile; fileRef = D812150016445F3F0071512C /* Default.png */; };
		D812150316445F3F0071512C /* Default@2x.png in Resources */ = {isa = PBXBuildFile; fileRef = D812150216445F3F0071512C /* Default@2x.png */; };
		D812150516445F3F0071512C /* Default-568h@2x.png in Resources */ = {isa = PBXBuildFile; fileRef = D812150416445F3F0071512C /* Default-568h@2x.png */; };
		D812151316445F3F0071512C /* SenTestingKit.framework in Frameworks */ = {isa = PBXBuildFile; fileRef = D812151216445F3F0071512C /* SenTestingKit.framework */; };
		D812151416445F3F0071512C /* UIKit.framework in Frameworks */ = {isa = PBXBuildFile; fileRef = D81214EE16445F3F0071512C /* UIKit.framework */; };
		D812151516445F3F0071512C /* Foundation.framework in Frameworks */ = {isa = PBXBuildFile; fileRef = D81214F016445F3F0071512C /* Foundation.framework */; };
		D812151D16445F3F0071512C /* InfoPlist.strings in Resources */ = {isa = PBXBuildFile; fileRef = D812151B16445F3F0071512C /* InfoPlist.strings */; };
		D812152016445F3F0071512C /* testAppTests.m in Sources */ = {isa = PBXBuildFile; fileRef = D812151F16445F3F0071512C /* testAppTests.m */; };
		D812152E1644610E0071512C /* Icon.png in Resources */ = {isa = PBXBuildFile; fileRef = D81215291644610E0071512C /* Icon.png */; };
		D812152F1644610E0071512C /* Icon@2x.png in Resources */ = {isa = PBXBuildFile; fileRef = D812152A1644610E0071512C /* Icon@2x.png */; };
		D81215301644610E0071512C /* Default.png in Resources */ = {isa = PBXBuildFile; fileRef = D812152B1644610E0071512C /* Default.png */; };
		D81215311644610E0071512C /* Default-568h@2x.png in Resources */ = {isa = PBXBuildFile; fileRef = D812152C1644610E0071512C /* Default-568h@2x.png */; };
		D81215321644610E0071512C /* Default@2x.png in Resources */ = {isa = PBXBuildFile; fileRef = D812152D1644610E0071512C /* Default@2x.png */; };
		D812155116446FA80071512C /* SecondViewController.m in Sources */ = {isa = PBXBuildFile; fileRef = D812154F16446FA80071512C /* SecondViewController.m */; };
		D812155216446FA80071512C /* SecondViewController.xib in Resources */ = {isa = PBXBuildFile; fileRef = D812155016446FA80071512C /* SecondViewController.xib */; };
		D812155616446FB80071512C /* ThirdViewController.m in Sources */ = {isa = PBXBuildFile; fileRef = D812155416446FB80071512C /* ThirdViewController.m */; };
		D812155716446FB80071512C /* ThirdViewController.xib in Resources */ = {isa = PBXBuildFile; fileRef = D812155516446FB80071512C /* ThirdViewController.xib */; };
		D812157316449A7A0071512C /* CategoryViewController.m in Sources */ = {isa = PBXBuildFile; fileRef = D812157116449A7A0071512C /* CategoryViewController.m */; };
		D812157416449A7A0071512C /* CategoryViewController.xib in Resources */ = {isa = PBXBuildFile; fileRef = D812157216449A7A0071512C /* CategoryViewController.xib */; };
		D81215781644A4BF0071512C /* FirstViewController.m in Sources */ = {isa = PBXBuildFile; fileRef = D81215761644A4BF0071512C /* FirstViewController.m */; };
		D81215791644A4BF0071512C /* FirstViewController.xib in Resources */ = {isa = PBXBuildFile; fileRef = D81215771644A4BF0071512C /* FirstViewController.xib */; };
		D812157D1644AAED0071512C /* DetailViewController.m in Sources */ = {isa = PBXBuildFile; fileRef = D812157B1644AAEC0071512C /* DetailViewController.m */; };
		D812157E1644AAED0071512C /* DetailViewController.xib in Resources */ = {isa = PBXBuildFile; fileRef = D812157C1644AAEC0071512C /* DetailViewController.xib */; };
		D81215881644B8C60071512C /* tableCell.png in Resources */ = {isa = PBXBuildFile; fileRef = D81215871644B8C50071512C /* tableCell.png */; };
		D812158B1644BC620071512C /* CustomCellView.m in Sources */ = {isa = PBXBuildFile; fileRef = D812158A1644BC610071512C /* CustomCellView.m */; };
		D8EBBF7C1644BCE9009B4B97 /* CustomCellView.xib in Resources */ = {isa = PBXBuildFile; fileRef = D8EBBF7B1644BCE9009B4B97 /* CustomCellView.xib */; };
/* End PBXBuildFile section */

/* Begin PBXContainerItemProxy section */
		D812151616445F3F0071512C /* PBXContainerItemProxy */ = {
			isa = PBXContainerItemProxy;
			containerPortal = D81214E116445F3F0071512C /* Project object */;
			proxyType = 1;
			remoteGlobalIDString = D81214E916445F3F0071512C;
			remoteInfo = testApp;
		};
/* End PBXContainerItemProxy section */

/* Begin PBXFileReference section */
		D81214EA16445F3F0071512C /* testApp.app */ = {isa = PBXFileReference; explicitFileType = wrapper.application; includeInIndex = 0; path = testApp.app; sourceTree = BUILT_PRODUCTS_DIR; };
		D81214EE16445F3F0071512C /* UIKit.framework */ = {isa = PBXFileReference; lastKnownFileType = wrapper.framework; name = UIKit.framework; path = System/Library/Frameworks/UIKit.framework; sourceTree = SDKROOT; };
		D81214F016445F3F0071512C /* Foundation.framework */ = {isa = PBXFileReference; lastKnownFileType = wrapper.framework; name = Foundation.framework; path = System/Library/Frameworks/Foundation.framework; sourceTree = SDKROOT; };
		D81214F216445F3F0071512C /* CoreGraphics.framework */ = {isa = PBXFileReference; lastKnownFileType = wrapper.framework; name = CoreGraphics.framework; path = System/Library/Frameworks/CoreGraphics.framework; sourceTree = SDKROOT; };
		D81214F616445F3F0071512C /* testApp-Info.plist */ = {isa = PBXFileReference; lastKnownFileType = text.plist.xml; path = "testApp-Info.plist"; sourceTree = "<group>"; };
		D81214F816445F3F0071512C /* en */ = {isa = PBXFileReference; lastKnownFileType = text.plist.strings; name = en; path = en.lproj/InfoPlist.strings; sourceTree = "<group>"; };
		D81214FA16445F3F0071512C /* main.m */ = {isa = PBXFileReference; lastKnownFileType = sourcecode.c.objc; path = main.m; sourceTree = "<group>"; };
		D81214FC16445F3F0071512C /* testApp-Prefix.pch */ = {isa = PBXFileReference; lastKnownFileType = sourcecode.c.h; path = "testApp-Prefix.pch"; sourceTree = "<group>"; };
		D81214FD16445F3F0071512C /* AppDelegate.h */ = {isa = PBXFileReference; lastKnownFileType = sourcecode.c.h; path = AppDelegate.h; sourceTree = "<group>"; };
		D81214FE16445F3F0071512C /* AppDelegate.m */ = {isa = PBXFileReference; lastKnownFileType = sourcecode.c.objc; path = AppDelegate.m; sourceTree = "<group>"; };
		D812150016445F3F0071512C /* Default.png */ = {isa = PBXFileReference; lastKnownFileType = image.png; path = Default.png; sourceTree = "<group>"; };
		D812150216445F3F0071512C /* Default@2x.png */ = {isa = PBXFileReference; lastKnownFileType = image.png; path = "Default@2x.png"; sourceTree = "<group>"; };
		D812150416445F3F0071512C /* Default-568h@2x.png */ = {isa = PBXFileReference; lastKnownFileType = image.png; path = "Default-568h@2x.png"; sourceTree = "<group>"; };
		D812151116445F3F0071512C /* testAppTests.octest */ = {isa = PBXFileReference; explicitFileType = wrapper.cfbundle; includeInIndex = 0; path = testAppTests.octest; sourceTree = BUILT_PRODUCTS_DIR; };
		D812151216445F3F0071512C /* SenTestingKit.framework */ = {isa = PBXFileReference; lastKnownFileType = wrapper.framework; name = SenTestingKit.framework; path = Library/Frameworks/SenTestingKit.framework; sourceTree = DEVELOPER_DIR; };
		D812151A16445F3F0071512C /* testAppTests-Info.plist */ = {isa = PBXFileReference; lastKnownFileType = text.plist.xml; path = "testAppTests-Info.plist"; sourceTree = "<group>"; };
		D812151C16445F3F0071512C /* en */ = {isa = PBXFileReference; lastKnownFileType = text.plist.strings; name = en; path = en.lproj/InfoPlist.strings; sourceTree = "<group>"; };
		D812151E16445F3F0071512C /* testAppTests.h */ = {isa = PBXFileReference; lastKnownFileType = sourcecode.c.h; path = testAppTests.h; sourceTree = "<group>"; };
		D812151F16445F3F0071512C /* testAppTests.m */ = {isa = PBXFileReference; lastKnownFileType = sourcecode.c.objc; path = testAppTests.m; sourceTree = "<group>"; };
		D81215291644610E0071512C /* Icon.png */ = {isa = PBXFileReference; lastKnownFileType = image.png; path = Icon.png; sourceTree = "<group>"; };
		D812152A1644610E0071512C /* Icon@2x.png */ = {isa = PBXFileReference; lastKnownFileType = image.png; path = "Icon@2x.png"; sourceTree = "<group>"; };
		D812152B1644610E0071512C /* Default.png */ = {isa = PBXFileReference; lastKnownFileType = image.png; path = Default.png; sourceTree = "<group>"; };
		D812152C1644610E0071512C /* Default-568h@2x.png */ = {isa = PBXFileReference; lastKnownFileType = image.png; path = "Default-568h@2x.png"; sourceTree = "<group>"; };
		D812152D1644610E0071512C /* Default@2x.png */ = {isa = PBXFileReference; lastKnownFileType = image.png; path = "Default@2x.png"; sourceTree = "<group>"; };
		D812154E16446FA80071512C /* SecondViewController.h */ = {isa = PBXFileReference; fileEncoding = 4; lastKnownFileType = sourcecode.c.h; path = SecondViewController.h; sourceTree = "<group>"; };
		D812154F16446FA80071512C /* SecondViewController.m */ = {isa = PBXFileReference; fileEncoding = 4; lastKnownFileType = sourcecode.c.objc; path = SecondViewController.m; sourceTree = "<group>"; };
		D812155016446FA80071512C /* SecondViewController.xib */ = {isa = PBXFileReference; fileEncoding = 4; lastKnownFileType = file.xib; path = SecondViewController.xib; sourceTree = "<group>"; };
		D812155316446FB80071512C /* ThirdViewController.h */ = {isa = PBXFileReference; fileEncoding = 4; lastKnownFileType = sourcecode.c.h; path = ThirdViewController.h; sourceTree = "<group>"; };
		D812155416446FB80071512C /* ThirdViewController.m */ = {isa = PBXFileReference; fileEncoding = 4; lastKnownFileType = sourcecode.c.objc; path = ThirdViewController.m; sourceTree = "<group>"; };
		D812155516446FB80071512C /* ThirdViewController.xib */ = {isa = PBXFileReference; fileEncoding = 4; lastKnownFileType = file.xib; path = ThirdViewController.xib; sourceTree = "<group>"; };
		D812157016449A7A0071512C /* CategoryViewController.h */ = {isa = PBXFileReference; fileEncoding = 4; lastKnownFileType = sourcecode.c.h; path = CategoryViewController.h; sourceTree = "<group>"; };
		D812157116449A7A0071512C /* CategoryViewController.m */ = {isa = PBXFileReference; fileEncoding = 4; lastKnownFileType = sourcecode.c.objc; path = CategoryViewController.m; sourceTree = "<group>"; };
		D812157216449A7A0071512C /* CategoryViewController.xib */ = {isa = PBXFileReference; fileEncoding = 4; lastKnownFileType = file.xib; path = CategoryViewController.xib; sourceTree = "<group>"; };
		D81215751644A4BF0071512C /* FirstViewController.h */ = {isa = PBXFileReference; fileEncoding = 4; lastKnownFileType = sourcecode.c.h; path = FirstViewController.h; sourceTree = "<group>"; };
		D81215761644A4BF0071512C /* FirstViewController.m */ = {isa = PBXFileReference; fileEncoding = 4; lastKnownFileType = sourcecode.c.objc; path = FirstViewController.m; sourceTree = "<group>"; };
		D81215771644A4BF0071512C /* FirstViewController.xib */ = {isa = PBXFileReference; fileEncoding = 4; lastKnownFileType = file.xib; path = FirstViewController.xib; sourceTree = "<group>"; };
		D812157A1644AAEC0071512C /* DetailViewController.h */ = {isa = PBXFileReference; fileEncoding = 4; lastKnownFileType = sourcecode.c.h; path = DetailViewController.h; sourceTree = "<group>"; };
		D812157B1644AAEC0071512C /* DetailViewController.m */ = {isa = PBXFileReference; fileEncoding = 4; lastKnownFileType = sourcecode.c.objc; path = DetailViewController.m; sourceTree = "<group>"; };
		D812157C1644AAEC0071512C /* DetailViewController.xib */ = {isa = PBXFileReference; fileEncoding = 4; lastKnownFileType = file.xib; path = DetailViewController.xib; sourceTree = "<group>"; };
		D81215871644B8C50071512C /* tableCell.png */ = {isa = PBXFileReference; lastKnownFileType = image.png; path = tableCell.png; sourceTree = "<group>"; };
		D81215891644BC610071512C /* CustomCellView.h */ = {isa = PBXFileReference; fileEncoding = 4; lastKnownFileType = sourcecode.c.h; path = CustomCellView.h; sourceTree = "<group>"; };
		D812158A1644BC610071512C /* CustomCellView.m */ = {isa = PBXFileReference; fileEncoding = 4; lastKnownFileType = sourcecode.c.objc; path = CustomCellView.m; sourceTree = "<group>"; };
		D8EBBF7B1644BCE9009B4B97 /* CustomCellView.xib */ = {isa = PBXFileReference; fileEncoding = 4; lastKnownFileType = file.xib; path = CustomCellView.xib; sourceTree = "<group>"; };
/* End PBXFileReference section */

/* Begin PBXFrameworksBuildPhase section */
		D81214E716445F3F0071512C /* Frameworks */ = {
			isa = PBXFrameworksBuildPhase;
			buildActionMask = 2147483647;
			files = (
				D81214EF16445F3F0071512C /* UIKit.framework in Frameworks */,
				D81214F116445F3F0071512C /* Foundation.framework in Frameworks */,
				D81214F316445F3F0071512C /* CoreGraphics.framework in Frameworks */,
			);
			runOnlyForDeploymentPostprocessing = 0;
		};
		D812150D16445F3F0071512C /* Frameworks */ = {
			isa = PBXFrameworksBuildPhase;
			buildActionMask = 2147483647;
			files = (
				D812151316445F3F0071512C /* SenTestingKit.framework in Frameworks */,
				D812151416445F3F0071512C /* UIKit.framework in Frameworks */,
				D812151516445F3F0071512C /* Foundation.framework in Frameworks */,
			);
			runOnlyForDeploymentPostprocessing = 0;
		};
/* End PBXFrameworksBuildPhase section */

/* Begin PBXGroup section */
		D81214DF16445F3F0071512C = {
			isa = PBXGroup;
			children = (
				D81215291644610E0071512C /* Icon.png */,
				D812152A1644610E0071512C /* Icon@2x.png */,
				D812152B1644610E0071512C /* Default.png */,
				D812152C1644610E0071512C /* Default-568h@2x.png */,
				D812152D1644610E0071512C /* Default@2x.png */,
				D81214F416445F3F0071512C /* testApp */,
				D812151816445F3F0071512C /* testAppTests */,
				D81214ED16445F3F0071512C /* Frameworks */,
				D81214EB16445F3F0071512C /* Products */,
			);
			sourceTree = "<group>";
		};
		D81214EB16445F3F0071512C /* Products */ = {
			isa = PBXGroup;
			children = (
				D81214EA16445F3F0071512C /* testApp.app */,
				D812151116445F3F0071512C /* testAppTests.octest */,
			);
			name = Products;
			sourceTree = "<group>";
		};
		D81214ED16445F3F0071512C /* Frameworks */ = {
			isa = PBXGroup;
			children = (
				D81214EE16445F3F0071512C /* UIKit.framework */,
				D81214F016445F3F0071512C /* Foundation.framework */,
				D81214F216445F3F0071512C /* CoreGraphics.framework */,
				D812151216445F3F0071512C /* SenTestingKit.framework */,
			);
			name = Frameworks;
			sourceTree = "<group>";
		};
		D81214F416445F3F0071512C /* testApp */ = {
			isa = PBXGroup;
			children = (
				D81215871644B8C50071512C /* tableCell.png */,
				D81214FD16445F3F0071512C /* AppDelegate.h */,
				D81214FE16445F3F0071512C /* AppDelegate.m */,
				D81215751644A4BF0071512C /* FirstViewController.h */,
				D81215761644A4BF0071512C /* FirstViewController.m */,
				D81215771644A4BF0071512C /* FirstViewController.xib */,
				D81214F516445F3F0071512C /* Supporting Files */,
				D812154E16446FA80071512C /* SecondViewController.h */,
				D812154F16446FA80071512C /* SecondViewController.m */,
				D812155016446FA80071512C /* SecondViewController.xib */,
				D812155316446FB80071512C /* ThirdViewController.h */,
				D812155416446FB80071512C /* ThirdViewController.m */,
				D812155516446FB80071512C /* ThirdViewController.xib */,
				D812157016449A7A0071512C /* CategoryViewController.h */,
				D812157116449A7A0071512C /* CategoryViewController.m */,
				D812157216449A7A0071512C /* CategoryViewController.xib */,
				D812157A1644AAEC0071512C /* DetailViewController.h */,
				D812157B1644AAEC0071512C /* DetailViewController.m */,
				D812157C1644AAEC0071512C /* DetailViewController.xib */,
				D81215891644BC610071512C /* CustomCellView.h */,
				D812158A1644BC610071512C /* CustomCellView.m */,
				D8EBBF7B1644BCE9009B4B97 /* CustomCellView.xib */,
			);
			path = testApp;
			sourceTree = "<group>";
		};
		D81214F516445F3F0071512C /* Supporting Files */ = {
			isa = PBXGroup;
			children = (
				D81214F616445F3F0071512C /* testApp-Info.plist */,
				D81214F716445F3F0071512C /* InfoPlist.strings */,
				D81214FA16445F3F0071512C /* main.m */,
				D81214FC16445F3F0071512C /* testApp-Prefix.pch */,
				D812150016445F3F0071512C /* Default.png */,
				D812150216445F3F0071512C /* Default@2x.png */,
				D812150416445F3F0071512C /* Default-568h@2x.png */,
			);
			name = "Supporting Files";
			sourceTree = "<group>";
		};
		D812151816445F3F0071512C /* testAppTests */ = {
			isa = PBXGroup;
			children = (
				D812151E16445F3F0071512C /* testAppTests.h */,
				D812151F16445F3F0071512C /* testAppTests.m */,
				D812151916445F3F0071512C /* Supporting Files */,
			);
			path = testAppTests;
			sourceTree = "<group>";
		};
		D812151916445F3F0071512C /* Supporting Files */ = {
			isa = PBXGroup;
			children = (
				D812151A16445F3F0071512C /* testAppTests-Info.plist */,
				D812151B16445F3F0071512C /* InfoPlist.strings */,
			);
			name = "Supporting Files";
			sourceTree = "<group>";
		};
/* End PBXGroup section */

/* Begin PBXNativeTarget section */
		D81214E916445F3F0071512C /* testApp */ = {
			isa = PBXNativeTarget;
			buildConfigurationList = D812152316445F3F0071512C /* Build configuration list for PBXNativeTarget "testApp" */;
			buildPhases = (
				D81214E616445F3F0071512C /* Sources */,
				D81214E716445F3F0071512C /* Frameworks */,
				D81214E816445F3F0071512C /* Resources */,
			);
			buildRules = (
			);
			dependencies = (
			);
			name = testApp;
			productName = testApp;
			productReference = D81214EA16445F3F0071512C /* testApp.app */;
			productType = "com.apple.product-type.application";
		};
		D812151016445F3F0071512C /* testAppTests */ = {
			isa = PBXNativeTarget;
			buildConfigurationList = D812152616445F3F0071512C /* Build configuration list for PBXNativeTarget "testAppTests" */;
			buildPhases = (
				D812150C16445F3F0071512C /* Sources */,
				D812150D16445F3F0071512C /* Frameworks */,
				D812150E16445F3F0071512C /* Resources */,
				D812150F16445F3F0071512C /* ShellScript */,
			);
			buildRules = (
			);
			dependencies = (
				D812151716445F3F0071512C /* PBXTargetDependency */,
			);
			name = testAppTests;
			productName = testAppTests;
			productReference = D812151116445F3F0071512C /* testAppTests.octest */;
			productType = "com.apple.product-type.bundle";
		};
/* End PBXNativeTarget section */

/* Begin PBXProject section */
		D81214E116445F3F0071512C /* Project object */ = {
			isa = PBXProject;
			attributes = {
				LastUpgradeCheck = 0450;
				ORGANIZATIONNAME = "Nathan Buth";
			};
			buildConfigurationList = D81214E416445F3F0071512C /* Build configuration list for PBXProject "testApp" */;
			compatibilityVersion = "Xcode 3.2";
			developmentRegion = English;
			hasScannedForEncodings = 0;
			knownRegions = (
				en,
			);
			mainGroup = D81214DF16445F3F0071512C;
			productRefGroup = D81214EB16445F3F0071512C /* Products */;
			projectDirPath = "";
			projectRoot = "";
			targets = (
				D81214E916445F3F0071512C /* testApp */,
				D812151016445F3F0071512C /* testAppTests */,
			);
		};
/* End PBXProject section */

/* Begin PBXResourcesBuildPhase section */
		D81214E816445F3F0071512C /* Resources */ = {
			isa = PBXResourcesBuildPhase;
			buildActionMask = 2147483647;
			files = (
				D81214F916445F3F0071512C /* InfoPlist.strings in Resources */,
				D812150116445F3F0071512C /* Default.png in Resources */,
				D812150316445F3F0071512C /* Default@2x.png in Resources */,
				D812150516445F3F0071512C /* Default-568h@2x.png in Resources */,
				D812152E1644610E0071512C /* Icon.png in Resources */,
				D812152F1644610E0071512C /* Icon@2x.png in Resources */,
				D81215301644610E0071512C /* Default.png in Resources */,
				D81215311644610E0071512C /* Default-568h@2x.png in Resources */,
				D81215321644610E0071512C /* Default@2x.png in Resources */,
				D812155216446FA80071512C /* SecondViewController.xib in Resources */,
				D812155716446FB80071512C /* ThirdViewController.xib in Resources */,
				D812157416449A7A0071512C /* CategoryViewController.xib in Resources */,
				D81215791644A4BF0071512C /* FirstViewController.xib in Resources */,
				D812157E1644AAED0071512C /* DetailViewController.xib in Resources */,
				D81215881644B8C60071512C /* tableCell.png in Resources */,
				D8EBBF7C1644BCE9009B4B97 /* CustomCellView.xib in Resources */,
			);
			runOnlyForDeploymentPostprocessing = 0;
		};
		D812150E16445F3F0071512C /* Resources */ = {
			isa = PBXResourcesBuildPhase;
			buildActionMask = 2147483647;
			files = (
				D812151D16445F3F0071512C /* InfoPlist.strings in Resources */,
			);
			runOnlyForDeploymentPostprocessing = 0;
		};
/* End PBXResourcesBuildPhase section */

/* Begin PBXShellScriptBuildPhase section */
		D812150F16445F3F0071512C /* ShellScript */ = {
			isa = PBXShellScriptBuildPhase;
			buildActionMask = 2147483647;
			files = (
			);
			inputPaths = (
			);
			outputPaths = (
			);
			runOnlyForDeploymentPostprocessing = 0;
			shellPath = /bin/sh;
			shellScript = "# Run the unit tests in this test bundle.\n\"${SYSTEM_DEVELOPER_DIR}/Tools/RunUnitTests\"\n";
		};
/* End PBXShellScriptBuildPhase section */

/* Begin PBXSourcesBuildPhase section */
		D81214E616445F3F0071512C /* Sources */ = {
			isa = PBXSourcesBuildPhase;
			buildActionMask = 2147483647;
			files = (
				D81214FB16445F3F0071512C /* main.m in Sources */,
				D81214FF16445F3F0071512C /* AppDelegate.m in Sources */,
				D812155116446FA80071512C /* SecondViewController.m in Sources */,
				D812155616446FB80071512C /* ThirdViewController.m in Sources */,
				D812157316449A7A0071512C /* CategoryViewController.m in Sources */,
				D81215781644A4BF0071512C /* FirstViewController.m in Sources */,
				D812157D1644AAED0071512C /* DetailViewController.m in Sources */,
				D812158B1644BC620071512C /* CustomCellView.m in Sources */,
			);
			runOnlyForDeploymentPostprocessing = 0;
		};
		D812150C16445F3F0071512C /* Sources */ = {
			isa = PBXSourcesBuildPhase;
			buildActionMask = 2147483647;
			files = (
				D812152016445F3F0071512C /* testAppTests.m in Sources */,
			);
			runOnlyForDeploymentPostprocessing = 0;
		};
/* End PBXSourcesBuildPhase section */

/* Begin PBXTargetDependency section */
		D812151716445F3F0071512C /* PBXTargetDependency */ = {
			isa = PBXTargetDependency;
			target = D81214E916445F3F0071512C /* testApp */;
			targetProxy = D812151616445F3F0071512C /* PBXContainerItemProxy */;
		};
/* End PBXTargetDependency section */

/* Begin PBXVariantGroup section */
		D81214F716445F3F0071512C /* InfoPlist.strings */ = {
			isa = PBXVariantGroup;
			children = (
				D81214F816445F3F0071512C /* en */,
			);
			name = InfoPlist.strings;
			sourceTree = "<group>";
		};
		D812151B16445F3F0071512C /* InfoPlist.strings */ = {
			isa = PBXVariantGroup;
			children = (
				D812151C16445F3F0071512C /* en */,
			);
			name = InfoPlist.strings;
			sourceTree = "<group>";
		};
/* End PBXVariantGroup section */

/* Begin XCBuildConfiguration section */
		D812152116445F3F0071512C /* Debug */ = {
			isa = XCBuildConfiguration;
			buildSettings = {
				ALWAYS_SEARCH_USER_PATHS = NO;
				CLANG_CXX_LANGUAGE_STANDARD = "gnu++0x";
				CLANG_CXX_LIBRARY = "libc++";
				CLANG_WARN_EMPTY_BODY = YES;
				CLANG_WARN__DUPLICATE_METHOD_MATCH = YES;
				"CODE_SIGN_IDENTITY[sdk=iphoneos*]" = "iPhone Developer";
				COPY_PHASE_STRIP = NO;
				GCC_C_LANGUAGE_STANDARD = gnu99;
				GCC_DYNAMIC_NO_PIC = NO;
				GCC_OPTIMIZATION_LEVEL = 0;
				GCC_PREPROCESSOR_DEFINITIONS = (
					"DEBUG=1",
					"$(inherited)",
				);
				GCC_SYMBOLS_PRIVATE_EXTERN = NO;
				GCC_WARN_ABOUT_RETURN_TYPE = YES;
				GCC_WARN_UNINITIALIZED_AUTOS = YES;
				GCC_WARN_UNUSED_VARIABLE = YES;
				IPHONEOS_DEPLOYMENT_TARGET = 6.0;
				ONLY_ACTIVE_ARCH = YES;
				SDKROOT = iphoneos;
			};
			name = Debug;
		};
		D812152216445F3F0071512C /* Release */ = {
			isa = XCBuildConfiguration;
			buildSettings = {
				ALWAYS_SEARCH_USER_PATHS = NO;
				CLANG_CXX_LANGUAGE_STANDARD = "gnu++0x";
				CLANG_CXX_LIBRARY = "libc++";
				CLANG_WARN_EMPTY_BODY = YES;
				CLANG_WARN__DUPLICATE_METHOD_MATCH = YES;
				"CODE_SIGN_IDENTITY[sdk=iphoneos*]" = "iPhone Developer";
				COPY_PHASE_STRIP = YES;
				GCC_C_LANGUAGE_STANDARD = gnu99;
				GCC_WARN_ABOUT_RETURN_TYPE = YES;
				GCC_WARN_UNINITIALIZED_AUTOS = YES;
				GCC_WARN_UNUSED_VARIABLE = YES;
				IPHONEOS_DEPLOYMENT_TARGET = 6.0;
				OTHER_CFLAGS = "-DNS_BLOCK_ASSERTIONS=1";
				SDKROOT = iphoneos;
				VALIDATE_PRODUCT = YES;
			};
			name = Release;
		};
		D812152416445F3F0071512C /* Debug */ = {
			isa = XCBuildConfiguration;
			buildSettings = {
				GCC_PRECOMPILE_PREFIX_HEADER = YES;
				GCC_PREFIX_HEADER = "testApp/testApp-Prefix.pch";
				INFOPLIST_FILE = "testApp/testApp-Info.plist";
				PRODUCT_NAME = "$(TARGET_NAME)";
				WRAPPER_EXTENSION = app;
			};
			name = Debug;
		};
		D812152516445F3F0071512C /* Release */ = {
			isa = XCBuildConfiguration;
			buildSettings = {
				GCC_PRECOMPILE_PREFIX_HEADER = YES;
				GCC_PREFIX_HEADER = "testApp/testApp-Prefix.pch";
				INFOPLIST_FILE = "testApp/testApp-Info.plist";
				PRODUCT_NAME = "$(TARGET_NAME)";
				WRAPPER_EXTENSION = app;
			};
			name = Release;
		};
		D812152716445F3F0071512C /* Debug */ = {
			isa = XCBuildConfiguration;
			buildSettings = {
				BUNDLE_LOADER = "$(BUILT_PRODUCTS_DIR)/testApp.app/testApp";
				FRAMEWORK_SEARCH_PATHS = (
					"\"$(SDKROOT)/Developer/Library/Frameworks\"",
					"\"$(DEVELOPER_LIBRARY_DIR)/Frameworks\"",
				);
				GCC_PRECOMPILE_PREFIX_HEADER = YES;
				GCC_PREFIX_HEADER = "testApp/testApp-Prefix.pch";
				INFOPLIST_FILE = "testAppTests/testAppTests-Info.plist";
				PRODUCT_NAME = "$(TARGET_NAME)";
				TEST_HOST = "$(BUNDLE_LOADER)";
				WRAPPER_EXTENSION = octest;
			};
			name = Debug;
		};
		D812152816445F3F0071512C /* Release */ = {
			isa = XCBuildConfiguration;
			buildSettings = {
				BUNDLE_LOADER = "$(BUILT_PRODUCTS_DIR)/testApp.app/testApp";
				FRAMEWORK_SEARCH_PATHS = (
					"\"$(SDKROOT)/Developer/Library/Frameworks\"",
					"\"$(DEVELOPER_LIBRARY_DIR)/Frameworks\"",
				);
				GCC_PRECOMPILE_PREFIX_HEADER = YES;
				GCC_PREFIX_HEADER = "testApp/testApp-Prefix.pch";
				INFOPLIST_FILE = "testAppTests/testAppTests-Info.plist";
				PRODUCT_NAME = "$(TARGET_NAME)";
				TEST_HOST = "$(BUNDLE_LOADER)";
				WRAPPER_EXTENSION = octest;
			};
			name = Release;
		};
/* End XCBuildConfiguration section */

/* Begin XCConfigurationList section */
		D81214E416445F3F0071512C /* Build configuration list for PBXProject "testApp" */ = {
			isa = XCConfigurationList;
			buildConfigurations = (
				D812152116445F3F0071512C /* Debug */,
				D812152216445F3F0071512C /* Release */,
			);
			defaultConfigurationIsVisible = 0;
			defaultConfigurationName = Release;
		};
		D812152316445F3F0071512C /* Build configuration list for PBXNativeTarget "testApp" */ = {
			isa = XCConfigurationList;
			buildConfigurations = (
				D812152416445F3F0071512C /* Debug */,
				D812152516445F3F0071512C /* Release */,
			);
			defaultConfigurationIsVisible = 0;
			defaultConfigurationName = Release;
		};
		D812152616445F3F0071512C /* Build configuration list for PBXNativeTarget "testAppTests" */ = {
			isa = XCConfigurationList;
			buildConfigurations = (
				D812152716445F3F0071512C /* Debug */,
				D812152816445F3F0071512C /* Release */,
			);
			defaultConfigurationIsVisible = 0;
			defaultConfigurationName = Release;
		};
/* End XCConfigurationList section */
	};
	rootObject = D81214E116445F3F0071512C /* Project object */;
}
