// !$*UTF8*$!
{
	archiveVersion = 1;
	classes = {
	};
	objectVersion = 46;
	objects = {

/* Begin PBXBuildFile section */
		D84487B115B0C08200E87D8B /* Foundation.framework in Frameworks */ = {isa = PBXBuildFile; fileRef = D84487B015B0C08200E87D8B /* Foundation.framework */; };
		D84487B315B0C08200E87D8B /* UIKit.framework in Frameworks */ = {isa = PBXBuildFile; fileRef = D84487B215B0C08200E87D8B /* UIKit.framework */; };
		D84487B515B0C08200E87D8B /* CoreGraphics.framework in Frameworks */ = {isa = PBXBuildFile; fileRef = D84487B415B0C08200E87D8B /* CoreGraphics.framework */; };
		D84487B715B0C08200E87D8B /* AddressBook.framework in Frameworks */ = {isa = PBXBuildFile; fileRef = D84487B615B0C08200E87D8B /* AddressBook.framework */; };
		D84487B915B0C08200E87D8B /* AddressBookUI.framework in Frameworks */ = {isa = PBXBuildFile; fileRef = D84487B815B0C08200E87D8B /* AddressBookUI.framework */; };
		D84487BB15B0C08200E87D8B /* AudioToolbox.framework in Frameworks */ = {isa = PBXBuildFile; fileRef = D84487BA15B0C08200E87D8B /* AudioToolbox.framework */; };
		D84487BD15B0C08200E87D8B /* AVFoundation.framework in Frameworks */ = {isa = PBXBuildFile; fileRef = D84487BC15B0C08200E87D8B /* AVFoundation.framework */; };
		D84487BF15B0C08200E87D8B /* CoreLocation.framework in Frameworks */ = {isa = PBXBuildFile; fileRef = D84487BE15B0C08200E87D8B /* CoreLocation.framework */; };
		D84487C115B0C08200E87D8B /* MediaPlayer.framework in Frameworks */ = {isa = PBXBuildFile; fileRef = D84487C015B0C08200E87D8B /* MediaPlayer.framework */; };
		D84487C315B0C08200E87D8B /* QuartzCore.framework in Frameworks */ = {isa = PBXBuildFile; fileRef = D84487C215B0C08200E87D8B /* QuartzCore.framework */; };
		D84487C515B0C08200E87D8B /* SystemConfiguration.framework in Frameworks */ = {isa = PBXBuildFile; fileRef = D84487C415B0C08200E87D8B /* SystemConfiguration.framework */; };
		D84487C715B0C08200E87D8B /* MobileCoreServices.framework in Frameworks */ = {isa = PBXBuildFile; fileRef = D84487C615B0C08200E87D8B /* MobileCoreServices.framework */; };
		D84487C915B0C08200E87D8B /* CoreMedia.framework in Frameworks */ = {isa = PBXBuildFile; fileRef = D84487C815B0C08200E87D8B /* CoreMedia.framework */; };
		D84487CF15B0C08200E87D8B /* InfoPlist.strings in Resources */ = {isa = PBXBuildFile; fileRef = D84487CD15B0C08200E87D8B /* InfoPlist.strings */; };
		D84487D115B0C08200E87D8B /* main.m in Sources */ = {isa = PBXBuildFile; fileRef = D84487D015B0C08200E87D8B /* main.m */; };
		D84487D415B0C08200E87D8B /* Cordova.framework in Frameworks */ = {isa = PBXBuildFile; fileRef = D84487D315B0C08200E87D8B /* Cordova.framework */; };
		D84487D915B0C08200E87D8B /* Localizable.strings in Resources */ = {isa = PBXBuildFile; fileRef = D84487D715B0C08200E87D8B /* Localizable.strings */; };
		D84487DD15B0C08200E87D8B /* Localizable.strings in Resources */ = {isa = PBXBuildFile; fileRef = D84487DB15B0C08200E87D8B /* Localizable.strings */; };
		D84487E115B0C08200E87D8B /* Localizable.strings in Resources */ = {isa = PBXBuildFile; fileRef = D84487DF15B0C08200E87D8B /* Localizable.strings */; };
		D84487E515B0C08200E87D8B /* Localizable.strings in Resources */ = {isa = PBXBuildFile; fileRef = D84487E315B0C08200E87D8B /* Localizable.strings */; };
		D84487E815B0C08200E87D8B /* icon.png in Resources */ = {isa = PBXBuildFile; fileRef = D84487E715B0C08200E87D8B /* icon.png */; };
		D84487EA15B0C08200E87D8B /* icon@2x.png in Resources */ = {isa = PBXBuildFile; fileRef = D84487E915B0C08200E87D8B /* icon@2x.png */; };
		D84487EC15B0C08200E87D8B /* icon-72.png in Resources */ = {isa = PBXBuildFile; fileRef = D84487EB15B0C08200E87D8B /* icon-72.png */; };
		D84487EF15B0C08200E87D8B /* Default~iphone.png in Resources */ = {isa = PBXBuildFile; fileRef = D84487EE15B0C08200E87D8B /* Default~iphone.png */; };
		D84487F115B0C08200E87D8B /* Default@2x~iphone.png in Resources */ = {isa = PBXBuildFile; fileRef = D84487F015B0C08200E87D8B /* Default@2x~iphone.png */; };
		D84487F315B0C08200E87D8B /* Capture.bundle in Resources */ = {isa = PBXBuildFile; fileRef = D84487F215B0C08200E87D8B /* Capture.bundle */; };
		D84487F515B0C08200E87D8B /* Cordova.plist in Resources */ = {isa = PBXBuildFile; fileRef = D84487F415B0C08200E87D8B /* Cordova.plist */; };
		D84487F915B0C08200E87D8B /* AppDelegate.m in Sources */ = {isa = PBXBuildFile; fileRef = D84487F815B0C08200E87D8B /* AppDelegate.m */; };
		D84487FC15B0C08200E87D8B /* MainViewController.m in Sources */ = {isa = PBXBuildFile; fileRef = D84487FB15B0C08200E87D8B /* MainViewController.m */; };
		D84487FE15B0C08200E87D8B /* MainViewController.xib in Resources */ = {isa = PBXBuildFile; fileRef = D84487FD15B0C08200E87D8B /* MainViewController.xib */; };
		D844880815B0C16D00E87D8B /* www in Resources */ = {isa = PBXBuildFile; fileRef = D844880715B0C16D00E87D8B /* www */; };
/* End PBXBuildFile section */

/* Begin PBXFileReference section */
		D84487AC15B0C08200E87D8B /* Dungeon Launch Page.app */ = {isa = PBXFileReference; explicitFileType = wrapper.application; includeInIndex = 0; path = "Dungeon Launch Page.app"; sourceTree = BUILT_PRODUCTS_DIR; };
		D84487B015B0C08200E87D8B /* Foundation.framework */ = {isa = PBXFileReference; lastKnownFileType = wrapper.framework; name = Foundation.framework; path = System/Library/Frameworks/Foundation.framework; sourceTree = SDKROOT; };
		D84487B215B0C08200E87D8B /* UIKit.framework */ = {isa = PBXFileReference; lastKnownFileType = wrapper.framework; name = UIKit.framework; path = System/Library/Frameworks/UIKit.framework; sourceTree = SDKROOT; };
		D84487B415B0C08200E87D8B /* CoreGraphics.framework */ = {isa = PBXFileReference; lastKnownFileType = wrapper.framework; name = CoreGraphics.framework; path = System/Library/Frameworks/CoreGraphics.framework; sourceTree = SDKROOT; };
		D84487B615B0C08200E87D8B /* AddressBook.framework */ = {isa = PBXFileReference; lastKnownFileType = wrapper.framework; name = AddressBook.framework; path = System/Library/Frameworks/AddressBook.framework; sourceTree = SDKROOT; };
		D84487B815B0C08200E87D8B /* AddressBookUI.framework */ = {isa = PBXFileReference; lastKnownFileType = wrapper.framework; name = AddressBookUI.framework; path = System/Library/Frameworks/AddressBookUI.framework; sourceTree = SDKROOT; };
		D84487BA15B0C08200E87D8B /* AudioToolbox.framework */ = {isa = PBXFileReference; lastKnownFileType = wrapper.framework; name = AudioToolbox.framework; path = System/Library/Frameworks/AudioToolbox.framework; sourceTree = SDKROOT; };
		D84487BC15B0C08200E87D8B /* AVFoundation.framework */ = {isa = PBXFileReference; lastKnownFileType = wrapper.framework; name = AVFoundation.framework; path = System/Library/Frameworks/AVFoundation.framework; sourceTree = SDKROOT; };
		D84487BE15B0C08200E87D8B /* CoreLocation.framework */ = {isa = PBXFileReference; lastKnownFileType = wrapper.framework; name = CoreLocation.framework; path = System/Library/Frameworks/CoreLocation.framework; sourceTree = SDKROOT; };
		D84487C015B0C08200E87D8B /* MediaPlayer.framework */ = {isa = PBXFileReference; lastKnownFileType = wrapper.framework; name = MediaPlayer.framework; path = System/Library/Frameworks/MediaPlayer.framework; sourceTree = SDKROOT; };
		D84487C215B0C08200E87D8B /* QuartzCore.framework */ = {isa = PBXFileReference; lastKnownFileType = wrapper.framework; name = QuartzCore.framework; path = System/Library/Frameworks/QuartzCore.framework; sourceTree = SDKROOT; };
		D84487C415B0C08200E87D8B /* SystemConfiguration.framework */ = {isa = PBXFileReference; lastKnownFileType = wrapper.framework; name = SystemConfiguration.framework; path = System/Library/Frameworks/SystemConfiguration.framework; sourceTree = SDKROOT; };
		D84487C615B0C08200E87D8B /* MobileCoreServices.framework */ = {isa = PBXFileReference; lastKnownFileType = wrapper.framework; name = MobileCoreServices.framework; path = System/Library/Frameworks/MobileCoreServices.framework; sourceTree = SDKROOT; };
		D84487C815B0C08200E87D8B /* CoreMedia.framework */ = {isa = PBXFileReference; lastKnownFileType = wrapper.framework; name = CoreMedia.framework; path = System/Library/Frameworks/CoreMedia.framework; sourceTree = SDKROOT; };
		D84487CC15B0C08200E87D8B /* Dungeon Launch Page-Info.plist */ = {isa = PBXFileReference; lastKnownFileType = text.plist.xml; path = "Dungeon Launch Page-Info.plist"; sourceTree = "<group>"; };
		D84487CE15B0C08200E87D8B /* en */ = {isa = PBXFileReference; lastKnownFileType = text.plist.strings; name = en; path = en.lproj/InfoPlist.strings; sourceTree = "<group>"; };
		D84487D015B0C08200E87D8B /* main.m */ = {isa = PBXFileReference; lastKnownFileType = sourcecode.c.objc; path = main.m; sourceTree = "<group>"; };
		D84487D215B0C08200E87D8B /* Dungeon Launch Page-Prefix.pch */ = {isa = PBXFileReference; lastKnownFileType = sourcecode.c.h; path = "Dungeon Launch Page-Prefix.pch"; sourceTree = "<group>"; };
		D84487D315B0C08200E87D8B /* Cordova.framework */ = {isa = PBXFileReference; lastKnownFileType = wrapper.framework; name = Cordova.framework; path = /Users/Shared/Cordova/Frameworks/Cordova.framework; sourceTree = "<absolute>"; };
		D84487D815B0C08200E87D8B /* en */ = {isa = PBXFileReference; lastKnownFileType = text.plist.strings; name = en; path = Resources/en.lproj/Localizable.strings; sourceTree = "<group>"; };
		D84487DC15B0C08200E87D8B /* es */ = {isa = PBXFileReference; lastKnownFileType = text.plist.strings; name = es; path = Resources/es.lproj/Localizable.strings; sourceTree = "<group>"; };
		D84487E015B0C08200E87D8B /* de */ = {isa = PBXFileReference; lastKnownFileType = text.plist.strings; name = de; path = Resources/de.lproj/Localizable.strings; sourceTree = "<group>"; };
		D84487E415B0C08200E87D8B /* se */ = {isa = PBXFileReference; lastKnownFileType = text.plist.strings; name = se; path = Resources/se.lproj/Localizable.strings; sourceTree = "<group>"; };
		D84487E715B0C08200E87D8B /* icon.png */ = {isa = PBXFileReference; lastKnownFileType = image.png; name = icon.png; path = Resources/icons/icon.png; sourceTree = "<group>"; };
		D84487E915B0C08200E87D8B /* icon@2x.png */ = {isa = PBXFileReference; lastKnownFileType = image.png; name = "icon@2x.png"; path = "Resources/icons/icon@2x.png"; sourceTree = "<group>"; };
		D84487EB15B0C08200E87D8B /* icon-72.png */ = {isa = PBXFileReference; lastKnownFileType = image.png; name = "icon-72.png"; path = "Resources/icons/icon-72.png"; sourceTree = "<group>"; };
		D84487EE15B0C08200E87D8B /* Default~iphone.png */ = {isa = PBXFileReference; lastKnownFileType = image.png; name = "Default~iphone.png"; path = "Resources/splash/Default~iphone.png"; sourceTree = "<group>"; };
		D84487F015B0C08200E87D8B /* Default@2x~iphone.png */ = {isa = PBXFileReference; lastKnownFileType = image.png; name = "Default@2x~iphone.png"; path = "Resources/splash/Default@2x~iphone.png"; sourceTree = "<group>"; };
		D84487F215B0C08200E87D8B /* Capture.bundle */ = {isa = PBXFileReference; lastKnownFileType = "wrapper.plug-in"; name = Capture.bundle; path = Resources/Capture.bundle; sourceTree = "<group>"; };
		D84487F415B0C08200E87D8B /* Cordova.plist */ = {isa = PBXFileReference; lastKnownFileType = text.plist.xml; path = Cordova.plist; sourceTree = "<group>"; };
		D84487F715B0C08200E87D8B /* AppDelegate.h */ = {isa = PBXFileReference; lastKnownFileType = sourcecode.c.h; name = AppDelegate.h; path = Classes/AppDelegate.h; sourceTree = "<group>"; };
		D84487F815B0C08200E87D8B /* AppDelegate.m */ = {isa = PBXFileReference; lastKnownFileType = sourcecode.c.objc; name = AppDelegate.m; path = Classes/AppDelegate.m; sourceTree = "<group>"; };
		D84487FA15B0C08200E87D8B /* MainViewController.h */ = {isa = PBXFileReference; lastKnownFileType = sourcecode.c.h; name = MainViewController.h; path = Classes/MainViewController.h; sourceTree = "<group>"; };
		D84487FB15B0C08200E87D8B /* MainViewController.m */ = {isa = PBXFileReference; lastKnownFileType = sourcecode.c.objc; name = MainViewController.m; path = Classes/MainViewController.m; sourceTree = "<group>"; };
		D84487FD15B0C08200E87D8B /* MainViewController.xib */ = {isa = PBXFileReference; lastKnownFileType = file.xib; name = MainViewController.xib; path = Classes/MainViewController.xib; sourceTree = "<group>"; };
		D844880015B0C08200E87D8B /* README */ = {isa = PBXFileReference; lastKnownFileType = text; name = README; path = Plugins/README; sourceTree = "<group>"; };
		D844880115B0C08300E87D8B /* verify.sh */ = {isa = PBXFileReference; lastKnownFileType = text.script.sh; path = verify.sh; sourceTree = "<group>"; };
		D844880715B0C16D00E87D8B /* www */ = {isa = PBXFileReference; lastKnownFileType = folder; path = www; sourceTree = "<group>"; };
/* End PBXFileReference section */

/* Begin PBXFrameworksBuildPhase section */
		D84487A615B0C08200E87D8B /* Frameworks */ = {
			isa = PBXFrameworksBuildPhase;
			buildActionMask = 2147483647;
			files = (
				D84487B115B0C08200E87D8B /* Foundation.framework in Frameworks */,
				D84487B315B0C08200E87D8B /* UIKit.framework in Frameworks */,
				D84487B515B0C08200E87D8B /* CoreGraphics.framework in Frameworks */,
				D84487B715B0C08200E87D8B /* AddressBook.framework in Frameworks */,
				D84487B915B0C08200E87D8B /* AddressBookUI.framework in Frameworks */,
				D84487BB15B0C08200E87D8B /* AudioToolbox.framework in Frameworks */,
				D84487BD15B0C08200E87D8B /* AVFoundation.framework in Frameworks */,
				D84487BF15B0C08200E87D8B /* CoreLocation.framework in Frameworks */,
				D84487C115B0C08200E87D8B /* MediaPlayer.framework in Frameworks */,
				D84487C315B0C08200E87D8B /* QuartzCore.framework in Frameworks */,
				D84487C515B0C08200E87D8B /* SystemConfiguration.framework in Frameworks */,
				D84487C715B0C08200E87D8B /* MobileCoreServices.framework in Frameworks */,
				D84487C915B0C08200E87D8B /* CoreMedia.framework in Frameworks */,
				D84487D415B0C08200E87D8B /* Cordova.framework in Frameworks */,
			);
			runOnlyForDeploymentPostprocessing = 0;
		};
		D84487A915B0C08200E87D8B /* Frameworks */ = {
			isa = PBXFrameworksBuildPhase;
			buildActionMask = 2147483647;
			files = (
			);
			runOnlyForDeploymentPostprocessing = 0;
		};
/* End PBXFrameworksBuildPhase section */

/* Begin PBXGroup section */
		D844879E15B0C08200E87D8B = {
			isa = PBXGroup;
			children = (
				D84487CA15B0C08200E87D8B /* Dungeon Launch Page */,
				D84487AF15B0C08200E87D8B /* Frameworks */,
				D84487AD15B0C08200E87D8B /* Products */,
			);
			sourceTree = "<group>";
		};
		D84487AD15B0C08200E87D8B /* Products */ = {
			isa = PBXGroup;
			children = (
				D84487AC15B0C08200E87D8B /* Dungeon Launch Page.app */,
			);
			name = Products;
			sourceTree = "<group>";
		};
		D84487AF15B0C08200E87D8B /* Frameworks */ = {
			isa = PBXGroup;
			children = (
				D84487B015B0C08200E87D8B /* Foundation.framework */,
				D84487B215B0C08200E87D8B /* UIKit.framework */,
				D84487B415B0C08200E87D8B /* CoreGraphics.framework */,
				D84487B615B0C08200E87D8B /* AddressBook.framework */,
				D84487B815B0C08200E87D8B /* AddressBookUI.framework */,
				D84487BA15B0C08200E87D8B /* AudioToolbox.framework */,
				D84487BC15B0C08200E87D8B /* AVFoundation.framework */,
				D84487BE15B0C08200E87D8B /* CoreLocation.framework */,
				D84487C015B0C08200E87D8B /* MediaPlayer.framework */,
				D84487C215B0C08200E87D8B /* QuartzCore.framework */,
				D84487C415B0C08200E87D8B /* SystemConfiguration.framework */,
				D84487C615B0C08200E87D8B /* MobileCoreServices.framework */,
				D84487C815B0C08200E87D8B /* CoreMedia.framework */,
			);
			name = Frameworks;
			sourceTree = "<group>";
		};
		D84487CA15B0C08200E87D8B /* Dungeon Launch Page */ = {
			isa = PBXGroup;
			children = (
				D844880715B0C16D00E87D8B /* www */,
				D84487D315B0C08200E87D8B /* Cordova.framework */,
				D84487D515B0C08200E87D8B /* Resources */,
				D84487F615B0C08200E87D8B /* Classes */,
				D84487FF15B0C08200E87D8B /* Plugins */,
				D84487CB15B0C08200E87D8B /* Supporting Files */,
			);
			path = "Dungeon Launch Page";
			sourceTree = "<group>";
		};
		D84487CB15B0C08200E87D8B /* Supporting Files */ = {
			isa = PBXGroup;
			children = (
				D84487CC15B0C08200E87D8B /* Dungeon Launch Page-Info.plist */,
				D84487CD15B0C08200E87D8B /* InfoPlist.strings */,
				D84487D015B0C08200E87D8B /* main.m */,
				D84487D215B0C08200E87D8B /* Dungeon Launch Page-Prefix.pch */,
				D84487F415B0C08200E87D8B /* Cordova.plist */,
				D84487FD15B0C08200E87D8B /* MainViewController.xib */,
				D844880115B0C08300E87D8B /* verify.sh */,
			);
			name = "Supporting Files";
			sourceTree = "<group>";
		};
		D84487D515B0C08200E87D8B /* Resources */ = {
			isa = PBXGroup;
			children = (
				D84487F215B0C08200E87D8B /* Capture.bundle */,
				D84487D615B0C08200E87D8B /* en.lproj */,
				D84487DA15B0C08200E87D8B /* es.lproj */,
				D84487DE15B0C08200E87D8B /* de.lproj */,
				D84487E215B0C08200E87D8B /* se.lproj */,
				D84487E615B0C08200E87D8B /* icons */,
				D84487ED15B0C08200E87D8B /* splash */,
			);
			name = Resources;
			sourceTree = "<group>";
		};
		D84487D615B0C08200E87D8B /* en.lproj */ = {
			isa = PBXGroup;
			children = (
				D84487D715B0C08200E87D8B /* Localizable.strings */,
			);
			name = en.lproj;
			sourceTree = "<group>";
		};
		D84487DA15B0C08200E87D8B /* es.lproj */ = {
			isa = PBXGroup;
			children = (
				D84487DB15B0C08200E87D8B /* Localizable.strings */,
			);
			name = es.lproj;
			sourceTree = "<group>";
		};
		D84487DE15B0C08200E87D8B /* de.lproj */ = {
			isa = PBXGroup;
			children = (
				D84487DF15B0C08200E87D8B /* Localizable.strings */,
			);
			name = de.lproj;
			sourceTree = "<group>";
		};
		D84487E215B0C08200E87D8B /* se.lproj */ = {
			isa = PBXGroup;
			children = (
				D84487E315B0C08200E87D8B /* Localizable.strings */,
			);
			name = se.lproj;
			sourceTree = "<group>";
		};
		D84487E615B0C08200E87D8B /* icons */ = {
			isa = PBXGroup;
			children = (
				D84487E715B0C08200E87D8B /* icon.png */,
				D84487E915B0C08200E87D8B /* icon@2x.png */,
				D84487EB15B0C08200E87D8B /* icon-72.png */,
			);
			name = icons;
			sourceTree = "<group>";
		};
		D84487ED15B0C08200E87D8B /* splash */ = {
			isa = PBXGroup;
			children = (
				D84487EE15B0C08200E87D8B /* Default~iphone.png */,
				D84487F015B0C08200E87D8B /* Default@2x~iphone.png */,
			);
			name = splash;
			sourceTree = "<group>";
		};
		D84487F615B0C08200E87D8B /* Classes */ = {
			isa = PBXGroup;
			children = (
				D84487F715B0C08200E87D8B /* AppDelegate.h */,
				D84487F815B0C08200E87D8B /* AppDelegate.m */,
				D84487FA15B0C08200E87D8B /* MainViewController.h */,
				D84487FB15B0C08200E87D8B /* MainViewController.m */,
			);
			name = Classes;
			sourceTree = "<group>";
		};
		D84487FF15B0C08200E87D8B /* Plugins */ = {
			isa = PBXGroup;
			children = (
				D844880015B0C08200E87D8B /* README */,
			);
			name = Plugins;
			sourceTree = "<group>";
		};
/* End PBXGroup section */

/* Begin PBXNativeTarget section */
		D84487AB15B0C08200E87D8B /* Dungeon Launch Page */ = {
			isa = PBXNativeTarget;
			buildConfigurationList = D844880415B0C08300E87D8B /* Build configuration list for PBXNativeTarget "Dungeon Launch Page" */;
			buildPhases = (
				D84487A515B0C08200E87D8B /* Sources */,
				D84487A615B0C08200E87D8B /* Frameworks */,
				D84487A715B0C08200E87D8B /* Resources */,
				D84487A815B0C08200E87D8B /* Sources */,
				D84487A915B0C08200E87D8B /* Frameworks */,
				D84487AA15B0C08200E87D8B /* ShellScript */,
			);
			buildRules = (
			);
			dependencies = (
			);
			name = "Dungeon Launch Page";
			productName = "Dungeon Launch Page";
			productReference = D84487AC15B0C08200E87D8B /* Dungeon Launch Page.app */;
			productType = "com.apple.product-type.application";
		};
/* End PBXNativeTarget section */

/* Begin PBXProject section */
		D84487A015B0C08200E87D8B /* Project object */ = {
			isa = PBXProject;
			attributes = {
				LastUpgradeCheck = 0430;
				ORGANIZATIONNAME = "Full Sail University";
			};
			buildConfigurationList = D84487A315B0C08200E87D8B /* Build configuration list for PBXProject "Dungeon Launch Page" */;
			compatibilityVersion = "Xcode 3.2";
			developmentRegion = English;
			hasScannedForEncodings = 0;
			knownRegions = (
				en,
				es,
				de,
				se,
			);
			mainGroup = D844879E15B0C08200E87D8B;
			productRefGroup = D84487AD15B0C08200E87D8B /* Products */;
			projectDirPath = "";
			projectRoot = "";
			targets = (
				D84487AB15B0C08200E87D8B /* Dungeon Launch Page */,
			);
		};
/* End PBXProject section */

/* Begin PBXResourcesBuildPhase section */
		D84487A715B0C08200E87D8B /* Resources */ = {
			isa = PBXResourcesBuildPhase;
			buildActionMask = 2147483647;
			files = (
				D84487CF15B0C08200E87D8B /* InfoPlist.strings in Resources */,
				D84487D915B0C08200E87D8B /* Localizable.strings in Resources */,
				D84487DD15B0C08200E87D8B /* Localizable.strings in Resources */,
				D84487E115B0C08200E87D8B /* Localizable.strings in Resources */,
				D84487E515B0C08200E87D8B /* Localizable.strings in Resources */,
				D84487E815B0C08200E87D8B /* icon.png in Resources */,
				D84487EA15B0C08200E87D8B /* icon@2x.png in Resources */,
				D84487EC15B0C08200E87D8B /* icon-72.png in Resources */,
				D84487EF15B0C08200E87D8B /* Default~iphone.png in Resources */,
				D84487F115B0C08200E87D8B /* Default@2x~iphone.png in Resources */,
				D84487F315B0C08200E87D8B /* Capture.bundle in Resources */,
				D84487F515B0C08200E87D8B /* Cordova.plist in Resources */,
				D84487FE15B0C08200E87D8B /* MainViewController.xib in Resources */,
				D844880815B0C16D00E87D8B /* www in Resources */,
			);
			runOnlyForDeploymentPostprocessing = 0;
		};
/* End PBXResourcesBuildPhase section */

/* Begin PBXShellScriptBuildPhase section */
		D84487AA15B0C08200E87D8B /* ShellScript */ = {
			isa = PBXShellScriptBuildPhase;
			buildActionMask = 2147483647;
			files = (
			);
			inputPaths = (
			);
			outputPaths = (
			);
			runOnlyForDeploymentPostprocessing = 0;
			shellPath = /bin/bash;
			shellScript = "\n\t\t\t\t\t\t\t\tchmod 755 \"$PROJECT_DIR/$PROJECT_NAME/verify.sh\"\n\t\t\t\t\t\t\t\t\"$PROJECT_DIR/$PROJECT_NAME/verify.sh\"\n\t\t\t\t\t";
		};
/* End PBXShellScriptBuildPhase section */

/* Begin PBXSourcesBuildPhase section */
		D84487A515B0C08200E87D8B /* Sources */ = {
			isa = PBXSourcesBuildPhase;
			buildActionMask = 2147483647;
			files = (
				D84487D115B0C08200E87D8B /* main.m in Sources */,
				D84487F915B0C08200E87D8B /* AppDelegate.m in Sources */,
				D84487FC15B0C08200E87D8B /* MainViewController.m in Sources */,
			);
			runOnlyForDeploymentPostprocessing = 0;
		};
		D84487A815B0C08200E87D8B /* Sources */ = {
			isa = PBXSourcesBuildPhase;
			buildActionMask = 2147483647;
			files = (
			);
			runOnlyForDeploymentPostprocessing = 0;
		};
/* End PBXSourcesBuildPhase section */

/* Begin PBXVariantGroup section */
		D84487CD15B0C08200E87D8B /* InfoPlist.strings */ = {
			isa = PBXVariantGroup;
			children = (
				D84487CE15B0C08200E87D8B /* en */,
			);
			name = InfoPlist.strings;
			sourceTree = "<group>";
		};
		D84487D715B0C08200E87D8B /* Localizable.strings */ = {
			isa = PBXVariantGroup;
			children = (
				D84487D815B0C08200E87D8B /* en */,
			);
			name = Localizable.strings;
			sourceTree = "<group>";
		};
		D84487DB15B0C08200E87D8B /* Localizable.strings */ = {
			isa = PBXVariantGroup;
			children = (
				D84487DC15B0C08200E87D8B /* es */,
			);
			name = Localizable.strings;
			sourceTree = "<group>";
		};
		D84487DF15B0C08200E87D8B /* Localizable.strings */ = {
			isa = PBXVariantGroup;
			children = (
				D84487E015B0C08200E87D8B /* de */,
			);
			name = Localizable.strings;
			sourceTree = "<group>";
		};
		D84487E315B0C08200E87D8B /* Localizable.strings */ = {
			isa = PBXVariantGroup;
			children = (
				D84487E415B0C08200E87D8B /* se */,
			);
			name = Localizable.strings;
			sourceTree = "<group>";
		};
/* End PBXVariantGroup section */

/* Begin XCBuildConfiguration section */
		D844880215B0C08300E87D8B /* Debug */ = {
			isa = XCBuildConfiguration;
			buildSettings = {
				ALWAYS_SEARCH_USER_PATHS = NO;
				ARCHS = (
					armv6,
					"$(ARCHS_STANDARD_32_BIT)",
				);
				CLANG_ENABLE_OBJC_ARC = YES;
				"CODE_SIGN_IDENTITY[sdk=iphoneos*]" = "iPhone Developer";
				COPY_PHASE_STRIP = NO;
				GCC_C_LANGUAGE_STANDARD = gnu99;
				GCC_DYNAMIC_NO_PIC = NO;
				GCC_OPTIMIZATION_LEVEL = 0;
				GCC_PREPROCESSOR_DEFINITIONS = (
					"DEBUG=1",
					"$(inherited)",
				);
				GCC_SYMBOLS_PRIVATE_EXTERN = NO;
				GCC_THUMB_SUPPORT = NO;
				GCC_VERSION = com.apple.compilers.llvm.clang.1_0;
				GCC_WARN_ABOUT_RETURN_TYPE = YES;
				GCC_WARN_UNINITIALIZED_AUTOS = YES;
				GCC_WARN_UNUSED_VARIABLE = YES;
				IPHONEOS_DEPLOYMENT_TARGET = 3.0;
				SDKROOT = iphoneos;
			};
			name = Debug;
		};
		D844880315B0C08300E87D8B /* Release */ = {
			isa = XCBuildConfiguration;
			buildSettings = {
				ALWAYS_SEARCH_USER_PATHS = NO;
				ARCHS = (
					armv6,
					"$(ARCHS_STANDARD_32_BIT)",
				);
				CLANG_ENABLE_OBJC_ARC = YES;
				"CODE_SIGN_IDENTITY[sdk=iphoneos*]" = "iPhone Developer";
				COPY_PHASE_STRIP = YES;
				GCC_C_LANGUAGE_STANDARD = gnu99;
				GCC_THUMB_SUPPORT = NO;
				GCC_VERSION = com.apple.compilers.llvm.clang.1_0;
				GCC_WARN_ABOUT_RETURN_TYPE = YES;
				GCC_WARN_UNINITIALIZED_AUTOS = YES;
				GCC_WARN_UNUSED_VARIABLE = YES;
				IPHONEOS_DEPLOYMENT_TARGET = 3.0;
				SDKROOT = iphoneos;
				VALIDATE_PRODUCT = YES;
			};
			name = Release;
		};
		D844880515B0C08300E87D8B /* Debug */ = {
			isa = XCBuildConfiguration;
			buildSettings = {
				ALWAYS_SEARCH_USER_PATHS = YES;
				CLANG_ENABLE_OBJC_ARC = NO;
				CODE_SIGN_IDENTITY = "iPhone Developer";
				"CODE_SIGN_IDENTITY[sdk=iphoneos*]" = "iPhone Developer";
				COPY_PHASE_STRIP = NO;
				FRAMEWORK_SEARCH_PATHS = /Users/Shared/Cordova/Frameworks;
				GCC_DYNAMIC_NO_PIC = NO;
				GCC_PRECOMPILE_PREFIX_HEADER = YES;
				GCC_PREFIX_HEADER = "Dungeon Launch Page/Dungeon Launch Page-Prefix.pch";
				GCC_PREPROCESSOR_DEFINITIONS = (
					"DEBUG=1,",
					"CORDOVA_FRAMEWORK=1",
				);
				GCC_THUMB_SUPPORT = NO;
				INFOPLIST_FILE = "Dungeon Launch Page/Dungeon Launch Page-Info.plist";
				OTHER_LDFLAGS = (
					"-weak_framework",
					UIKit,
					"-weak_framework",
					AVFoundation,
					"-weak_framework",
					CoreMedia,
					"-weak-lSystem",
				);
				PRODUCT_NAME = "$(TARGET_NAME)";
				PROVISIONING_PROFILE = "";
				"PROVISIONING_PROFILE[sdk=iphoneos*]" = "";
				TARGETED_DEVICE_FAMILY = "1,2";
				WRAPPER_EXTENSION = app;
			};
			name = Debug;
		};
		D844880615B0C08300E87D8B /* Release */ = {
			isa = XCBuildConfiguration;
			buildSettings = {
				ALWAYS_SEARCH_USER_PATHS = YES;
				CLANG_ENABLE_OBJC_ARC = NO;
				CODE_SIGN_IDENTITY = "iPhone Developer";
				"CODE_SIGN_IDENTITY[sdk=iphoneos*]" = "iPhone Developer";
				COPY_PHASE_STRIP = YES;
				DEBUG_INFORMATION_FORMAT = "dwarf-with-dsym";
				FRAMEWORK_SEARCH_PATHS = /Users/Shared/Cordova/Frameworks;
				GCC_PRECOMPILE_PREFIX_HEADER = YES;
				GCC_PREFIX_HEADER = "Dungeon Launch Page/Dungeon Launch Page-Prefix.pch";
				GCC_PREPROCESSOR_DEFINITIONS = (
					"NDEBUG=1,",
					"CORDOVA_FRAMEWORK=1",
				);
				GCC_THUMB_SUPPORT = NO;
				INFOPLIST_FILE = "Dungeon Launch Page/Dungeon Launch Page-Info.plist";
				OTHER_LDFLAGS = (
					"-weak_framework",
					UIKit,
					"-weak_framework",
					AVFoundation,
					"-weak_framework",
					CoreMedia,
					"-weak-lSystem",
				);
				PRODUCT_NAME = "$(TARGET_NAME)";
				PROVISIONING_PROFILE = "";
				"PROVISIONING_PROFILE[sdk=iphoneos*]" = "";
				TARGETED_DEVICE_FAMILY = "1,2";
				VALIDATE_PRODUCT = YES;
				WRAPPER_EXTENSION = app;
			};
			name = Release;
		};
/* End XCBuildConfiguration section */

/* Begin XCConfigurationList section */
		D84487A315B0C08200E87D8B /* Build configuration list for PBXProject "Dungeon Launch Page" */ = {
			isa = XCConfigurationList;
			buildConfigurations = (
				D844880215B0C08300E87D8B /* Debug */,
				D844880315B0C08300E87D8B /* Release */,
			);
			defaultConfigurationIsVisible = 0;
			defaultConfigurationName = Release;
		};
		D844880415B0C08300E87D8B /* Build configuration list for PBXNativeTarget "Dungeon Launch Page" */ = {
			isa = XCConfigurationList;
			buildConfigurations = (
				D844880515B0C08300E87D8B /* Debug */,
				D844880615B0C08300E87D8B /* Release */,
			);
			defaultConfigurationIsVisible = 0;
			defaultConfigurationName = Release;
		};
/* End XCConfigurationList section */
	};
	rootObject = D84487A015B0C08200E87D8B /* Project object */;
}
