// !$*UTF8*$!
{
	archiveVersion = 1;
	classes = {
	};
	objectVersion = 46;
	objects = {

/* Begin PBXBuildFile section */
		D8C51D20165557F200B903BD /* UIKit.framework in Frameworks */ = {isa = PBXBuildFile; fileRef = D8C51D1F165557F200B903BD /* UIKit.framework */; };
		D8C51D22165557F200B903BD /* Foundation.framework in Frameworks */ = {isa = PBXBuildFile; fileRef = D8C51D21165557F200B903BD /* Foundation.framework */; };
		D8C51D24165557F200B903BD /* CoreGraphics.framework in Frameworks */ = {isa = PBXBuildFile; fileRef = D8C51D23165557F200B903BD /* CoreGraphics.framework */; };
		D8C51D2A165557F200B903BD /* InfoPlist.strings in Resources */ = {isa = PBXBuildFile; fileRef = D8C51D28165557F200B903BD /* InfoPlist.strings */; };
		D8C51D2C165557F200B903BD /* main.m in Sources */ = {isa = PBXBuildFile; fileRef = D8C51D2B165557F200B903BD /* main.m */; };
		D8C51D30165557F200B903BD /* AppDelegate.m in Sources */ = {isa = PBXBuildFile; fileRef = D8C51D2F165557F200B903BD /* AppDelegate.m */; };
		D8C51D32165557F200B903BD /* Default.png in Resources */ = {isa = PBXBuildFile; fileRef = D8C51D31165557F200B903BD /* Default.png */; };
		D8C51D34165557F200B903BD /* Default@2x.png in Resources */ = {isa = PBXBuildFile; fileRef = D8C51D33165557F200B903BD /* Default@2x.png */; };
		D8C51D36165557F200B903BD /* Default-568h@2x.png in Resources */ = {isa = PBXBuildFile; fileRef = D8C51D35165557F200B903BD /* Default-568h@2x.png */; };
		D8C51D39165557F200B903BD /* FirstViewController.m in Sources */ = {isa = PBXBuildFile; fileRef = D8C51D38165557F200B903BD /* FirstViewController.m */; };
		D8C51D3B165557F200B903BD /* first.png in Resources */ = {isa = PBXBuildFile; fileRef = D8C51D3A165557F200B903BD /* first.png */; };
		D8C51D3D165557F200B903BD /* first@2x.png in Resources */ = {isa = PBXBuildFile; fileRef = D8C51D3C165557F200B903BD /* first@2x.png */; };
		D8C51D40165557F200B903BD /* SecondViewController.m in Sources */ = {isa = PBXBuildFile; fileRef = D8C51D3F165557F200B903BD /* SecondViewController.m */; };
		D8C51D42165557F200B903BD /* second.png in Resources */ = {isa = PBXBuildFile; fileRef = D8C51D41165557F200B903BD /* second.png */; };
		D8C51D44165557F200B903BD /* second@2x.png in Resources */ = {isa = PBXBuildFile; fileRef = D8C51D43165557F200B903BD /* second@2x.png */; };
		D8C51D47165557F200B903BD /* FirstViewController.xib in Resources */ = {isa = PBXBuildFile; fileRef = D8C51D45165557F200B903BD /* FirstViewController.xib */; };
		D8C51D4A165557F200B903BD /* SecondViewController.xib in Resources */ = {isa = PBXBuildFile; fileRef = D8C51D48165557F200B903BD /* SecondViewController.xib */; };
		D8C51D52165557F200B903BD /* SenTestingKit.framework in Frameworks */ = {isa = PBXBuildFile; fileRef = D8C51D51165557F200B903BD /* SenTestingKit.framework */; };
		D8C51D53165557F200B903BD /* UIKit.framework in Frameworks */ = {isa = PBXBuildFile; fileRef = D8C51D1F165557F200B903BD /* UIKit.framework */; };
		D8C51D54165557F200B903BD /* Foundation.framework in Frameworks */ = {isa = PBXBuildFile; fileRef = D8C51D21165557F200B903BD /* Foundation.framework */; };
		D8C51D5C165557F200B903BD /* InfoPlist.strings in Resources */ = {isa = PBXBuildFile; fileRef = D8C51D5A165557F200B903BD /* InfoPlist.strings */; };
		D8C51D5F165557F200B903BD /* Classic_YoutubeTests.m in Sources */ = {isa = PBXBuildFile; fileRef = D8C51D5E165557F200B903BD /* Classic_YoutubeTests.m */; };
		D8C51D851655802F00B903BD /* listDetails.m in Sources */ = {isa = PBXBuildFile; fileRef = D8C51D841655802F00B903BD /* listDetails.m */; };
		D8C51D89165583CA00B903BD /* ThirdViewController.m in Sources */ = {isa = PBXBuildFile; fileRef = D8C51D87165583CA00B903BD /* ThirdViewController.m */; };
		D8C51D8A165583CA00B903BD /* ThirdViewController.xib in Resources */ = {isa = PBXBuildFile; fileRef = D8C51D88165583CA00B903BD /* ThirdViewController.xib */; };
/* End PBXBuildFile section */

/* Begin PBXContainerItemProxy section */
		D8C51D55165557F200B903BD /* PBXContainerItemProxy */ = {
			isa = PBXContainerItemProxy;
			containerPortal = D8C51D12165557F200B903BD /* Project object */;
			proxyType = 1;
			remoteGlobalIDString = D8C51D1A165557F200B903BD;
			remoteInfo = "Classic Youtube";
		};
/* End PBXContainerItemProxy section */

/* Begin PBXFileReference section */
		D8C51D1B165557F200B903BD /* testApp.app */ = {isa = PBXFileReference; explicitFileType = wrapper.application; includeInIndex = 0; path = testApp.app; sourceTree = BUILT_PRODUCTS_DIR; };
		D8C51D1F165557F200B903BD /* UIKit.framework */ = {isa = PBXFileReference; lastKnownFileType = wrapper.framework; name = UIKit.framework; path = System/Library/Frameworks/UIKit.framework; sourceTree = SDKROOT; };
		D8C51D21165557F200B903BD /* Foundation.framework */ = {isa = PBXFileReference; lastKnownFileType = wrapper.framework; name = Foundation.framework; path = System/Library/Frameworks/Foundation.framework; sourceTree = SDKROOT; };
		D8C51D23165557F200B903BD /* CoreGraphics.framework */ = {isa = PBXFileReference; lastKnownFileType = wrapper.framework; name = CoreGraphics.framework; path = System/Library/Frameworks/CoreGraphics.framework; sourceTree = SDKROOT; };
		D8C51D27165557F200B903BD /* testApp-Info.plist */ = {isa = PBXFileReference; lastKnownFileType = text.plist.xml; path = "testApp-Info.plist"; sourceTree = "<group>"; };
		D8C51D29165557F200B903BD /* en */ = {isa = PBXFileReference; lastKnownFileType = text.plist.strings; name = en; path = en.lproj/InfoPlist.strings; sourceTree = "<group>"; };
		D8C51D2B165557F200B903BD /* main.m */ = {isa = PBXFileReference; lastKnownFileType = sourcecode.c.objc; path = main.m; sourceTree = "<group>"; };
		D8C51D2D165557F200B903BD /* testApp-Prefix.pch */ = {isa = PBXFileReference; lastKnownFileType = sourcecode.c.h; path = "testApp-Prefix.pch"; sourceTree = "<group>"; };
		D8C51D2E165557F200B903BD /* AppDelegate.h */ = {isa = PBXFileReference; lastKnownFileType = sourcecode.c.h; path = AppDelegate.h; sourceTree = "<group>"; };
		D8C51D2F165557F200B903BD /* AppDelegate.m */ = {isa = PBXFileReference; lastKnownFileType = sourcecode.c.objc; path = AppDelegate.m; sourceTree = "<group>"; };
		D8C51D31165557F200B903BD /* Default.png */ = {isa = PBXFileReference; lastKnownFileType = image.png; path = Default.png; sourceTree = "<group>"; };
		D8C51D33165557F200B903BD /* Default@2x.png */ = {isa = PBXFileReference; lastKnownFileType = image.png; path = "Default@2x.png"; sourceTree = "<group>"; };
		D8C51D35165557F200B903BD /* Default-568h@2x.png */ = {isa = PBXFileReference; lastKnownFileType = image.png; path = "Default-568h@2x.png"; sourceTree = "<group>"; };
		D8C51D37165557F200B903BD /* FirstViewController.h */ = {isa = PBXFileReference; lastKnownFileType = sourcecode.c.h; path = FirstViewController.h; sourceTree = "<group>"; };
		D8C51D38165557F200B903BD /* FirstViewController.m */ = {isa = PBXFileReference; lastKnownFileType = sourcecode.c.objc; path = FirstViewController.m; sourceTree = "<group>"; };
		D8C51D3A165557F200B903BD /* first.png */ = {isa = PBXFileReference; lastKnownFileType = image.png; path = first.png; sourceTree = "<group>"; };
		D8C51D3C165557F200B903BD /* first@2x.png */ = {isa = PBXFileReference; lastKnownFileType = image.png; path = "first@2x.png"; sourceTree = "<group>"; };
		D8C51D3E165557F200B903BD /* SecondViewController.h */ = {isa = PBXFileReference; lastKnownFileType = sourcecode.c.h; path = SecondViewController.h; sourceTree = "<group>"; };
		D8C51D3F165557F200B903BD /* SecondViewController.m */ = {isa = PBXFileReference; lastKnownFileType = sourcecode.c.objc; path = SecondViewController.m; sourceTree = "<group>"; };
		D8C51D41165557F200B903BD /* second.png */ = {isa = PBXFileReference; lastKnownFileType = image.png; path = second.png; sourceTree = "<group>"; };
		D8C51D43165557F200B903BD /* second@2x.png */ = {isa = PBXFileReference; lastKnownFileType = image.png; path = "second@2x.png"; sourceTree = "<group>"; };
		D8C51D46165557F200B903BD /* en */ = {isa = PBXFileReference; lastKnownFileType = file.xib; name = en; path = en.lproj/FirstViewController.xib; sourceTree = "<group>"; };
		D8C51D49165557F200B903BD /* en */ = {isa = PBXFileReference; lastKnownFileType = file.xib; name = en; path = en.lproj/SecondViewController.xib; sourceTree = "<group>"; };
		D8C51D50165557F200B903BD /* testAppTests.octest */ = {isa = PBXFileReference; explicitFileType = wrapper.cfbundle; includeInIndex = 0; path = testAppTests.octest; sourceTree = BUILT_PRODUCTS_DIR; };
		D8C51D51165557F200B903BD /* SenTestingKit.framework */ = {isa = PBXFileReference; lastKnownFileType = wrapper.framework; name = SenTestingKit.framework; path = Library/Frameworks/SenTestingKit.framework; sourceTree = DEVELOPER_DIR; };
		D8C51D59165557F200B903BD /* testAppTests-Info.plist */ = {isa = PBXFileReference; lastKnownFileType = text.plist.xml; path = "testAppTests-Info.plist"; sourceTree = "<group>"; };
		D8C51D5B165557F200B903BD /* en */ = {isa = PBXFileReference; lastKnownFileType = text.plist.strings; name = en; path = en.lproj/InfoPlist.strings; sourceTree = "<group>"; };
		D8C51D5D165557F200B903BD /* Classic_YoutubeTests.h */ = {isa = PBXFileReference; lastKnownFileType = sourcecode.c.h; path = Classic_YoutubeTests.h; sourceTree = "<group>"; };
		D8C51D5E165557F200B903BD /* Classic_YoutubeTests.m */ = {isa = PBXFileReference; lastKnownFileType = sourcecode.c.objc; path = Classic_YoutubeTests.m; sourceTree = "<group>"; };
		D8C51D831655802F00B903BD /* listDetails.h */ = {isa = PBXFileReference; fileEncoding = 4; lastKnownFileType = sourcecode.c.h; name = listDetails.h; path = ../listDetails.h; sourceTree = "<group>"; };
		D8C51D841655802F00B903BD /* listDetails.m */ = {isa = PBXFileReference; fileEncoding = 4; lastKnownFileType = sourcecode.c.objc; name = listDetails.m; path = ../listDetails.m; sourceTree = "<group>"; };
		D8C51D86165583CA00B903BD /* ThirdViewController.h */ = {isa = PBXFileReference; fileEncoding = 4; lastKnownFileType = sourcecode.c.h; path = ThirdViewController.h; sourceTree = "<group>"; };
		D8C51D87165583CA00B903BD /* ThirdViewController.m */ = {isa = PBXFileReference; fileEncoding = 4; lastKnownFileType = sourcecode.c.objc; path = ThirdViewController.m; sourceTree = "<group>"; };
		D8C51D88165583CA00B903BD /* ThirdViewController.xib */ = {isa = PBXFileReference; fileEncoding = 4; lastKnownFileType = file.xib; path = ThirdViewController.xib; sourceTree = "<group>"; };
/* End PBXFileReference section */

/* Begin PBXFrameworksBuildPhase section */
		D8C51D18165557F200B903BD /* Frameworks */ = {
			isa = PBXFrameworksBuildPhase;
			buildActionMask = 2147483647;
			files = (
				D8C51D20165557F200B903BD /* UIKit.framework in Frameworks */,
				D8C51D22165557F200B903BD /* Foundation.framework in Frameworks */,
				D8C51D24165557F200B903BD /* CoreGraphics.framework in Frameworks */,
			);
			runOnlyForDeploymentPostprocessing = 0;
		};
		D8C51D4C165557F200B903BD /* Frameworks */ = {
			isa = PBXFrameworksBuildPhase;
			buildActionMask = 2147483647;
			files = (
				D8C51D52165557F200B903BD /* SenTestingKit.framework in Frameworks */,
				D8C51D53165557F200B903BD /* UIKit.framework in Frameworks */,
				D8C51D54165557F200B903BD /* Foundation.framework in Frameworks */,
			);
			runOnlyForDeploymentPostprocessing = 0;
		};
/* End PBXFrameworksBuildPhase section */

/* Begin PBXGroup section */
		D8C51D10165557F200B903BD = {
			isa = PBXGroup;
			children = (
				D8C51D25165557F200B903BD /* Classic Youtube */,
				D8C51D57165557F200B903BD /* Classic YoutubeTests */,
				D8C51D1E165557F200B903BD /* Frameworks */,
				D8C51D1C165557F200B903BD /* Products */,
			);
			sourceTree = "<group>";
		};
		D8C51D1C165557F200B903BD /* Products */ = {
			isa = PBXGroup;
			children = (
				D8C51D1B165557F200B903BD /* testApp.app */,
				D8C51D50165557F200B903BD /* testAppTests.octest */,
			);
			name = Products;
			sourceTree = "<group>";
		};
		D8C51D1E165557F200B903BD /* Frameworks */ = {
			isa = PBXGroup;
			children = (
				D8C51D1F165557F200B903BD /* UIKit.framework */,
				D8C51D21165557F200B903BD /* Foundation.framework */,
				D8C51D23165557F200B903BD /* CoreGraphics.framework */,
				D8C51D51165557F200B903BD /* SenTestingKit.framework */,
			);
			name = Frameworks;
			sourceTree = "<group>";
		};
		D8C51D25165557F200B903BD /* Classic Youtube */ = {
			isa = PBXGroup;
			children = (
				D8C51D831655802F00B903BD /* listDetails.h */,
				D8C51D841655802F00B903BD /* listDetails.m */,
				D8C51D2E165557F200B903BD /* AppDelegate.h */,
				D8C51D2F165557F200B903BD /* AppDelegate.m */,
				D8C51D37165557F200B903BD /* FirstViewController.h */,
				D8C51D38165557F200B903BD /* FirstViewController.m */,
				D8C51D3A165557F200B903BD /* first.png */,
				D8C51D3C165557F200B903BD /* first@2x.png */,
				D8C51D3E165557F200B903BD /* SecondViewController.h */,
				D8C51D3F165557F200B903BD /* SecondViewController.m */,
				D8C51D41165557F200B903BD /* second.png */,
				D8C51D43165557F200B903BD /* second@2x.png */,
				D8C51D45165557F200B903BD /* FirstViewController.xib */,
				D8C51D48165557F200B903BD /* SecondViewController.xib */,
				D8C51D26165557F200B903BD /* Supporting Files */,
				D8C51D86165583CA00B903BD /* ThirdViewController.h */,
				D8C51D87165583CA00B903BD /* ThirdViewController.m */,
				D8C51D88165583CA00B903BD /* ThirdViewController.xib */,
			);
			path = "Classic Youtube";
			sourceTree = "<group>";
		};
		D8C51D26165557F200B903BD /* Supporting Files */ = {
			isa = PBXGroup;
			children = (
				D8C51D27165557F200B903BD /* testApp-Info.plist */,
				D8C51D28165557F200B903BD /* InfoPlist.strings */,
				D8C51D2B165557F200B903BD /* main.m */,
				D8C51D2D165557F200B903BD /* testApp-Prefix.pch */,
				D8C51D31165557F200B903BD /* Default.png */,
				D8C51D33165557F200B903BD /* Default@2x.png */,
				D8C51D35165557F200B903BD /* Default-568h@2x.png */,
			);
			name = "Supporting Files";
			sourceTree = "<group>";
		};
		D8C51D57165557F200B903BD /* Classic YoutubeTests */ = {
			isa = PBXGroup;
			children = (
				D8C51D5D165557F200B903BD /* Classic_YoutubeTests.h */,
				D8C51D5E165557F200B903BD /* Classic_YoutubeTests.m */,
				D8C51D58165557F200B903BD /* Supporting Files */,
			);
			path = "Classic YoutubeTests";
			sourceTree = "<group>";
		};
		D8C51D58165557F200B903BD /* Supporting Files */ = {
			isa = PBXGroup;
			children = (
				D8C51D59165557F200B903BD /* testAppTests-Info.plist */,
				D8C51D5A165557F200B903BD /* InfoPlist.strings */,
			);
			name = "Supporting Files";
			sourceTree = "<group>";
		};
/* End PBXGroup section */

/* Begin PBXNativeTarget section */
		D8C51D1A165557F200B903BD /* testApp */ = {
			isa = PBXNativeTarget;
			buildConfigurationList = D8C51D62165557F200B903BD /* Build configuration list for PBXNativeTarget "testApp" */;
			buildPhases = (
				D8C51D17165557F200B903BD /* Sources */,
				D8C51D18165557F200B903BD /* Frameworks */,
				D8C51D19165557F200B903BD /* Resources */,
			);
			buildRules = (
			);
			dependencies = (
			);
			name = testApp;
			productName = "Classic Youtube";
			productReference = D8C51D1B165557F200B903BD /* testApp.app */;
			productType = "com.apple.product-type.application";
		};
		D8C51D4F165557F200B903BD /* testAppTests */ = {
			isa = PBXNativeTarget;
			buildConfigurationList = D8C51D65165557F200B903BD /* Build configuration list for PBXNativeTarget "testAppTests" */;
			buildPhases = (
				D8C51D4B165557F200B903BD /* Sources */,
				D8C51D4C165557F200B903BD /* Frameworks */,
				D8C51D4D165557F200B903BD /* Resources */,
				D8C51D4E165557F200B903BD /* ShellScript */,
			);
			buildRules = (
			);
			dependencies = (
				D8C51D56165557F200B903BD /* PBXTargetDependency */,
			);
			name = testAppTests;
			productName = "Classic YoutubeTests";
			productReference = D8C51D50165557F200B903BD /* testAppTests.octest */;
			productType = "com.apple.product-type.bundle";
		};
/* End PBXNativeTarget section */

/* Begin PBXProject section */
		D8C51D12165557F200B903BD /* Project object */ = {
			isa = PBXProject;
			attributes = {
				LastUpgradeCheck = 0450;
				ORGANIZATIONNAME = "Nathan Buth";
			};
			buildConfigurationList = D8C51D15165557F200B903BD /* Build configuration list for PBXProject "testApp" */;
			compatibilityVersion = "Xcode 3.2";
			developmentRegion = English;
			hasScannedForEncodings = 0;
			knownRegions = (
				en,
			);
			mainGroup = D8C51D10165557F200B903BD;
			productRefGroup = D8C51D1C165557F200B903BD /* Products */;
			projectDirPath = "";
			projectRoot = "";
			targets = (
				D8C51D1A165557F200B903BD /* testApp */,
				D8C51D4F165557F200B903BD /* testAppTests */,
			);
		};
/* End PBXProject section */

/* Begin PBXResourcesBuildPhase section */
		D8C51D19165557F200B903BD /* Resources */ = {
			isa = PBXResourcesBuildPhase;
			buildActionMask = 2147483647;
			files = (
				D8C51D2A165557F200B903BD /* InfoPlist.strings in Resources */,
				D8C51D32165557F200B903BD /* Default.png in Resources */,
				D8C51D34165557F200B903BD /* Default@2x.png in Resources */,
				D8C51D36165557F200B903BD /* Default-568h@2x.png in Resources */,
				D8C51D3B165557F200B903BD /* first.png in Resources */,
				D8C51D3D165557F200B903BD /* first@2x.png in Resources */,
				D8C51D42165557F200B903BD /* second.png in Resources */,
				D8C51D44165557F200B903BD /* second@2x.png in Resources */,
				D8C51D47165557F200B903BD /* FirstViewController.xib in Resources */,
				D8C51D4A165557F200B903BD /* SecondViewController.xib in Resources */,
				D8C51D8A165583CA00B903BD /* ThirdViewController.xib in Resources */,
			);
			runOnlyForDeploymentPostprocessing = 0;
		};
		D8C51D4D165557F200B903BD /* Resources */ = {
			isa = PBXResourcesBuildPhase;
			buildActionMask = 2147483647;
			files = (
				D8C51D5C165557F200B903BD /* InfoPlist.strings in Resources */,
			);
			runOnlyForDeploymentPostprocessing = 0;
		};
/* End PBXResourcesBuildPhase section */

/* Begin PBXShellScriptBuildPhase section */
		D8C51D4E165557F200B903BD /* ShellScript */ = {
			isa = PBXShellScriptBuildPhase;
			buildActionMask = 2147483647;
			files = (
			);
			inputPaths = (
			);
			outputPaths = (
			);
			runOnlyForDeploymentPostprocessing = 0;
			shellPath = /bin/sh;
			shellScript = "# Run the unit tests in this test bundle.\n\"${SYSTEM_DEVELOPER_DIR}/Tools/RunUnitTests\"\n";
		};
/* End PBXShellScriptBuildPhase section */

/* Begin PBXSourcesBuildPhase section */
		D8C51D17165557F200B903BD /* Sources */ = {
			isa = PBXSourcesBuildPhase;
			buildActionMask = 2147483647;
			files = (
				D8C51D2C165557F200B903BD /* main.m in Sources */,
				D8C51D30165557F200B903BD /* AppDelegate.m in Sources */,
				D8C51D39165557F200B903BD /* FirstViewController.m in Sources */,
				D8C51D40165557F200B903BD /* SecondViewController.m in Sources */,
				D8C51D851655802F00B903BD /* listDetails.m in Sources */,
				D8C51D89165583CA00B903BD /* ThirdViewController.m in Sources */,
			);
			runOnlyForDeploymentPostprocessing = 0;
		};
		D8C51D4B165557F200B903BD /* Sources */ = {
			isa = PBXSourcesBuildPhase;
			buildActionMask = 2147483647;
			files = (
				D8C51D5F165557F200B903BD /* Classic_YoutubeTests.m in Sources */,
			);
			runOnlyForDeploymentPostprocessing = 0;
		};
/* End PBXSourcesBuildPhase section */

/* Begin PBXTargetDependency section */
		D8C51D56165557F200B903BD /* PBXTargetDependency */ = {
			isa = PBXTargetDependency;
			target = D8C51D1A165557F200B903BD /* testApp */;
			targetProxy = D8C51D55165557F200B903BD /* PBXContainerItemProxy */;
		};
/* End PBXTargetDependency section */

/* Begin PBXVariantGroup section */
		D8C51D28165557F200B903BD /* InfoPlist.strings */ = {
			isa = PBXVariantGroup;
			children = (
				D8C51D29165557F200B903BD /* en */,
			);
			name = InfoPlist.strings;
			sourceTree = "<group>";
		};
		D8C51D45165557F200B903BD /* FirstViewController.xib */ = {
			isa = PBXVariantGroup;
			children = (
				D8C51D46165557F200B903BD /* en */,
			);
			name = FirstViewController.xib;
			sourceTree = "<group>";
		};
		D8C51D48165557F200B903BD /* SecondViewController.xib */ = {
			isa = PBXVariantGroup;
			children = (
				D8C51D49165557F200B903BD /* en */,
			);
			name = SecondViewController.xib;
			sourceTree = "<group>";
		};
		D8C51D5A165557F200B903BD /* InfoPlist.strings */ = {
			isa = PBXVariantGroup;
			children = (
				D8C51D5B165557F200B903BD /* en */,
			);
			name = InfoPlist.strings;
			sourceTree = "<group>";
		};
/* End PBXVariantGroup section */

/* Begin XCBuildConfiguration section */
		D8C51D60165557F200B903BD /* Debug */ = {
			isa = XCBuildConfiguration;
			buildSettings = {
				ALWAYS_SEARCH_USER_PATHS = NO;
				CLANG_CXX_LANGUAGE_STANDARD = "gnu++0x";
				CLANG_CXX_LIBRARY = "libc++";
				CLANG_WARN_EMPTY_BODY = YES;
				CLANG_WARN__DUPLICATE_METHOD_MATCH = YES;
				"CODE_SIGN_IDENTITY[sdk=iphoneos*]" = "iPhone Developer";
				COPY_PHASE_STRIP = NO;
				GCC_C_LANGUAGE_STANDARD = gnu99;
				GCC_DYNAMIC_NO_PIC = NO;
				GCC_OPTIMIZATION_LEVEL = 0;
				GCC_PREPROCESSOR_DEFINITIONS = (
					"DEBUG=1",
					"$(inherited)",
				);
				GCC_SYMBOLS_PRIVATE_EXTERN = NO;
				GCC_WARN_ABOUT_RETURN_TYPE = YES;
				GCC_WARN_UNINITIALIZED_AUTOS = YES;
				GCC_WARN_UNUSED_VARIABLE = YES;
				IPHONEOS_DEPLOYMENT_TARGET = 6.0;
				ONLY_ACTIVE_ARCH = YES;
				SDKROOT = iphoneos;
			};
			name = Debug;
		};
		D8C51D61165557F200B903BD /* Release */ = {
			isa = XCBuildConfiguration;
			buildSettings = {
				ALWAYS_SEARCH_USER_PATHS = NO;
				CLANG_CXX_LANGUAGE_STANDARD = "gnu++0x";
				CLANG_CXX_LIBRARY = "libc++";
				CLANG_WARN_EMPTY_BODY = YES;
				CLANG_WARN__DUPLICATE_METHOD_MATCH = YES;
				"CODE_SIGN_IDENTITY[sdk=iphoneos*]" = "iPhone Developer";
				COPY_PHASE_STRIP = YES;
				GCC_C_LANGUAGE_STANDARD = gnu99;
				GCC_WARN_ABOUT_RETURN_TYPE = YES;
				GCC_WARN_UNINITIALIZED_AUTOS = YES;
				GCC_WARN_UNUSED_VARIABLE = YES;
				IPHONEOS_DEPLOYMENT_TARGET = 6.0;
				OTHER_CFLAGS = "-DNS_BLOCK_ASSERTIONS=1";
				SDKROOT = iphoneos;
				VALIDATE_PRODUCT = YES;
			};
			name = Release;
		};
		D8C51D63165557F200B903BD /* Debug */ = {
			isa = XCBuildConfiguration;
			buildSettings = {
				GCC_PRECOMPILE_PREFIX_HEADER = YES;
				GCC_PREFIX_HEADER = "Classic Youtube/testApp-Prefix.pch";
				INFOPLIST_FILE = "Classic Youtube/testApp-Info.plist";
				PRODUCT_NAME = testApp;
				WRAPPER_EXTENSION = app;
			};
			name = Debug;
		};
		D8C51D64165557F200B903BD /* Release */ = {
			isa = XCBuildConfiguration;
			buildSettings = {
				GCC_PRECOMPILE_PREFIX_HEADER = YES;
				GCC_PREFIX_HEADER = "Classic Youtube/testApp-Prefix.pch";
				INFOPLIST_FILE = "Classic Youtube/testApp-Info.plist";
				PRODUCT_NAME = testApp;
				WRAPPER_EXTENSION = app;
			};
			name = Release;
		};
		D8C51D66165557F200B903BD /* Debug */ = {
			isa = XCBuildConfiguration;
			buildSettings = {
				BUNDLE_LOADER = "$(BUILT_PRODUCTS_DIR)/Classic Youtube.app/Classic Youtube";
				FRAMEWORK_SEARCH_PATHS = (
					"\"$(SDKROOT)/Developer/Library/Frameworks\"",
					"\"$(DEVELOPER_LIBRARY_DIR)/Frameworks\"",
				);
				GCC_PRECOMPILE_PREFIX_HEADER = YES;
				GCC_PREFIX_HEADER = "Classic Youtube/Classic Youtube-Prefix.pch";
				INFOPLIST_FILE = "Classic YoutubeTests/testAppTests-Info.plist";
				PRODUCT_NAME = testAppTests;
				TEST_HOST = "$(BUNDLE_LOADER)";
				WRAPPER_EXTENSION = octest;
			};
			name = Debug;
		};
		D8C51D67165557F200B903BD /* Release */ = {
			isa = XCBuildConfiguration;
			buildSettings = {
				BUNDLE_LOADER = "$(BUILT_PRODUCTS_DIR)/Classic Youtube.app/Classic Youtube";
				FRAMEWORK_SEARCH_PATHS = (
					"\"$(SDKROOT)/Developer/Library/Frameworks\"",
					"\"$(DEVELOPER_LIBRARY_DIR)/Frameworks\"",
				);
				GCC_PRECOMPILE_PREFIX_HEADER = YES;
				GCC_PREFIX_HEADER = "Classic Youtube/Classic Youtube-Prefix.pch";
				INFOPLIST_FILE = "Classic YoutubeTests/testAppTests-Info.plist";
				PRODUCT_NAME = testAppTests;
				TEST_HOST = "$(BUNDLE_LOADER)";
				WRAPPER_EXTENSION = octest;
			};
			name = Release;
		};
/* End XCBuildConfiguration section */

/* Begin XCConfigurationList section */
		D8C51D15165557F200B903BD /* Build configuration list for PBXProject "testApp" */ = {
			isa = XCConfigurationList;
			buildConfigurations = (
				D8C51D60165557F200B903BD /* Debug */,
				D8C51D61165557F200B903BD /* Release */,
			);
			defaultConfigurationIsVisible = 0;
			defaultConfigurationName = Release;
		};
		D8C51D62165557F200B903BD /* Build configuration list for PBXNativeTarget "testApp" */ = {
			isa = XCConfigurationList;
			buildConfigurations = (
				D8C51D63165557F200B903BD /* Debug */,
				D8C51D64165557F200B903BD /* Release */,
			);
			defaultConfigurationIsVisible = 0;
		};
		D8C51D65165557F200B903BD /* Build configuration list for PBXNativeTarget "testAppTests" */ = {
			isa = XCConfigurationList;
			buildConfigurations = (
				D8C51D66165557F200B903BD /* Debug */,
				D8C51D67165557F200B903BD /* Release */,
			);
			defaultConfigurationIsVisible = 0;
		};
/* End XCConfigurationList section */
	};
	rootObject = D8C51D12165557F200B903BD /* Project object */;
}
