// !$*UTF8*$!
{
	archiveVersion = 1;
	classes = {
	};
	objectVersion = 46;
	objects = {

/* Begin PBXBuildFile section */
		D88952E516275EA100601BA9 /* UIKit.framework in Frameworks */ = {isa = PBXBuildFile; fileRef = D88952E416275EA000601BA9 /* UIKit.framework */; };
		D88952E716275EA100601BA9 /* Foundation.framework in Frameworks */ = {isa = PBXBuildFile; fileRef = D88952E616275EA100601BA9 /* Foundation.framework */; };
		D88952E916275EA100601BA9 /* CoreGraphics.framework in Frameworks */ = {isa = PBXBuildFile; fileRef = D88952E816275EA100601BA9 /* CoreGraphics.framework */; };
		D88952EF16275EA100601BA9 /* InfoPlist.strings in Resources */ = {isa = PBXBuildFile; fileRef = D88952ED16275EA100601BA9 /* InfoPlist.strings */; };
		D88952F116275EA100601BA9 /* main.m in Sources */ = {isa = PBXBuildFile; fileRef = D88952F016275EA100601BA9 /* main.m */; };
		D88952F516275EA100601BA9 /* AppDelegate.m in Sources */ = {isa = PBXBuildFile; fileRef = D88952F416275EA100601BA9 /* AppDelegate.m */; };
		D88952F716275EA100601BA9 /* Default.png in Resources */ = {isa = PBXBuildFile; fileRef = D88952F616275EA100601BA9 /* Default.png */; };
		D88952F916275EA100601BA9 /* Default@2x.png in Resources */ = {isa = PBXBuildFile; fileRef = D88952F816275EA100601BA9 /* Default@2x.png */; };
		D88952FB16275EA100601BA9 /* Default-568h@2x.png in Resources */ = {isa = PBXBuildFile; fileRef = D88952FA16275EA100601BA9 /* Default-568h@2x.png */; };
		D88952FE16275EA100601BA9 /* ViewController.m in Sources */ = {isa = PBXBuildFile; fileRef = D88952FD16275EA100601BA9 /* ViewController.m */; };
		D889530116275EA100601BA9 /* ViewController.xib in Resources */ = {isa = PBXBuildFile; fileRef = D88952FF16275EA100601BA9 /* ViewController.xib */; };
		D889530916275EA100601BA9 /* SenTestingKit.framework in Frameworks */ = {isa = PBXBuildFile; fileRef = D889530816275EA100601BA9 /* SenTestingKit.framework */; };
		D889530A16275EA100601BA9 /* UIKit.framework in Frameworks */ = {isa = PBXBuildFile; fileRef = D88952E416275EA000601BA9 /* UIKit.framework */; };
		D889530B16275EA100601BA9 /* Foundation.framework in Frameworks */ = {isa = PBXBuildFile; fileRef = D88952E616275EA100601BA9 /* Foundation.framework */; };
		D889531316275EA100601BA9 /* InfoPlist.strings in Resources */ = {isa = PBXBuildFile; fileRef = D889531116275EA100601BA9 /* InfoPlist.strings */; };
		D889531616275EA100601BA9 /* testAppTests.m in Sources */ = {isa = PBXBuildFile; fileRef = D889531516275EA100601BA9 /* testAppTests.m */; };
		D889532216275ED400601BA9 /* secondViewController.m in Sources */ = {isa = PBXBuildFile; fileRef = D889532016275ED400601BA9 /* secondViewController.m */; };
		D889532316275ED400601BA9 /* secondViewController.xib in Resources */ = {isa = PBXBuildFile; fileRef = D889532116275ED400601BA9 /* secondViewController.xib */; };
/* End PBXBuildFile section */

/* Begin PBXContainerItemProxy section */
		D889530C16275EA100601BA9 /* PBXContainerItemProxy */ = {
			isa = PBXContainerItemProxy;
			containerPortal = D88952D716275EA000601BA9 /* Project object */;
			proxyType = 1;
			remoteGlobalIDString = D88952DF16275EA000601BA9;
			remoteInfo = testApp;
		};
/* End PBXContainerItemProxy section */

/* Begin PBXFileReference section */
		D88952E016275EA000601BA9 /* testApp.app */ = {isa = PBXFileReference; explicitFileType = wrapper.application; includeInIndex = 0; path = testApp.app; sourceTree = BUILT_PRODUCTS_DIR; };
		D88952E416275EA000601BA9 /* UIKit.framework */ = {isa = PBXFileReference; lastKnownFileType = wrapper.framework; name = UIKit.framework; path = System/Library/Frameworks/UIKit.framework; sourceTree = SDKROOT; };
		D88952E616275EA100601BA9 /* Foundation.framework */ = {isa = PBXFileReference; lastKnownFileType = wrapper.framework; name = Foundation.framework; path = System/Library/Frameworks/Foundation.framework; sourceTree = SDKROOT; };
		D88952E816275EA100601BA9 /* CoreGraphics.framework */ = {isa = PBXFileReference; lastKnownFileType = wrapper.framework; name = CoreGraphics.framework; path = System/Library/Frameworks/CoreGraphics.framework; sourceTree = SDKROOT; };
		D88952EC16275EA100601BA9 /* testApp-Info.plist */ = {isa = PBXFileReference; lastKnownFileType = text.plist.xml; path = "testApp-Info.plist"; sourceTree = "<group>"; };
		D88952EE16275EA100601BA9 /* en */ = {isa = PBXFileReference; lastKnownFileType = text.plist.strings; name = en; path = en.lproj/InfoPlist.strings; sourceTree = "<group>"; };
		D88952F016275EA100601BA9 /* main.m */ = {isa = PBXFileReference; lastKnownFileType = sourcecode.c.objc; path = main.m; sourceTree = "<group>"; };
		D88952F216275EA100601BA9 /* testApp-Prefix.pch */ = {isa = PBXFileReference; lastKnownFileType = sourcecode.c.h; path = "testApp-Prefix.pch"; sourceTree = "<group>"; };
		D88952F316275EA100601BA9 /* AppDelegate.h */ = {isa = PBXFileReference; lastKnownFileType = sourcecode.c.h; path = AppDelegate.h; sourceTree = "<group>"; };
		D88952F416275EA100601BA9 /* AppDelegate.m */ = {isa = PBXFileReference; lastKnownFileType = sourcecode.c.objc; path = AppDelegate.m; sourceTree = "<group>"; };
		D88952F616275EA100601BA9 /* Default.png */ = {isa = PBXFileReference; lastKnownFileType = image.png; path = Default.png; sourceTree = "<group>"; };
		D88952F816275EA100601BA9 /* Default@2x.png */ = {isa = PBXFileReference; lastKnownFileType = image.png; path = "Default@2x.png"; sourceTree = "<group>"; };
		D88952FA16275EA100601BA9 /* Default-568h@2x.png */ = {isa = PBXFileReference; lastKnownFileType = image.png; path = "Default-568h@2x.png"; sourceTree = "<group>"; };
		D88952FC16275EA100601BA9 /* ViewController.h */ = {isa = PBXFileReference; lastKnownFileType = sourcecode.c.h; path = ViewController.h; sourceTree = "<group>"; };
		D88952FD16275EA100601BA9 /* ViewController.m */ = {isa = PBXFileReference; lastKnownFileType = sourcecode.c.objc; path = ViewController.m; sourceTree = "<group>"; };
		D889530016275EA100601BA9 /* en */ = {isa = PBXFileReference; lastKnownFileType = file.xib; name = en; path = en.lproj/ViewController.xib; sourceTree = "<group>"; };
		D889530716275EA100601BA9 /* testAppTests.octest */ = {isa = PBXFileReference; explicitFileType = wrapper.cfbundle; includeInIndex = 0; path = testAppTests.octest; sourceTree = BUILT_PRODUCTS_DIR; };
		D889530816275EA100601BA9 /* SenTestingKit.framework */ = {isa = PBXFileReference; lastKnownFileType = wrapper.framework; name = SenTestingKit.framework; path = Library/Frameworks/SenTestingKit.framework; sourceTree = DEVELOPER_DIR; };
		D889531016275EA100601BA9 /* testAppTests-Info.plist */ = {isa = PBXFileReference; lastKnownFileType = text.plist.xml; path = "testAppTests-Info.plist"; sourceTree = "<group>"; };
		D889531216275EA100601BA9 /* en */ = {isa = PBXFileReference; lastKnownFileType = text.plist.strings; name = en; path = en.lproj/InfoPlist.strings; sourceTree = "<group>"; };
		D889531416275EA100601BA9 /* testAppTests.h */ = {isa = PBXFileReference; lastKnownFileType = sourcecode.c.h; path = testAppTests.h; sourceTree = "<group>"; };
		D889531516275EA100601BA9 /* testAppTests.m */ = {isa = PBXFileReference; lastKnownFileType = sourcecode.c.objc; path = testAppTests.m; sourceTree = "<group>"; };
		D889531F16275ED400601BA9 /* secondViewController.h */ = {isa = PBXFileReference; fileEncoding = 4; lastKnownFileType = sourcecode.c.h; path = secondViewController.h; sourceTree = "<group>"; };
		D889532016275ED400601BA9 /* secondViewController.m */ = {isa = PBXFileReference; fileEncoding = 4; lastKnownFileType = sourcecode.c.objc; path = secondViewController.m; sourceTree = "<group>"; };
		D889532116275ED400601BA9 /* secondViewController.xib */ = {isa = PBXFileReference; fileEncoding = 4; lastKnownFileType = file.xib; path = secondViewController.xib; sourceTree = "<group>"; };
/* End PBXFileReference section */

/* Begin PBXFrameworksBuildPhase section */
		D88952DD16275EA000601BA9 /* Frameworks */ = {
			isa = PBXFrameworksBuildPhase;
			buildActionMask = 2147483647;
			files = (
				D88952E516275EA100601BA9 /* UIKit.framework in Frameworks */,
				D88952E716275EA100601BA9 /* Foundation.framework in Frameworks */,
				D88952E916275EA100601BA9 /* CoreGraphics.framework in Frameworks */,
			);
			runOnlyForDeploymentPostprocessing = 0;
		};
		D889530316275EA100601BA9 /* Frameworks */ = {
			isa = PBXFrameworksBuildPhase;
			buildActionMask = 2147483647;
			files = (
				D889530916275EA100601BA9 /* SenTestingKit.framework in Frameworks */,
				D889530A16275EA100601BA9 /* UIKit.framework in Frameworks */,
				D889530B16275EA100601BA9 /* Foundation.framework in Frameworks */,
			);
			runOnlyForDeploymentPostprocessing = 0;
		};
/* End PBXFrameworksBuildPhase section */

/* Begin PBXGroup section */
		D88952D516275EA000601BA9 = {
			isa = PBXGroup;
			children = (
				D88952EA16275EA100601BA9 /* testApp */,
				D889530E16275EA100601BA9 /* testAppTests */,
				D88952E316275EA000601BA9 /* Frameworks */,
				D88952E116275EA000601BA9 /* Products */,
			);
			sourceTree = "<group>";
		};
		D88952E116275EA000601BA9 /* Products */ = {
			isa = PBXGroup;
			children = (
				D88952E016275EA000601BA9 /* testApp.app */,
				D889530716275EA100601BA9 /* testAppTests.octest */,
			);
			name = Products;
			sourceTree = "<group>";
		};
		D88952E316275EA000601BA9 /* Frameworks */ = {
			isa = PBXGroup;
			children = (
				D88952E416275EA000601BA9 /* UIKit.framework */,
				D88952E616275EA100601BA9 /* Foundation.framework */,
				D88952E816275EA100601BA9 /* CoreGraphics.framework */,
				D889530816275EA100601BA9 /* SenTestingKit.framework */,
			);
			name = Frameworks;
			sourceTree = "<group>";
		};
		D88952EA16275EA100601BA9 /* testApp */ = {
			isa = PBXGroup;
			children = (
				D88952F316275EA100601BA9 /* AppDelegate.h */,
				D88952F416275EA100601BA9 /* AppDelegate.m */,
				D88952FC16275EA100601BA9 /* ViewController.h */,
				D88952FD16275EA100601BA9 /* ViewController.m */,
				D88952FF16275EA100601BA9 /* ViewController.xib */,
				D88952EB16275EA100601BA9 /* Supporting Files */,
				D889531F16275ED400601BA9 /* secondViewController.h */,
				D889532016275ED400601BA9 /* secondViewController.m */,
				D889532116275ED400601BA9 /* secondViewController.xib */,
			);
			path = testApp;
			sourceTree = "<group>";
		};
		D88952EB16275EA100601BA9 /* Supporting Files */ = {
			isa = PBXGroup;
			children = (
				D88952EC16275EA100601BA9 /* testApp-Info.plist */,
				D88952ED16275EA100601BA9 /* InfoPlist.strings */,
				D88952F016275EA100601BA9 /* main.m */,
				D88952F216275EA100601BA9 /* testApp-Prefix.pch */,
				D88952F616275EA100601BA9 /* Default.png */,
				D88952F816275EA100601BA9 /* Default@2x.png */,
				D88952FA16275EA100601BA9 /* Default-568h@2x.png */,
			);
			name = "Supporting Files";
			sourceTree = "<group>";
		};
		D889530E16275EA100601BA9 /* testAppTests */ = {
			isa = PBXGroup;
			children = (
				D889531416275EA100601BA9 /* testAppTests.h */,
				D889531516275EA100601BA9 /* testAppTests.m */,
				D889530F16275EA100601BA9 /* Supporting Files */,
			);
			path = testAppTests;
			sourceTree = "<group>";
		};
		D889530F16275EA100601BA9 /* Supporting Files */ = {
			isa = PBXGroup;
			children = (
				D889531016275EA100601BA9 /* testAppTests-Info.plist */,
				D889531116275EA100601BA9 /* InfoPlist.strings */,
			);
			name = "Supporting Files";
			sourceTree = "<group>";
		};
/* End PBXGroup section */

/* Begin PBXNativeTarget section */
		D88952DF16275EA000601BA9 /* testApp */ = {
			isa = PBXNativeTarget;
			buildConfigurationList = D889531916275EA100601BA9 /* Build configuration list for PBXNativeTarget "testApp" */;
			buildPhases = (
				D88952DC16275EA000601BA9 /* Sources */,
				D88952DD16275EA000601BA9 /* Frameworks */,
				D88952DE16275EA000601BA9 /* Resources */,
			);
			buildRules = (
			);
			dependencies = (
			);
			name = testApp;
			productName = testApp;
			productReference = D88952E016275EA000601BA9 /* testApp.app */;
			productType = "com.apple.product-type.application";
		};
		D889530616275EA100601BA9 /* testAppTests */ = {
			isa = PBXNativeTarget;
			buildConfigurationList = D889531C16275EA100601BA9 /* Build configuration list for PBXNativeTarget "testAppTests" */;
			buildPhases = (
				D889530216275EA100601BA9 /* Sources */,
				D889530316275EA100601BA9 /* Frameworks */,
				D889530416275EA100601BA9 /* Resources */,
				D889530516275EA100601BA9 /* ShellScript */,
			);
			buildRules = (
			);
			dependencies = (
				D889530D16275EA100601BA9 /* PBXTargetDependency */,
			);
			name = testAppTests;
			productName = testAppTests;
			productReference = D889530716275EA100601BA9 /* testAppTests.octest */;
			productType = "com.apple.product-type.bundle";
		};
/* End PBXNativeTarget section */

/* Begin PBXProject section */
		D88952D716275EA000601BA9 /* Project object */ = {
			isa = PBXProject;
			attributes = {
				LastUpgradeCheck = 0450;
				ORGANIZATIONNAME = "Nathan Buth";
			};
			buildConfigurationList = D88952DA16275EA000601BA9 /* Build configuration list for PBXProject "testApp" */;
			compatibilityVersion = "Xcode 3.2";
			developmentRegion = English;
			hasScannedForEncodings = 0;
			knownRegions = (
				en,
			);
			mainGroup = D88952D516275EA000601BA9;
			productRefGroup = D88952E116275EA000601BA9 /* Products */;
			projectDirPath = "";
			projectRoot = "";
			targets = (
				D88952DF16275EA000601BA9 /* testApp */,
				D889530616275EA100601BA9 /* testAppTests */,
			);
		};
/* End PBXProject section */

/* Begin PBXResourcesBuildPhase section */
		D88952DE16275EA000601BA9 /* Resources */ = {
			isa = PBXResourcesBuildPhase;
			buildActionMask = 2147483647;
			files = (
				D88952EF16275EA100601BA9 /* InfoPlist.strings in Resources */,
				D88952F716275EA100601BA9 /* Default.png in Resources */,
				D88952F916275EA100601BA9 /* Default@2x.png in Resources */,
				D88952FB16275EA100601BA9 /* Default-568h@2x.png in Resources */,
				D889530116275EA100601BA9 /* ViewController.xib in Resources */,
				D889532316275ED400601BA9 /* secondViewController.xib in Resources */,
			);
			runOnlyForDeploymentPostprocessing = 0;
		};
		D889530416275EA100601BA9 /* Resources */ = {
			isa = PBXResourcesBuildPhase;
			buildActionMask = 2147483647;
			files = (
				D889531316275EA100601BA9 /* InfoPlist.strings in Resources */,
			);
			runOnlyForDeploymentPostprocessing = 0;
		};
/* End PBXResourcesBuildPhase section */

/* Begin PBXShellScriptBuildPhase section */
		D889530516275EA100601BA9 /* ShellScript */ = {
			isa = PBXShellScriptBuildPhase;
			buildActionMask = 2147483647;
			files = (
			);
			inputPaths = (
			);
			outputPaths = (
			);
			runOnlyForDeploymentPostprocessing = 0;
			shellPath = /bin/sh;
			shellScript = "# Run the unit tests in this test bundle.\n\"${SYSTEM_DEVELOPER_DIR}/Tools/RunUnitTests\"\n";
		};
/* End PBXShellScriptBuildPhase section */

/* Begin PBXSourcesBuildPhase section */
		D88952DC16275EA000601BA9 /* Sources */ = {
			isa = PBXSourcesBuildPhase;
			buildActionMask = 2147483647;
			files = (
				D88952F116275EA100601BA9 /* main.m in Sources */,
				D88952F516275EA100601BA9 /* AppDelegate.m in Sources */,
				D88952FE16275EA100601BA9 /* ViewController.m in Sources */,
				D889532216275ED400601BA9 /* secondViewController.m in Sources */,
			);
			runOnlyForDeploymentPostprocessing = 0;
		};
		D889530216275EA100601BA9 /* Sources */ = {
			isa = PBXSourcesBuildPhase;
			buildActionMask = 2147483647;
			files = (
				D889531616275EA100601BA9 /* testAppTests.m in Sources */,
			);
			runOnlyForDeploymentPostprocessing = 0;
		};
/* End PBXSourcesBuildPhase section */

/* Begin PBXTargetDependency section */
		D889530D16275EA100601BA9 /* PBXTargetDependency */ = {
			isa = PBXTargetDependency;
			target = D88952DF16275EA000601BA9 /* testApp */;
			targetProxy = D889530C16275EA100601BA9 /* PBXContainerItemProxy */;
		};
/* End PBXTargetDependency section */

/* Begin PBXVariantGroup section */
		D88952ED16275EA100601BA9 /* InfoPlist.strings */ = {
			isa = PBXVariantGroup;
			children = (
				D88952EE16275EA100601BA9 /* en */,
			);
			name = InfoPlist.strings;
			sourceTree = "<group>";
		};
		D88952FF16275EA100601BA9 /* ViewController.xib */ = {
			isa = PBXVariantGroup;
			children = (
				D889530016275EA100601BA9 /* en */,
			);
			name = ViewController.xib;
			sourceTree = "<group>";
		};
		D889531116275EA100601BA9 /* InfoPlist.strings */ = {
			isa = PBXVariantGroup;
			children = (
				D889531216275EA100601BA9 /* en */,
			);
			name = InfoPlist.strings;
			sourceTree = "<group>";
		};
/* End PBXVariantGroup section */

/* Begin XCBuildConfiguration section */
		D889531716275EA100601BA9 /* Debug */ = {
			isa = XCBuildConfiguration;
			buildSettings = {
				ALWAYS_SEARCH_USER_PATHS = NO;
				CLANG_CXX_LANGUAGE_STANDARD = "gnu++0x";
				CLANG_CXX_LIBRARY = "libc++";
				CLANG_WARN_EMPTY_BODY = YES;
				CLANG_WARN__DUPLICATE_METHOD_MATCH = YES;
				"CODE_SIGN_IDENTITY[sdk=iphoneos*]" = "iPhone Developer";
				COPY_PHASE_STRIP = NO;
				GCC_C_LANGUAGE_STANDARD = gnu99;
				GCC_DYNAMIC_NO_PIC = NO;
				GCC_OPTIMIZATION_LEVEL = 0;
				GCC_PREPROCESSOR_DEFINITIONS = (
					"DEBUG=1",
					"$(inherited)",
				);
				GCC_SYMBOLS_PRIVATE_EXTERN = NO;
				GCC_WARN_ABOUT_RETURN_TYPE = YES;
				GCC_WARN_UNINITIALIZED_AUTOS = YES;
				GCC_WARN_UNUSED_VARIABLE = YES;
				IPHONEOS_DEPLOYMENT_TARGET = 6.0;
				ONLY_ACTIVE_ARCH = YES;
				SDKROOT = iphoneos;
			};
			name = Debug;
		};
		D889531816275EA100601BA9 /* Release */ = {
			isa = XCBuildConfiguration;
			buildSettings = {
				ALWAYS_SEARCH_USER_PATHS = NO;
				CLANG_CXX_LANGUAGE_STANDARD = "gnu++0x";
				CLANG_CXX_LIBRARY = "libc++";
				CLANG_WARN_EMPTY_BODY = YES;
				CLANG_WARN__DUPLICATE_METHOD_MATCH = YES;
				"CODE_SIGN_IDENTITY[sdk=iphoneos*]" = "iPhone Developer";
				COPY_PHASE_STRIP = YES;
				GCC_C_LANGUAGE_STANDARD = gnu99;
				GCC_WARN_ABOUT_RETURN_TYPE = YES;
				GCC_WARN_UNINITIALIZED_AUTOS = YES;
				GCC_WARN_UNUSED_VARIABLE = YES;
				IPHONEOS_DEPLOYMENT_TARGET = 6.0;
				OTHER_CFLAGS = "-DNS_BLOCK_ASSERTIONS=1";
				SDKROOT = iphoneos;
				VALIDATE_PRODUCT = YES;
			};
			name = Release;
		};
		D889531A16275EA100601BA9 /* Debug */ = {
			isa = XCBuildConfiguration;
			buildSettings = {
				CLANG_ENABLE_OBJC_ARC = NO;
				GCC_PRECOMPILE_PREFIX_HEADER = YES;
				GCC_PREFIX_HEADER = "testApp/testApp-Prefix.pch";
				INFOPLIST_FILE = "testApp/testApp-Info.plist";
				PRODUCT_NAME = "$(TARGET_NAME)";
				WRAPPER_EXTENSION = app;
			};
			name = Debug;
		};
		D889531B16275EA100601BA9 /* Release */ = {
			isa = XCBuildConfiguration;
			buildSettings = {
				CLANG_ENABLE_OBJC_ARC = NO;
				GCC_PRECOMPILE_PREFIX_HEADER = YES;
				GCC_PREFIX_HEADER = "testApp/testApp-Prefix.pch";
				INFOPLIST_FILE = "testApp/testApp-Info.plist";
				PRODUCT_NAME = "$(TARGET_NAME)";
				WRAPPER_EXTENSION = app;
			};
			name = Release;
		};
		D889531D16275EA100601BA9 /* Debug */ = {
			isa = XCBuildConfiguration;
			buildSettings = {
				BUNDLE_LOADER = "$(BUILT_PRODUCTS_DIR)/testApp.app/testApp";
				FRAMEWORK_SEARCH_PATHS = (
					"\"$(SDKROOT)/Developer/Library/Frameworks\"",
					"\"$(DEVELOPER_LIBRARY_DIR)/Frameworks\"",
				);
				GCC_PRECOMPILE_PREFIX_HEADER = YES;
				GCC_PREFIX_HEADER = "testApp/testApp-Prefix.pch";
				INFOPLIST_FILE = "testAppTests/testAppTests-Info.plist";
				PRODUCT_NAME = "$(TARGET_NAME)";
				TEST_HOST = "$(BUNDLE_LOADER)";
				WRAPPER_EXTENSION = octest;
			};
			name = Debug;
		};
		D889531E16275EA100601BA9 /* Release */ = {
			isa = XCBuildConfiguration;
			buildSettings = {
				BUNDLE_LOADER = "$(BUILT_PRODUCTS_DIR)/testApp.app/testApp";
				FRAMEWORK_SEARCH_PATHS = (
					"\"$(SDKROOT)/Developer/Library/Frameworks\"",
					"\"$(DEVELOPER_LIBRARY_DIR)/Frameworks\"",
				);
				GCC_PRECOMPILE_PREFIX_HEADER = YES;
				GCC_PREFIX_HEADER = "testApp/testApp-Prefix.pch";
				INFOPLIST_FILE = "testAppTests/testAppTests-Info.plist";
				PRODUCT_NAME = "$(TARGET_NAME)";
				TEST_HOST = "$(BUNDLE_LOADER)";
				WRAPPER_EXTENSION = octest;
			};
			name = Release;
		};
/* End XCBuildConfiguration section */

/* Begin XCConfigurationList section */
		D88952DA16275EA000601BA9 /* Build configuration list for PBXProject "testApp" */ = {
			isa = XCConfigurationList;
			buildConfigurations = (
				D889531716275EA100601BA9 /* Debug */,
				D889531816275EA100601BA9 /* Release */,
			);
			defaultConfigurationIsVisible = 0;
			defaultConfigurationName = Release;
		};
		D889531916275EA100601BA9 /* Build configuration list for PBXNativeTarget "testApp" */ = {
			isa = XCConfigurationList;
			buildConfigurations = (
				D889531A16275EA100601BA9 /* Debug */,
				D889531B16275EA100601BA9 /* Release */,
			);
			defaultConfigurationIsVisible = 0;
			defaultConfigurationName = Release;
		};
		D889531C16275EA100601BA9 /* Build configuration list for PBXNativeTarget "testAppTests" */ = {
			isa = XCConfigurationList;
			buildConfigurations = (
				D889531D16275EA100601BA9 /* Debug */,
				D889531E16275EA100601BA9 /* Release */,
			);
			defaultConfigurationIsVisible = 0;
			defaultConfigurationName = Release;
		};
/* End XCConfigurationList section */
	};
	rootObject = D88952D716275EA000601BA9 /* Project object */;
}
