// !$*UTF8*$!
{
	archiveVersion = 1;
	classes = {
	};
	objectVersion = 46;
	objects = {

/* Begin PBXBuildFile section */
		D8902BC516437F4300FA6079 /* CustomTableCell.m in Sources */ = {isa = PBXBuildFile; fileRef = D8902BC416437F4300FA6079 /* CustomTableCell.m */; };
		D8902BC716437F8400FA6079 /* CustomCellView.xib in Resources */ = {isa = PBXBuildFile; fileRef = D8902BC616437F8400FA6079 /* CustomCellView.xib */; };
		D8B4648C1639A05200AD2034 /* UIKit.framework in Frameworks */ = {isa = PBXBuildFile; fileRef = D8B4648B1639A05200AD2034 /* UIKit.framework */; };
		D8B4648E1639A05200AD2034 /* Foundation.framework in Frameworks */ = {isa = PBXBuildFile; fileRef = D8B4648D1639A05200AD2034 /* Foundation.framework */; };
		D8B464901639A05200AD2034 /* CoreGraphics.framework in Frameworks */ = {isa = PBXBuildFile; fileRef = D8B4648F1639A05200AD2034 /* CoreGraphics.framework */; };
		D8B464961639A05200AD2034 /* InfoPlist.strings in Resources */ = {isa = PBXBuildFile; fileRef = D8B464941639A05200AD2034 /* InfoPlist.strings */; };
		D8B464981639A05200AD2034 /* main.m in Sources */ = {isa = PBXBuildFile; fileRef = D8B464971639A05200AD2034 /* main.m */; };
		D8B4649C1639A05200AD2034 /* AppDelegate.m in Sources */ = {isa = PBXBuildFile; fileRef = D8B4649B1639A05200AD2034 /* AppDelegate.m */; };
		D8B4649E1639A05200AD2034 /* Default.png in Resources */ = {isa = PBXBuildFile; fileRef = D8B4649D1639A05200AD2034 /* Default.png */; };
		D8B464A01639A05200AD2034 /* Default@2x.png in Resources */ = {isa = PBXBuildFile; fileRef = D8B4649F1639A05200AD2034 /* Default@2x.png */; };
		D8B464A21639A05200AD2034 /* Default-568h@2x.png in Resources */ = {isa = PBXBuildFile; fileRef = D8B464A11639A05200AD2034 /* Default-568h@2x.png */; };
		D8B464A51639A05200AD2034 /* ViewController.m in Sources */ = {isa = PBXBuildFile; fileRef = D8B464A41639A05200AD2034 /* ViewController.m */; };
		D8B464A81639A05200AD2034 /* ViewController.xib in Resources */ = {isa = PBXBuildFile; fileRef = D8B464A61639A05200AD2034 /* ViewController.xib */; };
		D8B464B01639A05200AD2034 /* SenTestingKit.framework in Frameworks */ = {isa = PBXBuildFile; fileRef = D8B464AF1639A05200AD2034 /* SenTestingKit.framework */; };
		D8B464B11639A05200AD2034 /* UIKit.framework in Frameworks */ = {isa = PBXBuildFile; fileRef = D8B4648B1639A05200AD2034 /* UIKit.framework */; };
		D8B464B21639A05200AD2034 /* Foundation.framework in Frameworks */ = {isa = PBXBuildFile; fileRef = D8B4648D1639A05200AD2034 /* Foundation.framework */; };
		D8B464BA1639A05200AD2034 /* InfoPlist.strings in Resources */ = {isa = PBXBuildFile; fileRef = D8B464B81639A05200AD2034 /* InfoPlist.strings */; };
		D8B464BD1639A05200AD2034 /* Technomancer_MobileTests.m in Sources */ = {isa = PBXBuildFile; fileRef = D8B464BC1639A05200AD2034 /* Technomancer_MobileTests.m */; };
		D8B464C71639CD8200AD2034 /* Default.png in Resources */ = {isa = PBXBuildFile; fileRef = D8B464C61639CD8200AD2034 /* Default.png */; };
		D8B464C91639CD8B00AD2034 /* Default@2x.png in Resources */ = {isa = PBXBuildFile; fileRef = D8B464C81639CD8B00AD2034 /* Default@2x.png */; };
		D8B464CB1639CD9600AD2034 /* Default-568h@2x.png in Resources */ = {isa = PBXBuildFile; fileRef = D8B464CA1639CD9600AD2034 /* Default-568h@2x.png */; };
		D8B464CD1639CDA200AD2034 /* Icon.png in Resources */ = {isa = PBXBuildFile; fileRef = D8B464CC1639CDA200AD2034 /* Icon.png */; };
		D8B464CF1639CDA800AD2034 /* Icon@2x.png in Resources */ = {isa = PBXBuildFile; fileRef = D8B464CE1639CDA800AD2034 /* Icon@2x.png */; };
		D8B464DF1639DAFF00AD2034 /* tableViewController.m in Sources */ = {isa = PBXBuildFile; fileRef = D8B464DD1639DAFF00AD2034 /* tableViewController.m */; };
		D8B464E01639DAFF00AD2034 /* tableViewController.xib in Resources */ = {isa = PBXBuildFile; fileRef = D8B464DE1639DAFF00AD2034 /* tableViewController.xib */; };
		D8B464E41639DDA300AD2034 /* detailedViewController.m in Sources */ = {isa = PBXBuildFile; fileRef = D8B464E21639DDA300AD2034 /* detailedViewController.m */; };
		D8B464E51639DDA300AD2034 /* detailedViewController.xib in Resources */ = {isa = PBXBuildFile; fileRef = D8B464E31639DDA300AD2034 /* detailedViewController.xib */; };
		D8B464F0163A000500AD2034 /* tableCell.png in Resources */ = {isa = PBXBuildFile; fileRef = D8B464EF163A000500AD2034 /* tableCell.png */; };
/* End PBXBuildFile section */

/* Begin PBXContainerItemProxy section */
		D8B464B31639A05200AD2034 /* PBXContainerItemProxy */ = {
			isa = PBXContainerItemProxy;
			containerPortal = D8B4647E1639A05200AD2034 /* Project object */;
			proxyType = 1;
			remoteGlobalIDString = D8B464861639A05200AD2034;
			remoteInfo = "Technomancer Mobile";
		};
/* End PBXContainerItemProxy section */

/* Begin PBXFileReference section */
		D8902BC316437F4300FA6079 /* CustomTableCell.h */ = {isa = PBXFileReference; fileEncoding = 4; lastKnownFileType = sourcecode.c.h; path = CustomTableCell.h; sourceTree = "<group>"; };
		D8902BC416437F4300FA6079 /* CustomTableCell.m */ = {isa = PBXFileReference; fileEncoding = 4; lastKnownFileType = sourcecode.c.objc; path = CustomTableCell.m; sourceTree = "<group>"; };
		D8902BC616437F8400FA6079 /* CustomCellView.xib */ = {isa = PBXFileReference; fileEncoding = 4; lastKnownFileType = file.xib; path = CustomCellView.xib; sourceTree = "<group>"; };
		D8B464871639A05200AD2034 /* testApp.app */ = {isa = PBXFileReference; explicitFileType = wrapper.application; includeInIndex = 0; path = testApp.app; sourceTree = BUILT_PRODUCTS_DIR; };
		D8B4648B1639A05200AD2034 /* UIKit.framework */ = {isa = PBXFileReference; lastKnownFileType = wrapper.framework; name = UIKit.framework; path = System/Library/Frameworks/UIKit.framework; sourceTree = SDKROOT; };
		D8B4648D1639A05200AD2034 /* Foundation.framework */ = {isa = PBXFileReference; lastKnownFileType = wrapper.framework; name = Foundation.framework; path = System/Library/Frameworks/Foundation.framework; sourceTree = SDKROOT; };
		D8B4648F1639A05200AD2034 /* CoreGraphics.framework */ = {isa = PBXFileReference; lastKnownFileType = wrapper.framework; name = CoreGraphics.framework; path = System/Library/Frameworks/CoreGraphics.framework; sourceTree = SDKROOT; };
		D8B464931639A05200AD2034 /* testApp-Info.plist */ = {isa = PBXFileReference; lastKnownFileType = text.plist.xml; path = "testApp-Info.plist"; sourceTree = "<group>"; };
		D8B464951639A05200AD2034 /* en */ = {isa = PBXFileReference; lastKnownFileType = text.plist.strings; name = en; path = en.lproj/InfoPlist.strings; sourceTree = "<group>"; };
		D8B464971639A05200AD2034 /* main.m */ = {isa = PBXFileReference; lastKnownFileType = sourcecode.c.objc; path = main.m; sourceTree = "<group>"; };
		D8B464991639A05200AD2034 /* mobile-Prefix.pch */ = {isa = PBXFileReference; lastKnownFileType = sourcecode.c.h; path = "mobile-Prefix.pch"; sourceTree = "<group>"; };
		D8B4649A1639A05200AD2034 /* AppDelegate.h */ = {isa = PBXFileReference; lastKnownFileType = sourcecode.c.h; path = AppDelegate.h; sourceTree = "<group>"; };
		D8B4649B1639A05200AD2034 /* AppDelegate.m */ = {isa = PBXFileReference; lastKnownFileType = sourcecode.c.objc; path = AppDelegate.m; sourceTree = "<group>"; };
		D8B4649D1639A05200AD2034 /* Default.png */ = {isa = PBXFileReference; lastKnownFileType = image.png; path = Default.png; sourceTree = "<group>"; };
		D8B4649F1639A05200AD2034 /* Default@2x.png */ = {isa = PBXFileReference; lastKnownFileType = image.png; path = "Default@2x.png"; sourceTree = "<group>"; };
		D8B464A11639A05200AD2034 /* Default-568h@2x.png */ = {isa = PBXFileReference; lastKnownFileType = image.png; path = "Default-568h@2x.png"; sourceTree = "<group>"; };
		D8B464A31639A05200AD2034 /* ViewController.h */ = {isa = PBXFileReference; lastKnownFileType = sourcecode.c.h; path = ViewController.h; sourceTree = "<group>"; };
		D8B464A41639A05200AD2034 /* ViewController.m */ = {isa = PBXFileReference; lastKnownFileType = sourcecode.c.objc; path = ViewController.m; sourceTree = "<group>"; };
		D8B464A71639A05200AD2034 /* en */ = {isa = PBXFileReference; lastKnownFileType = file.xib; name = en; path = en.lproj/ViewController.xib; sourceTree = "<group>"; };
		D8B464AE1639A05200AD2034 /* testAppTests.octest */ = {isa = PBXFileReference; explicitFileType = wrapper.cfbundle; includeInIndex = 0; path = testAppTests.octest; sourceTree = BUILT_PRODUCTS_DIR; };
		D8B464AF1639A05200AD2034 /* SenTestingKit.framework */ = {isa = PBXFileReference; lastKnownFileType = wrapper.framework; name = SenTestingKit.framework; path = Library/Frameworks/SenTestingKit.framework; sourceTree = DEVELOPER_DIR; };
		D8B464B71639A05200AD2034 /* mobileTests-Info.plist */ = {isa = PBXFileReference; lastKnownFileType = text.plist.xml; path = "mobileTests-Info.plist"; sourceTree = "<group>"; };
		D8B464B91639A05200AD2034 /* en */ = {isa = PBXFileReference; lastKnownFileType = text.plist.strings; name = en; path = en.lproj/InfoPlist.strings; sourceTree = "<group>"; };
		D8B464BB1639A05200AD2034 /* Technomancer_MobileTests.h */ = {isa = PBXFileReference; lastKnownFileType = sourcecode.c.h; path = Technomancer_MobileTests.h; sourceTree = "<group>"; };
		D8B464BC1639A05200AD2034 /* Technomancer_MobileTests.m */ = {isa = PBXFileReference; lastKnownFileType = sourcecode.c.objc; path = Technomancer_MobileTests.m; sourceTree = "<group>"; };
		D8B464C61639CD8200AD2034 /* Default.png */ = {isa = PBXFileReference; lastKnownFileType = image.png; path = Default.png; sourceTree = "<group>"; };
		D8B464C81639CD8B00AD2034 /* Default@2x.png */ = {isa = PBXFileReference; lastKnownFileType = image.png; path = "Default@2x.png"; sourceTree = "<group>"; };
		D8B464CA1639CD9600AD2034 /* Default-568h@2x.png */ = {isa = PBXFileReference; lastKnownFileType = image.png; path = "Default-568h@2x.png"; sourceTree = "<group>"; };
		D8B464CC1639CDA200AD2034 /* Icon.png */ = {isa = PBXFileReference; lastKnownFileType = image.png; path = Icon.png; sourceTree = "<group>"; };
		D8B464CE1639CDA800AD2034 /* Icon@2x.png */ = {isa = PBXFileReference; lastKnownFileType = image.png; path = "Icon@2x.png"; sourceTree = "<group>"; };
		D8B464DC1639DAFF00AD2034 /* tableViewController.h */ = {isa = PBXFileReference; fileEncoding = 4; lastKnownFileType = sourcecode.c.h; path = tableViewController.h; sourceTree = "<group>"; };
		D8B464DD1639DAFF00AD2034 /* tableViewController.m */ = {isa = PBXFileReference; fileEncoding = 4; lastKnownFileType = sourcecode.c.objc; path = tableViewController.m; sourceTree = "<group>"; };
		D8B464DE1639DAFF00AD2034 /* tableViewController.xib */ = {isa = PBXFileReference; fileEncoding = 4; lastKnownFileType = file.xib; path = tableViewController.xib; sourceTree = "<group>"; };
		D8B464E11639DDA300AD2034 /* detailedViewController.h */ = {isa = PBXFileReference; fileEncoding = 4; lastKnownFileType = sourcecode.c.h; path = detailedViewController.h; sourceTree = "<group>"; };
		D8B464E21639DDA300AD2034 /* detailedViewController.m */ = {isa = PBXFileReference; fileEncoding = 4; lastKnownFileType = sourcecode.c.objc; path = detailedViewController.m; sourceTree = "<group>"; };
		D8B464E31639DDA300AD2034 /* detailedViewController.xib */ = {isa = PBXFileReference; fileEncoding = 4; lastKnownFileType = file.xib; path = detailedViewController.xib; sourceTree = "<group>"; };
		D8B464EF163A000500AD2034 /* tableCell.png */ = {isa = PBXFileReference; lastKnownFileType = image.png; path = tableCell.png; sourceTree = "<group>"; };
/* End PBXFileReference section */

/* Begin PBXFrameworksBuildPhase section */
		D8B464841639A05200AD2034 /* Frameworks */ = {
			isa = PBXFrameworksBuildPhase;
			buildActionMask = 2147483647;
			files = (
				D8B4648C1639A05200AD2034 /* UIKit.framework in Frameworks */,
				D8B4648E1639A05200AD2034 /* Foundation.framework in Frameworks */,
				D8B464901639A05200AD2034 /* CoreGraphics.framework in Frameworks */,
			);
			runOnlyForDeploymentPostprocessing = 0;
		};
		D8B464AA1639A05200AD2034 /* Frameworks */ = {
			isa = PBXFrameworksBuildPhase;
			buildActionMask = 2147483647;
			files = (
				D8B464B01639A05200AD2034 /* SenTestingKit.framework in Frameworks */,
				D8B464B11639A05200AD2034 /* UIKit.framework in Frameworks */,
				D8B464B21639A05200AD2034 /* Foundation.framework in Frameworks */,
			);
			runOnlyForDeploymentPostprocessing = 0;
		};
/* End PBXFrameworksBuildPhase section */

/* Begin PBXGroup section */
		D8B4647C1639A05200AD2034 = {
			isa = PBXGroup;
			children = (
				D8B464CE1639CDA800AD2034 /* Icon@2x.png */,
				D8B464CC1639CDA200AD2034 /* Icon.png */,
				D8B464CA1639CD9600AD2034 /* Default-568h@2x.png */,
				D8B464C81639CD8B00AD2034 /* Default@2x.png */,
				D8B464C61639CD8200AD2034 /* Default.png */,
				D8B464911639A05200AD2034 /* Technomancer Mobile */,
				D8B464B51639A05200AD2034 /* Technomancer MobileTests */,
				D8B4648A1639A05200AD2034 /* Frameworks */,
				D8B464881639A05200AD2034 /* Products */,
			);
			sourceTree = "<group>";
		};
		D8B464881639A05200AD2034 /* Products */ = {
			isa = PBXGroup;
			children = (
				D8B464871639A05200AD2034 /* testApp.app */,
				D8B464AE1639A05200AD2034 /* testAppTests.octest */,
			);
			name = Products;
			sourceTree = "<group>";
		};
		D8B4648A1639A05200AD2034 /* Frameworks */ = {
			isa = PBXGroup;
			children = (
				D8B4648B1639A05200AD2034 /* UIKit.framework */,
				D8B4648D1639A05200AD2034 /* Foundation.framework */,
				D8B4648F1639A05200AD2034 /* CoreGraphics.framework */,
				D8B464AF1639A05200AD2034 /* SenTestingKit.framework */,
			);
			name = Frameworks;
			sourceTree = "<group>";
		};
		D8B464911639A05200AD2034 /* Technomancer Mobile */ = {
			isa = PBXGroup;
			children = (
				D8B4649A1639A05200AD2034 /* AppDelegate.h */,
				D8B4649B1639A05200AD2034 /* AppDelegate.m */,
				D8B464A31639A05200AD2034 /* ViewController.h */,
				D8B464A41639A05200AD2034 /* ViewController.m */,
				D8B464A61639A05200AD2034 /* ViewController.xib */,
				D8B464921639A05200AD2034 /* Supporting Files */,
				D8B464DC1639DAFF00AD2034 /* tableViewController.h */,
				D8B464DD1639DAFF00AD2034 /* tableViewController.m */,
				D8B464DE1639DAFF00AD2034 /* tableViewController.xib */,
				D8B464E11639DDA300AD2034 /* detailedViewController.h */,
				D8B464E21639DDA300AD2034 /* detailedViewController.m */,
				D8B464E31639DDA300AD2034 /* detailedViewController.xib */,
				D8B464EF163A000500AD2034 /* tableCell.png */,
				D8902BC316437F4300FA6079 /* CustomTableCell.h */,
				D8902BC416437F4300FA6079 /* CustomTableCell.m */,
				D8902BC616437F8400FA6079 /* CustomCellView.xib */,
			);
			path = "Technomancer Mobile";
			sourceTree = "<group>";
		};
		D8B464921639A05200AD2034 /* Supporting Files */ = {
			isa = PBXGroup;
			children = (
				D8B464931639A05200AD2034 /* testApp-Info.plist */,
				D8B464941639A05200AD2034 /* InfoPlist.strings */,
				D8B464971639A05200AD2034 /* main.m */,
				D8B464991639A05200AD2034 /* mobile-Prefix.pch */,
				D8B4649D1639A05200AD2034 /* Default.png */,
				D8B4649F1639A05200AD2034 /* Default@2x.png */,
				D8B464A11639A05200AD2034 /* Default-568h@2x.png */,
			);
			name = "Supporting Files";
			sourceTree = "<group>";
		};
		D8B464B51639A05200AD2034 /* Technomancer MobileTests */ = {
			isa = PBXGroup;
			children = (
				D8B464BB1639A05200AD2034 /* Technomancer_MobileTests.h */,
				D8B464BC1639A05200AD2034 /* Technomancer_MobileTests.m */,
				D8B464B61639A05200AD2034 /* Supporting Files */,
			);
			path = "Technomancer MobileTests";
			sourceTree = "<group>";
		};
		D8B464B61639A05200AD2034 /* Supporting Files */ = {
			isa = PBXGroup;
			children = (
				D8B464B71639A05200AD2034 /* mobileTests-Info.plist */,
				D8B464B81639A05200AD2034 /* InfoPlist.strings */,
			);
			name = "Supporting Files";
			sourceTree = "<group>";
		};
/* End PBXGroup section */

/* Begin PBXNativeTarget section */
		D8B464861639A05200AD2034 /* testApp */ = {
			isa = PBXNativeTarget;
			buildConfigurationList = D8B464C01639A05200AD2034 /* Build configuration list for PBXNativeTarget "testApp" */;
			buildPhases = (
				D8B464831639A05200AD2034 /* Sources */,
				D8B464841639A05200AD2034 /* Frameworks */,
				D8B464851639A05200AD2034 /* Resources */,
			);
			buildRules = (
			);
			dependencies = (
			);
			name = testApp;
			productName = "Technomancer Mobile";
			productReference = D8B464871639A05200AD2034 /* testApp.app */;
			productType = "com.apple.product-type.application";
		};
		D8B464AD1639A05200AD2034 /* testAppTests */ = {
			isa = PBXNativeTarget;
			buildConfigurationList = D8B464C31639A05200AD2034 /* Build configuration list for PBXNativeTarget "testAppTests" */;
			buildPhases = (
				D8B464A91639A05200AD2034 /* Sources */,
				D8B464AA1639A05200AD2034 /* Frameworks */,
				D8B464AB1639A05200AD2034 /* Resources */,
				D8B464AC1639A05200AD2034 /* ShellScript */,
			);
			buildRules = (
			);
			dependencies = (
				D8B464B41639A05200AD2034 /* PBXTargetDependency */,
			);
			name = testAppTests;
			productName = "Technomancer MobileTests";
			productReference = D8B464AE1639A05200AD2034 /* testAppTests.octest */;
			productType = "com.apple.product-type.bundle";
		};
/* End PBXNativeTarget section */

/* Begin PBXProject section */
		D8B4647E1639A05200AD2034 /* Project object */ = {
			isa = PBXProject;
			attributes = {
				LastUpgradeCheck = 0450;
				ORGANIZATIONNAME = "Nathan Buth";
			};
			buildConfigurationList = D8B464811639A05200AD2034 /* Build configuration list for PBXProject "testApp" */;
			compatibilityVersion = "Xcode 3.2";
			developmentRegion = English;
			hasScannedForEncodings = 0;
			knownRegions = (
				en,
			);
			mainGroup = D8B4647C1639A05200AD2034;
			productRefGroup = D8B464881639A05200AD2034 /* Products */;
			projectDirPath = "";
			projectRoot = "";
			targets = (
				D8B464861639A05200AD2034 /* testApp */,
				D8B464AD1639A05200AD2034 /* testAppTests */,
			);
		};
/* End PBXProject section */

/* Begin PBXResourcesBuildPhase section */
		D8B464851639A05200AD2034 /* Resources */ = {
			isa = PBXResourcesBuildPhase;
			buildActionMask = 2147483647;
			files = (
				D8B464961639A05200AD2034 /* InfoPlist.strings in Resources */,
				D8B4649E1639A05200AD2034 /* Default.png in Resources */,
				D8B464A01639A05200AD2034 /* Default@2x.png in Resources */,
				D8B464A21639A05200AD2034 /* Default-568h@2x.png in Resources */,
				D8B464A81639A05200AD2034 /* ViewController.xib in Resources */,
				D8B464C71639CD8200AD2034 /* Default.png in Resources */,
				D8B464C91639CD8B00AD2034 /* Default@2x.png in Resources */,
				D8B464CB1639CD9600AD2034 /* Default-568h@2x.png in Resources */,
				D8B464CD1639CDA200AD2034 /* Icon.png in Resources */,
				D8B464CF1639CDA800AD2034 /* Icon@2x.png in Resources */,
				D8B464E01639DAFF00AD2034 /* tableViewController.xib in Resources */,
				D8B464E51639DDA300AD2034 /* detailedViewController.xib in Resources */,
				D8B464F0163A000500AD2034 /* tableCell.png in Resources */,
				D8902BC716437F8400FA6079 /* CustomCellView.xib in Resources */,
			);
			runOnlyForDeploymentPostprocessing = 0;
		};
		D8B464AB1639A05200AD2034 /* Resources */ = {
			isa = PBXResourcesBuildPhase;
			buildActionMask = 2147483647;
			files = (
				D8B464BA1639A05200AD2034 /* InfoPlist.strings in Resources */,
			);
			runOnlyForDeploymentPostprocessing = 0;
		};
/* End PBXResourcesBuildPhase section */

/* Begin PBXShellScriptBuildPhase section */
		D8B464AC1639A05200AD2034 /* ShellScript */ = {
			isa = PBXShellScriptBuildPhase;
			buildActionMask = 2147483647;
			files = (
			);
			inputPaths = (
			);
			outputPaths = (
			);
			runOnlyForDeploymentPostprocessing = 0;
			shellPath = /bin/sh;
			shellScript = "# Run the unit tests in this test bundle.\n\"${SYSTEM_DEVELOPER_DIR}/Tools/RunUnitTests\"\n";
		};
/* End PBXShellScriptBuildPhase section */

/* Begin PBXSourcesBuildPhase section */
		D8B464831639A05200AD2034 /* Sources */ = {
			isa = PBXSourcesBuildPhase;
			buildActionMask = 2147483647;
			files = (
				D8B464981639A05200AD2034 /* main.m in Sources */,
				D8B4649C1639A05200AD2034 /* AppDelegate.m in Sources */,
				D8B464A51639A05200AD2034 /* ViewController.m in Sources */,
				D8B464DF1639DAFF00AD2034 /* tableViewController.m in Sources */,
				D8B464E41639DDA300AD2034 /* detailedViewController.m in Sources */,
				D8902BC516437F4300FA6079 /* CustomTableCell.m in Sources */,
			);
			runOnlyForDeploymentPostprocessing = 0;
		};
		D8B464A91639A05200AD2034 /* Sources */ = {
			isa = PBXSourcesBuildPhase;
			buildActionMask = 2147483647;
			files = (
				D8B464BD1639A05200AD2034 /* Technomancer_MobileTests.m in Sources */,
			);
			runOnlyForDeploymentPostprocessing = 0;
		};
/* End PBXSourcesBuildPhase section */

/* Begin PBXTargetDependency section */
		D8B464B41639A05200AD2034 /* PBXTargetDependency */ = {
			isa = PBXTargetDependency;
			target = D8B464861639A05200AD2034 /* testApp */;
			targetProxy = D8B464B31639A05200AD2034 /* PBXContainerItemProxy */;
		};
/* End PBXTargetDependency section */

/* Begin PBXVariantGroup section */
		D8B464941639A05200AD2034 /* InfoPlist.strings */ = {
			isa = PBXVariantGroup;
			children = (
				D8B464951639A05200AD2034 /* en */,
			);
			name = InfoPlist.strings;
			sourceTree = "<group>";
		};
		D8B464A61639A05200AD2034 /* ViewController.xib */ = {
			isa = PBXVariantGroup;
			children = (
				D8B464A71639A05200AD2034 /* en */,
			);
			name = ViewController.xib;
			sourceTree = "<group>";
		};
		D8B464B81639A05200AD2034 /* InfoPlist.strings */ = {
			isa = PBXVariantGroup;
			children = (
				D8B464B91639A05200AD2034 /* en */,
			);
			name = InfoPlist.strings;
			sourceTree = "<group>";
		};
/* End PBXVariantGroup section */

/* Begin XCBuildConfiguration section */
		D8B464BE1639A05200AD2034 /* Debug */ = {
			isa = XCBuildConfiguration;
			buildSettings = {
				ALWAYS_SEARCH_USER_PATHS = NO;
				CLANG_CXX_LANGUAGE_STANDARD = "gnu++0x";
				CLANG_CXX_LIBRARY = "libc++";
				CLANG_WARN_EMPTY_BODY = YES;
				CLANG_WARN__DUPLICATE_METHOD_MATCH = YES;
				"CODE_SIGN_IDENTITY[sdk=iphoneos*]" = "iPhone Developer";
				COPY_PHASE_STRIP = NO;
				GCC_C_LANGUAGE_STANDARD = gnu99;
				GCC_DYNAMIC_NO_PIC = NO;
				GCC_OPTIMIZATION_LEVEL = 0;
				GCC_PREPROCESSOR_DEFINITIONS = (
					"DEBUG=1",
					"$(inherited)",
				);
				GCC_SYMBOLS_PRIVATE_EXTERN = NO;
				GCC_WARN_ABOUT_RETURN_TYPE = YES;
				GCC_WARN_UNINITIALIZED_AUTOS = YES;
				GCC_WARN_UNUSED_VARIABLE = YES;
				IPHONEOS_DEPLOYMENT_TARGET = 6.0;
				ONLY_ACTIVE_ARCH = YES;
				SDKROOT = iphoneos;
			};
			name = Debug;
		};
		D8B464BF1639A05200AD2034 /* Release */ = {
			isa = XCBuildConfiguration;
			buildSettings = {
				ALWAYS_SEARCH_USER_PATHS = NO;
				CLANG_CXX_LANGUAGE_STANDARD = "gnu++0x";
				CLANG_CXX_LIBRARY = "libc++";
				CLANG_WARN_EMPTY_BODY = YES;
				CLANG_WARN__DUPLICATE_METHOD_MATCH = YES;
				"CODE_SIGN_IDENTITY[sdk=iphoneos*]" = "iPhone Developer";
				COPY_PHASE_STRIP = YES;
				GCC_C_LANGUAGE_STANDARD = gnu99;
				GCC_WARN_ABOUT_RETURN_TYPE = YES;
				GCC_WARN_UNINITIALIZED_AUTOS = YES;
				GCC_WARN_UNUSED_VARIABLE = YES;
				IPHONEOS_DEPLOYMENT_TARGET = 6.0;
				OTHER_CFLAGS = "-DNS_BLOCK_ASSERTIONS=1";
				SDKROOT = iphoneos;
				VALIDATE_PRODUCT = YES;
			};
			name = Release;
		};
		D8B464C11639A05200AD2034 /* Debug */ = {
			isa = XCBuildConfiguration;
			buildSettings = {
				CODE_SIGN_IDENTITY = "iPhone Developer: FullSail University (6F3UW48DR6)";
				"CODE_SIGN_IDENTITY[sdk=iphoneos*]" = "iPhone Developer: FullSail University (6F3UW48DR6)";
				GCC_PRECOMPILE_PREFIX_HEADER = YES;
				GCC_PREFIX_HEADER = "Technomancer Mobile/testApp-Prefix.pch";
				INFOPLIST_FILE = "Technomancer Mobile/testApp-Info.plist";
				PRODUCT_NAME = testApp;
				PROVISIONING_PROFILE = "FBBA0A9D-E479-44D0-984D-A89D008C62EB";
				"PROVISIONING_PROFILE[sdk=iphoneos*]" = "FBBA0A9D-E479-44D0-984D-A89D008C62EB";
				WRAPPER_EXTENSION = app;
			};
			name = Debug;
		};
		D8B464C21639A05200AD2034 /* Release */ = {
			isa = XCBuildConfiguration;
			buildSettings = {
				CODE_SIGN_IDENTITY = "iPhone Developer: FullSail University (6F3UW48DR6)";
				"CODE_SIGN_IDENTITY[sdk=iphoneos*]" = "iPhone Developer: FullSail University (6F3UW48DR6)";
				GCC_PRECOMPILE_PREFIX_HEADER = YES;
				GCC_PREFIX_HEADER = "Technomancer Mobile/testApp-Prefix.pch";
				INFOPLIST_FILE = "Technomancer Mobile/testApp-Info.plist";
				PRODUCT_NAME = testApp;
				PROVISIONING_PROFILE = "FBBA0A9D-E479-44D0-984D-A89D008C62EB";
				"PROVISIONING_PROFILE[sdk=iphoneos*]" = "FBBA0A9D-E479-44D0-984D-A89D008C62EB";
				WRAPPER_EXTENSION = app;
			};
			name = Release;
		};
		D8B464C41639A05200AD2034 /* Debug */ = {
			isa = XCBuildConfiguration;
			buildSettings = {
				BUNDLE_LOADER = "$(BUILT_PRODUCTS_DIR)/Technomancer Mobile.app/Technomancer Mobile";
				FRAMEWORK_SEARCH_PATHS = (
					"\"$(SDKROOT)/Developer/Library/Frameworks\"",
					"\"$(DEVELOPER_LIBRARY_DIR)/Frameworks\"",
				);
				GCC_PRECOMPILE_PREFIX_HEADER = YES;
				GCC_PREFIX_HEADER = "Technomancer Mobile/Technomancer Mobile-Prefix.pch";
				INFOPLIST_FILE = "Technomancer MobileTests/mobileTests-Info.plist";
				PRODUCT_NAME = testAppTests;
				TEST_HOST = "$(BUNDLE_LOADER)";
				WRAPPER_EXTENSION = octest;
			};
			name = Debug;
		};
		D8B464C51639A05200AD2034 /* Release */ = {
			isa = XCBuildConfiguration;
			buildSettings = {
				BUNDLE_LOADER = "$(BUILT_PRODUCTS_DIR)/Technomancer Mobile.app/Technomancer Mobile";
				FRAMEWORK_SEARCH_PATHS = (
					"\"$(SDKROOT)/Developer/Library/Frameworks\"",
					"\"$(DEVELOPER_LIBRARY_DIR)/Frameworks\"",
				);
				GCC_PRECOMPILE_PREFIX_HEADER = YES;
				GCC_PREFIX_HEADER = "Technomancer Mobile/Technomancer Mobile-Prefix.pch";
				INFOPLIST_FILE = "Technomancer MobileTests/mobileTests-Info.plist";
				PRODUCT_NAME = testAppTests;
				TEST_HOST = "$(BUNDLE_LOADER)";
				WRAPPER_EXTENSION = octest;
			};
			name = Release;
		};
/* End XCBuildConfiguration section */

/* Begin XCConfigurationList section */
		D8B464811639A05200AD2034 /* Build configuration list for PBXProject "testApp" */ = {
			isa = XCConfigurationList;
			buildConfigurations = (
				D8B464BE1639A05200AD2034 /* Debug */,
				D8B464BF1639A05200AD2034 /* Release */,
			);
			defaultConfigurationIsVisible = 0;
			defaultConfigurationName = Release;
		};
		D8B464C01639A05200AD2034 /* Build configuration list for PBXNativeTarget "testApp" */ = {
			isa = XCConfigurationList;
			buildConfigurations = (
				D8B464C11639A05200AD2034 /* Debug */,
				D8B464C21639A05200AD2034 /* Release */,
			);
			defaultConfigurationIsVisible = 0;
			defaultConfigurationName = Release;
		};
		D8B464C31639A05200AD2034 /* Build configuration list for PBXNativeTarget "testAppTests" */ = {
			isa = XCConfigurationList;
			buildConfigurations = (
				D8B464C41639A05200AD2034 /* Debug */,
				D8B464C51639A05200AD2034 /* Release */,
			);
			defaultConfigurationIsVisible = 0;
			defaultConfigurationName = Release;
		};
/* End XCConfigurationList section */
	};
	rootObject = D8B4647E1639A05200AD2034 /* Project object */;
}
