// !$*UTF8*$!
{
	archiveVersion = 1;
	classes = {
	};
	objectVersion = 46;
	objects = {

/* Begin PBXBuildFile section */
		D851A57815DD7DDF00A055CA /* UIKit.framework in Frameworks */ = {isa = PBXBuildFile; fileRef = D851A57715DD7DDF00A055CA /* UIKit.framework */; };
		D851A57A15DD7DDF00A055CA /* Foundation.framework in Frameworks */ = {isa = PBXBuildFile; fileRef = D851A57915DD7DDF00A055CA /* Foundation.framework */; };
		D851A57C15DD7DDF00A055CA /* CoreGraphics.framework in Frameworks */ = {isa = PBXBuildFile; fileRef = D851A57B15DD7DDF00A055CA /* CoreGraphics.framework */; };
		D851A58215DD7DDF00A055CA /* InfoPlist.strings in Resources */ = {isa = PBXBuildFile; fileRef = D851A58015DD7DDF00A055CA /* InfoPlist.strings */; };
		D851A58415DD7DDF00A055CA /* main.m in Sources */ = {isa = PBXBuildFile; fileRef = D851A58315DD7DDF00A055CA /* main.m */; };
		D851A58815DD7DDF00A055CA /* AppDelegate.m in Sources */ = {isa = PBXBuildFile; fileRef = D851A58715DD7DDF00A055CA /* AppDelegate.m */; };
		D851A58B15DD7DDF00A055CA /* ViewController.m in Sources */ = {isa = PBXBuildFile; fileRef = D851A58A15DD7DDF00A055CA /* ViewController.m */; };
		D851A58E15DD7DDF00A055CA /* ViewController_iPhone.xib in Resources */ = {isa = PBXBuildFile; fileRef = D851A58C15DD7DDF00A055CA /* ViewController_iPhone.xib */; };
		D851A59115DD7DDF00A055CA /* ViewController_iPad.xib in Resources */ = {isa = PBXBuildFile; fileRef = D851A58F15DD7DDF00A055CA /* ViewController_iPad.xib */; };
		D851A59915DD7DDF00A055CA /* SenTestingKit.framework in Frameworks */ = {isa = PBXBuildFile; fileRef = D851A59815DD7DDF00A055CA /* SenTestingKit.framework */; };
		D851A59A15DD7DDF00A055CA /* UIKit.framework in Frameworks */ = {isa = PBXBuildFile; fileRef = D851A57715DD7DDF00A055CA /* UIKit.framework */; };
		D851A59B15DD7DDF00A055CA /* Foundation.framework in Frameworks */ = {isa = PBXBuildFile; fileRef = D851A57915DD7DDF00A055CA /* Foundation.framework */; };
		D851A5A315DD7DDF00A055CA /* InfoPlist.strings in Resources */ = {isa = PBXBuildFile; fileRef = D851A5A115DD7DDF00A055CA /* InfoPlist.strings */; };
		D851A5A615DD7DDF00A055CA /* testAppTests.m in Sources */ = {isa = PBXBuildFile; fileRef = D851A5A515DD7DDF00A055CA /* testAppTests.m */; };
/* End PBXBuildFile section */

/* Begin PBXContainerItemProxy section */
		D851A59C15DD7DDF00A055CA /* PBXContainerItemProxy */ = {
			isa = PBXContainerItemProxy;
			containerPortal = D851A56A15DD7DDF00A055CA /* Project object */;
			proxyType = 1;
			remoteGlobalIDString = D851A57215DD7DDF00A055CA;
			remoteInfo = testApp;
		};
/* End PBXContainerItemProxy section */

/* Begin PBXFileReference section */
		D851A57315DD7DDF00A055CA /* testApp.app */ = {isa = PBXFileReference; explicitFileType = wrapper.application; includeInIndex = 0; path = testApp.app; sourceTree = BUILT_PRODUCTS_DIR; };
		D851A57715DD7DDF00A055CA /* UIKit.framework */ = {isa = PBXFileReference; lastKnownFileType = wrapper.framework; name = UIKit.framework; path = System/Library/Frameworks/UIKit.framework; sourceTree = SDKROOT; };
		D851A57915DD7DDF00A055CA /* Foundation.framework */ = {isa = PBXFileReference; lastKnownFileType = wrapper.framework; name = Foundation.framework; path = System/Library/Frameworks/Foundation.framework; sourceTree = SDKROOT; };
		D851A57B15DD7DDF00A055CA /* CoreGraphics.framework */ = {isa = PBXFileReference; lastKnownFileType = wrapper.framework; name = CoreGraphics.framework; path = System/Library/Frameworks/CoreGraphics.framework; sourceTree = SDKROOT; };
		D851A57F15DD7DDF00A055CA /* testApp-Info.plist */ = {isa = PBXFileReference; lastKnownFileType = text.plist.xml; path = "testApp-Info.plist"; sourceTree = "<group>"; };
		D851A58115DD7DDF00A055CA /* en */ = {isa = PBXFileReference; lastKnownFileType = text.plist.strings; name = en; path = en.lproj/InfoPlist.strings; sourceTree = "<group>"; };
		D851A58315DD7DDF00A055CA /* main.m */ = {isa = PBXFileReference; lastKnownFileType = sourcecode.c.objc; path = main.m; sourceTree = "<group>"; };
		D851A58515DD7DDF00A055CA /* testApp-Prefix.pch */ = {isa = PBXFileReference; lastKnownFileType = sourcecode.c.h; path = "testApp-Prefix.pch"; sourceTree = "<group>"; };
		D851A58615DD7DDF00A055CA /* AppDelegate.h */ = {isa = PBXFileReference; lastKnownFileType = sourcecode.c.h; path = AppDelegate.h; sourceTree = "<group>"; };
		D851A58715DD7DDF00A055CA /* AppDelegate.m */ = {isa = PBXFileReference; lastKnownFileType = sourcecode.c.objc; path = AppDelegate.m; sourceTree = "<group>"; };
		D851A58915DD7DDF00A055CA /* ViewController.h */ = {isa = PBXFileReference; lastKnownFileType = sourcecode.c.h; path = ViewController.h; sourceTree = "<group>"; };
		D851A58A15DD7DDF00A055CA /* ViewController.m */ = {isa = PBXFileReference; lastKnownFileType = sourcecode.c.objc; path = ViewController.m; sourceTree = "<group>"; };
		D851A58D15DD7DDF00A055CA /* en */ = {isa = PBXFileReference; lastKnownFileType = file.xib; name = en; path = en.lproj/ViewController_iPhone.xib; sourceTree = "<group>"; };
		D851A59015DD7DDF00A055CA /* en */ = {isa = PBXFileReference; lastKnownFileType = file.xib; name = en; path = en.lproj/ViewController_iPad.xib; sourceTree = "<group>"; };
		D851A59715DD7DDF00A055CA /* testAppTests.octest */ = {isa = PBXFileReference; explicitFileType = wrapper.cfbundle; includeInIndex = 0; path = testAppTests.octest; sourceTree = BUILT_PRODUCTS_DIR; };
		D851A59815DD7DDF00A055CA /* SenTestingKit.framework */ = {isa = PBXFileReference; lastKnownFileType = wrapper.framework; name = SenTestingKit.framework; path = Library/Frameworks/SenTestingKit.framework; sourceTree = DEVELOPER_DIR; };
		D851A5A015DD7DDF00A055CA /* testAppTests-Info.plist */ = {isa = PBXFileReference; lastKnownFileType = text.plist.xml; path = "testAppTests-Info.plist"; sourceTree = "<group>"; };
		D851A5A215DD7DDF00A055CA /* en */ = {isa = PBXFileReference; lastKnownFileType = text.plist.strings; name = en; path = en.lproj/InfoPlist.strings; sourceTree = "<group>"; };
		D851A5A415DD7DDF00A055CA /* testAppTests.h */ = {isa = PBXFileReference; lastKnownFileType = sourcecode.c.h; path = testAppTests.h; sourceTree = "<group>"; };
		D851A5A515DD7DDF00A055CA /* testAppTests.m */ = {isa = PBXFileReference; lastKnownFileType = sourcecode.c.objc; path = testAppTests.m; sourceTree = "<group>"; };
/* End PBXFileReference section */

/* Begin PBXFrameworksBuildPhase section */
		D851A57015DD7DDF00A055CA /* Frameworks */ = {
			isa = PBXFrameworksBuildPhase;
			buildActionMask = 2147483647;
			files = (
				D851A57815DD7DDF00A055CA /* UIKit.framework in Frameworks */,
				D851A57A15DD7DDF00A055CA /* Foundation.framework in Frameworks */,
				D851A57C15DD7DDF00A055CA /* CoreGraphics.framework in Frameworks */,
			);
			runOnlyForDeploymentPostprocessing = 0;
		};
		D851A59315DD7DDF00A055CA /* Frameworks */ = {
			isa = PBXFrameworksBuildPhase;
			buildActionMask = 2147483647;
			files = (
				D851A59915DD7DDF00A055CA /* SenTestingKit.framework in Frameworks */,
				D851A59A15DD7DDF00A055CA /* UIKit.framework in Frameworks */,
				D851A59B15DD7DDF00A055CA /* Foundation.framework in Frameworks */,
			);
			runOnlyForDeploymentPostprocessing = 0;
		};
/* End PBXFrameworksBuildPhase section */

/* Begin PBXGroup section */
		D851A56815DD7DDF00A055CA = {
			isa = PBXGroup;
			children = (
				D851A57D15DD7DDF00A055CA /* testApp */,
				D851A59E15DD7DDF00A055CA /* testAppTests */,
				D851A57615DD7DDF00A055CA /* Frameworks */,
				D851A57415DD7DDF00A055CA /* Products */,
			);
			sourceTree = "<group>";
		};
		D851A57415DD7DDF00A055CA /* Products */ = {
			isa = PBXGroup;
			children = (
				D851A57315DD7DDF00A055CA /* testApp.app */,
				D851A59715DD7DDF00A055CA /* testAppTests.octest */,
			);
			name = Products;
			sourceTree = "<group>";
		};
		D851A57615DD7DDF00A055CA /* Frameworks */ = {
			isa = PBXGroup;
			children = (
				D851A57715DD7DDF00A055CA /* UIKit.framework */,
				D851A57915DD7DDF00A055CA /* Foundation.framework */,
				D851A57B15DD7DDF00A055CA /* CoreGraphics.framework */,
				D851A59815DD7DDF00A055CA /* SenTestingKit.framework */,
			);
			name = Frameworks;
			sourceTree = "<group>";
		};
		D851A57D15DD7DDF00A055CA /* testApp */ = {
			isa = PBXGroup;
			children = (
				D851A58615DD7DDF00A055CA /* AppDelegate.h */,
				D851A58715DD7DDF00A055CA /* AppDelegate.m */,
				D851A58915DD7DDF00A055CA /* ViewController.h */,
				D851A58A15DD7DDF00A055CA /* ViewController.m */,
				D851A58C15DD7DDF00A055CA /* ViewController_iPhone.xib */,
				D851A58F15DD7DDF00A055CA /* ViewController_iPad.xib */,
				D851A57E15DD7DDF00A055CA /* Supporting Files */,
			);
			path = testApp;
			sourceTree = "<group>";
		};
		D851A57E15DD7DDF00A055CA /* Supporting Files */ = {
			isa = PBXGroup;
			children = (
				D851A57F15DD7DDF00A055CA /* testApp-Info.plist */,
				D851A58015DD7DDF00A055CA /* InfoPlist.strings */,
				D851A58315DD7DDF00A055CA /* main.m */,
				D851A58515DD7DDF00A055CA /* testApp-Prefix.pch */,
			);
			name = "Supporting Files";
			sourceTree = "<group>";
		};
		D851A59E15DD7DDF00A055CA /* testAppTests */ = {
			isa = PBXGroup;
			children = (
				D851A5A415DD7DDF00A055CA /* testAppTests.h */,
				D851A5A515DD7DDF00A055CA /* testAppTests.m */,
				D851A59F15DD7DDF00A055CA /* Supporting Files */,
			);
			path = testAppTests;
			sourceTree = "<group>";
		};
		D851A59F15DD7DDF00A055CA /* Supporting Files */ = {
			isa = PBXGroup;
			children = (
				D851A5A015DD7DDF00A055CA /* testAppTests-Info.plist */,
				D851A5A115DD7DDF00A055CA /* InfoPlist.strings */,
			);
			name = "Supporting Files";
			sourceTree = "<group>";
		};
/* End PBXGroup section */

/* Begin PBXNativeTarget section */
		D851A57215DD7DDF00A055CA /* testApp */ = {
			isa = PBXNativeTarget;
			buildConfigurationList = D851A5A915DD7DDF00A055CA /* Build configuration list for PBXNativeTarget "testApp" */;
			buildPhases = (
				D851A56F15DD7DDF00A055CA /* Sources */,
				D851A57015DD7DDF00A055CA /* Frameworks */,
				D851A57115DD7DDF00A055CA /* Resources */,
			);
			buildRules = (
			);
			dependencies = (
			);
			name = testApp;
			productName = testApp;
			productReference = D851A57315DD7DDF00A055CA /* testApp.app */;
			productType = "com.apple.product-type.application";
		};
		D851A59615DD7DDF00A055CA /* testAppTests */ = {
			isa = PBXNativeTarget;
			buildConfigurationList = D851A5AC15DD7DDF00A055CA /* Build configuration list for PBXNativeTarget "testAppTests" */;
			buildPhases = (
				D851A59215DD7DDF00A055CA /* Sources */,
				D851A59315DD7DDF00A055CA /* Frameworks */,
				D851A59415DD7DDF00A055CA /* Resources */,
				D851A59515DD7DDF00A055CA /* ShellScript */,
			);
			buildRules = (
			);
			dependencies = (
				D851A59D15DD7DDF00A055CA /* PBXTargetDependency */,
			);
			name = testAppTests;
			productName = testAppTests;
			productReference = D851A59715DD7DDF00A055CA /* testAppTests.octest */;
			productType = "com.apple.product-type.bundle";
		};
/* End PBXNativeTarget section */

/* Begin PBXProject section */
		D851A56A15DD7DDF00A055CA /* Project object */ = {
			isa = PBXProject;
			attributes = {
				LastUpgradeCheck = 0440;
				ORGANIZATIONNAME = "Nathan Buth";
			};
			buildConfigurationList = D851A56D15DD7DDF00A055CA /* Build configuration list for PBXProject "testApp" */;
			compatibilityVersion = "Xcode 3.2";
			developmentRegion = English;
			hasScannedForEncodings = 0;
			knownRegions = (
				en,
			);
			mainGroup = D851A56815DD7DDF00A055CA;
			productRefGroup = D851A57415DD7DDF00A055CA /* Products */;
			projectDirPath = "";
			projectRoot = "";
			targets = (
				D851A57215DD7DDF00A055CA /* testApp */,
				D851A59615DD7DDF00A055CA /* testAppTests */,
			);
		};
/* End PBXProject section */

/* Begin PBXResourcesBuildPhase section */
		D851A57115DD7DDF00A055CA /* Resources */ = {
			isa = PBXResourcesBuildPhase;
			buildActionMask = 2147483647;
			files = (
				D851A58215DD7DDF00A055CA /* InfoPlist.strings in Resources */,
				D851A58E15DD7DDF00A055CA /* ViewController_iPhone.xib in Resources */,
				D851A59115DD7DDF00A055CA /* ViewController_iPad.xib in Resources */,
			);
			runOnlyForDeploymentPostprocessing = 0;
		};
		D851A59415DD7DDF00A055CA /* Resources */ = {
			isa = PBXResourcesBuildPhase;
			buildActionMask = 2147483647;
			files = (
				D851A5A315DD7DDF00A055CA /* InfoPlist.strings in Resources */,
			);
			runOnlyForDeploymentPostprocessing = 0;
		};
/* End PBXResourcesBuildPhase section */

/* Begin PBXShellScriptBuildPhase section */
		D851A59515DD7DDF00A055CA /* ShellScript */ = {
			isa = PBXShellScriptBuildPhase;
			buildActionMask = 2147483647;
			files = (
			);
			inputPaths = (
			);
			outputPaths = (
			);
			runOnlyForDeploymentPostprocessing = 0;
			shellPath = /bin/sh;
			shellScript = "# Run the unit tests in this test bundle.\n\"${SYSTEM_DEVELOPER_DIR}/Tools/RunUnitTests\"\n";
		};
/* End PBXShellScriptBuildPhase section */

/* Begin PBXSourcesBuildPhase section */
		D851A56F15DD7DDF00A055CA /* Sources */ = {
			isa = PBXSourcesBuildPhase;
			buildActionMask = 2147483647;
			files = (
				D851A58415DD7DDF00A055CA /* main.m in Sources */,
				D851A58815DD7DDF00A055CA /* AppDelegate.m in Sources */,
				D851A58B15DD7DDF00A055CA /* ViewController.m in Sources */,
			);
			runOnlyForDeploymentPostprocessing = 0;
		};
		D851A59215DD7DDF00A055CA /* Sources */ = {
			isa = PBXSourcesBuildPhase;
			buildActionMask = 2147483647;
			files = (
				D851A5A615DD7DDF00A055CA /* testAppTests.m in Sources */,
			);
			runOnlyForDeploymentPostprocessing = 0;
		};
/* End PBXSourcesBuildPhase section */

/* Begin PBXTargetDependency section */
		D851A59D15DD7DDF00A055CA /* PBXTargetDependency */ = {
			isa = PBXTargetDependency;
			target = D851A57215DD7DDF00A055CA /* testApp */;
			targetProxy = D851A59C15DD7DDF00A055CA /* PBXContainerItemProxy */;
		};
/* End PBXTargetDependency section */

/* Begin PBXVariantGroup section */
		D851A58015DD7DDF00A055CA /* InfoPlist.strings */ = {
			isa = PBXVariantGroup;
			children = (
				D851A58115DD7DDF00A055CA /* en */,
			);
			name = InfoPlist.strings;
			sourceTree = "<group>";
		};
		D851A58C15DD7DDF00A055CA /* ViewController_iPhone.xib */ = {
			isa = PBXVariantGroup;
			children = (
				D851A58D15DD7DDF00A055CA /* en */,
			);
			name = ViewController_iPhone.xib;
			sourceTree = "<group>";
		};
		D851A58F15DD7DDF00A055CA /* ViewController_iPad.xib */ = {
			isa = PBXVariantGroup;
			children = (
				D851A59015DD7DDF00A055CA /* en */,
			);
			name = ViewController_iPad.xib;
			sourceTree = "<group>";
		};
		D851A5A115DD7DDF00A055CA /* InfoPlist.strings */ = {
			isa = PBXVariantGroup;
			children = (
				D851A5A215DD7DDF00A055CA /* en */,
			);
			name = InfoPlist.strings;
			sourceTree = "<group>";
		};
/* End PBXVariantGroup section */

/* Begin XCBuildConfiguration section */
		D851A5A715DD7DDF00A055CA /* Debug */ = {
			isa = XCBuildConfiguration;
			buildSettings = {
				ALWAYS_SEARCH_USER_PATHS = NO;
				ARCHS = "$(ARCHS_STANDARD_32_BIT)";
				CLANG_CXX_LANGUAGE_STANDARD = "gnu++0x";
				CLANG_WARN__DUPLICATE_METHOD_MATCH = YES;
				"CODE_SIGN_IDENTITY[sdk=iphoneos*]" = "iPhone Developer";
				COPY_PHASE_STRIP = NO;
				GCC_C_LANGUAGE_STANDARD = gnu99;
				GCC_DYNAMIC_NO_PIC = NO;
				GCC_OPTIMIZATION_LEVEL = 0;
				GCC_PREPROCESSOR_DEFINITIONS = (
					"DEBUG=1",
					"$(inherited)",
				);
				GCC_SYMBOLS_PRIVATE_EXTERN = NO;
				GCC_VERSION = com.apple.compilers.llvm.clang.1_0;
				GCC_WARN_ABOUT_RETURN_TYPE = YES;
				GCC_WARN_UNINITIALIZED_AUTOS = YES;
				GCC_WARN_UNUSED_VARIABLE = YES;
				IPHONEOS_DEPLOYMENT_TARGET = 5.1;
				SDKROOT = iphoneos;
				TARGETED_DEVICE_FAMILY = "1,2";
			};
			name = Debug;
		};
		D851A5A815DD7DDF00A055CA /* Release */ = {
			isa = XCBuildConfiguration;
			buildSettings = {
				ALWAYS_SEARCH_USER_PATHS = NO;
				ARCHS = "$(ARCHS_STANDARD_32_BIT)";
				CLANG_CXX_LANGUAGE_STANDARD = "gnu++0x";
				CLANG_WARN__DUPLICATE_METHOD_MATCH = YES;
				"CODE_SIGN_IDENTITY[sdk=iphoneos*]" = "iPhone Developer";
				COPY_PHASE_STRIP = YES;
				GCC_C_LANGUAGE_STANDARD = gnu99;
				GCC_VERSION = com.apple.compilers.llvm.clang.1_0;
				GCC_WARN_ABOUT_RETURN_TYPE = YES;
				GCC_WARN_UNINITIALIZED_AUTOS = YES;
				GCC_WARN_UNUSED_VARIABLE = YES;
				IPHONEOS_DEPLOYMENT_TARGET = 5.1;
				OTHER_CFLAGS = "-DNS_BLOCK_ASSERTIONS=1";
				SDKROOT = iphoneos;
				TARGETED_DEVICE_FAMILY = "1,2";
				VALIDATE_PRODUCT = YES;
			};
			name = Release;
		};
		D851A5AA15DD7DDF00A055CA /* Debug */ = {
			isa = XCBuildConfiguration;
			buildSettings = {
				GCC_PRECOMPILE_PREFIX_HEADER = YES;
				GCC_PREFIX_HEADER = "testApp/testApp-Prefix.pch";
				INFOPLIST_FILE = "testApp/testApp-Info.plist";
				PRODUCT_NAME = "$(TARGET_NAME)";
				WRAPPER_EXTENSION = app;
			};
			name = Debug;
		};
		D851A5AB15DD7DDF00A055CA /* Release */ = {
			isa = XCBuildConfiguration;
			buildSettings = {
				GCC_PRECOMPILE_PREFIX_HEADER = YES;
				GCC_PREFIX_HEADER = "testApp/testApp-Prefix.pch";
				INFOPLIST_FILE = "testApp/testApp-Info.plist";
				PRODUCT_NAME = "$(TARGET_NAME)";
				WRAPPER_EXTENSION = app;
			};
			name = Release;
		};
		D851A5AD15DD7DDF00A055CA /* Debug */ = {
			isa = XCBuildConfiguration;
			buildSettings = {
				BUNDLE_LOADER = "$(BUILT_PRODUCTS_DIR)/testApp.app/testApp";
				FRAMEWORK_SEARCH_PATHS = (
					"\"$(SDKROOT)/Developer/Library/Frameworks\"",
					"\"$(DEVELOPER_LIBRARY_DIR)/Frameworks\"",
				);
				GCC_PRECOMPILE_PREFIX_HEADER = YES;
				GCC_PREFIX_HEADER = "testApp/testApp-Prefix.pch";
				INFOPLIST_FILE = "testAppTests/testAppTests-Info.plist";
				PRODUCT_NAME = "$(TARGET_NAME)";
				TEST_HOST = "$(BUNDLE_LOADER)";
				WRAPPER_EXTENSION = octest;
			};
			name = Debug;
		};
		D851A5AE15DD7DDF00A055CA /* Release */ = {
			isa = XCBuildConfiguration;
			buildSettings = {
				BUNDLE_LOADER = "$(BUILT_PRODUCTS_DIR)/testApp.app/testApp";
				FRAMEWORK_SEARCH_PATHS = (
					"\"$(SDKROOT)/Developer/Library/Frameworks\"",
					"\"$(DEVELOPER_LIBRARY_DIR)/Frameworks\"",
				);
				GCC_PRECOMPILE_PREFIX_HEADER = YES;
				GCC_PREFIX_HEADER = "testApp/testApp-Prefix.pch";
				INFOPLIST_FILE = "testAppTests/testAppTests-Info.plist";
				PRODUCT_NAME = "$(TARGET_NAME)";
				TEST_HOST = "$(BUNDLE_LOADER)";
				WRAPPER_EXTENSION = octest;
			};
			name = Release;
		};
/* End XCBuildConfiguration section */

/* Begin XCConfigurationList section */
		D851A56D15DD7DDF00A055CA /* Build configuration list for PBXProject "testApp" */ = {
			isa = XCConfigurationList;
			buildConfigurations = (
				D851A5A715DD7DDF00A055CA /* Debug */,
				D851A5A815DD7DDF00A055CA /* Release */,
			);
			defaultConfigurationIsVisible = 0;
			defaultConfigurationName = Release;
		};
		D851A5A915DD7DDF00A055CA /* Build configuration list for PBXNativeTarget "testApp" */ = {
			isa = XCConfigurationList;
			buildConfigurations = (
				D851A5AA15DD7DDF00A055CA /* Debug */,
				D851A5AB15DD7DDF00A055CA /* Release */,
			);
			defaultConfigurationIsVisible = 0;
		};
		D851A5AC15DD7DDF00A055CA /* Build configuration list for PBXNativeTarget "testAppTests" */ = {
			isa = XCConfigurationList;
			buildConfigurations = (
				D851A5AD15DD7DDF00A055CA /* Debug */,
				D851A5AE15DD7DDF00A055CA /* Release */,
			);
			defaultConfigurationIsVisible = 0;
		};
/* End XCConfigurationList section */
	};
	rootObject = D851A56A15DD7DDF00A055CA /* Project object */;
}
